
Microsoft Visual Studio Solution File, Format Version 12.00
# Visual Studio Version 16
VisualStudioVersion = 16.0.28803.202
MinimumVisualStudioVersion = 10.0.40219.1
Project("{FAE04EC0-301F-11D3-BF4B-00C04F79EFBC}") = "ProtonVPN.Service", "src\ProtonVPN.Service\ProtonVPN.Service.csproj", "{25781B52-5858-4387-80A5-C9C38C32B3CC}"
	ProjectSection(ProjectDependencies) = postProject
		{CA44B51D-7645-413A-818F-2C5B57DB67DD} = {CA44B51D-7645-413A-818F-2C5B57DB67DD}
		{96C5D688-C0F1-4A63-9E26-E485FD0E1365} = {96C5D688-C0F1-4A63-9E26-E485FD0E1365}
	EndProjectSection
EndProject
Project("{FAE04EC0-301F-11D3-BF4B-00C04F79EFBC}") = "ProtonVPN.App", "src\ProtonVPN.App\ProtonVPN.App.csproj", "{0CDCA012-BB2D-49B3-944E-CE80D75D651A}"
	ProjectSection(ProjectDependencies) = postProject
		{96C5D688-C0F1-4A63-9E26-E485FD0E1365} = {96C5D688-C0F1-4A63-9E26-E485FD0E1365}
		{E09BBDAB-A96F-49D8-8287-BEE4E9D78733} = {E09BBDAB-A96F-49D8-8287-BEE4E9D78733}
	EndProjectSection
EndProject
Project("{FAE04EC0-301F-11D3-BF4B-00C04F79EFBC}") = "ProtonVPN.Service.Contract", "src\ProtonVPN.Service.Contract\ProtonVPN.Service.Contract.csproj", "{96C5D688-C0F1-4A63-9E26-E485FD0E1365}"
	ProjectSection(ProjectDependencies) = postProject
		{03B8E43C-5680-4803-A745-0A104FE6620C} = {03B8E43C-5680-4803-A745-0A104FE6620C}
	EndProjectSection
EndProject
Project("{FAE04EC0-301F-11D3-BF4B-00C04F79EFBC}") = "ProtonVPN.Core", "src\ProtonVPN.Core\ProtonVPN.Core.csproj", "{CA44B51D-7645-413A-818F-2C5B57DB67DD}"
EndProject
Project("{2150E333-8FDC-42A3-9474-1A3956D46DE8}") = "Test", "Test", "{A592E157-F76B-49CE-A5A4-EF130CDD757F}"
EndProject
Project("{FAE04EC0-301F-11D3-BF4B-00C04F79EFBC}") = "ProtonVPN.Core.Test", "test\ProtonVPN.Core.Test\ProtonVPN.Core.Test.csproj", "{FA0D86B4-2B86-4DFE-B7E6-7C809DB74A13}"
EndProject
Project("{FAE04EC0-301F-11D3-BF4B-00C04F79EFBC}") = "ProtonVPN.App.Test", "test\ProtonVPN.App.Test\ProtonVPN.App.Test.csproj", "{7F48FD5C-A4C6-496A-B68E-265237C22330}"
EndProject
Project("{FAE04EC0-301F-11D3-BF4B-00C04F79EFBC}") = "ProtonVPN.TapInstaller", "src\ProtonVPN.TapInstaller\ProtonVPN.TapInstaller.csproj", "{5F6696BC-A37D-4726-82AE-95EF42C307FC}"
EndProject
Project("{FAE04EC0-301F-11D3-BF4B-00C04F79EFBC}") = "ProtonVPN.Vpn", "src\ProtonVPN.Vpn\ProtonVPN.Vpn.csproj", "{4AA7CE6F-7154-49C1-B598-46055D590CAD}"
EndProject
Project("{FAE04EC0-301F-11D3-BF4B-00C04F79EFBC}") = "ProtonVPN.Update", "src\ProtonVPN.Update\ProtonVPN.Update.csproj", "{90FDF2B3-25C9-428D-B264-5A5FAEB2D988}"
EndProject
Project("{FAE04EC0-301F-11D3-BF4B-00C04F79EFBC}") = "ProtonVPN.Update.Test", "test\ProtonVPN.Update.Test\ProtonVPN.Update.Test.csproj", "{7D658974-C38C-421F-8186-B735F06CFC58}"
EndProject
Project("{FAE04EC0-301F-11D3-BF4B-00C04F79EFBC}") = "ProtonVPN.Common", "src\ProtonVPN.Common\ProtonVPN.Common.csproj", "{03B8E43C-5680-4803-A745-0A104FE6620C}"
EndProject
Project("{FAE04EC0-301F-11D3-BF4B-00C04F79EFBC}") = "ProtonVPN.ErrorMessage", "src\ProtonVPN.ErrorMessage\ProtonVPN.ErrorMessage.csproj", "{E09BBDAB-A96F-49D8-8287-BEE4E9D78733}"
EndProject
Project("{FAE04EC0-301F-11D3-BF4B-00C04F79EFBC}") = "ProtonVPN.Resource", "src\ProtonVPN.Resources\ProtonVPN.Resource.csproj", "{45A0EA81-D37E-4D7F-8CE1-CE6B6A95A9ED}"
EndProject
Project("{FAE04EC0-301F-11D3-BF4B-00C04F79EFBC}") = "ProtonVPN.Common.Test", "test\ProtonVPN.Common.Test\ProtonVPN.Common.Test.csproj", "{5F2931B6-9A77-4F94-80CD-BC9B9A0C64BF}"
EndProject
Project("{2150E333-8FDC-42A3-9474-1A3956D46DE8}") = "Solution Items", "Solution Items", "{DAD0837D-1F65-47C7-8FA6-D6D34D979418}"
	ProjectSection(SolutionItems) = preProject
		BUILD.md = BUILD.md
		CONTRIBUTING.md = CONTRIBUTING.md
		COPYING.md = COPYING.md
		LICENSE = LICENSE
		README.md = README.md
	EndProjectSection
EndProject
Project("{FAE04EC0-301F-11D3-BF4B-00C04F79EFBC}") = "ProtonVPN.Service.Test", "test\ProtonVPN.Service.Test\ProtonVPN.Service.Test.csproj", "{4290C007-2142-4AD1-8EB6-F80EF2F45AA4}"
EndProject
Project("{FAE04EC0-301F-11D3-BF4B-00C04F79EFBC}") = "ProtonVPN.Vpn.Test", "test\ProtonVPN.Vpn.Test\ProtonVPN.Vpn.Test.csproj", "{A16637C2-2D91-4953-AE04-D91EC188DD7B}"
EndProject
Project("{FAE04EC0-301F-11D3-BF4B-00C04F79EFBC}") = "ProtonVPN.Test.Common", "test\ProtonVPN.Test.Common\ProtonVPN.Test.Common.csproj", "{A0DA4200-6643-4F2C-8450-65B8CE8A5576}"
EndProject
Project("{FAE04EC0-301F-11D3-BF4B-00C04F79EFBC}") = "ProtonVPN.Service.Contract.Test", "test\ProtonVPN.Service.Contract.Test\ProtonVPN.Service.Contract.Test.csproj", "{C4E97B08-345A-423B-BD4C-76593D1401B6}"
EndProject
Project("{8BC9CEB8-8B4A-11D0-8D11-00A0C91BC942}") = "ProtonVPN.NetworkUtil", "src\ProtonVPN.NetworkUtil\ProtonVPN.NetworkUtil.vcxproj", "{912374C4-7A74-4313-8956-1B32383918C8}"
EndProject
Project("{FAE04EC0-301F-11D3-BF4B-00C04F79EFBC}") = "ProtonVPN.Native", "src\ProtonVPN.Native\ProtonVPN.Native.csproj", "{CB301B4C-D518-41F5-873B-9B1F145DB4AF}"
EndProject
Project("{8BC9CEB8-8B4A-11D0-8D11-00A0C91BC942}") = "ProtonVPN.InstallActions", "src\ProtonVPN.InstallActions\ProtonVPN.InstallActions.vcxproj", "{BBCBB464-BDCB-49CD-830F-965D07CE1446}"
EndProject
Project("{8BC9CEB8-8B4A-11D0-8D11-00A0C91BC942}") = "ProtonVPN.SplitTunnelDriver", "src\ProtonVPN.SplitTunnelDriver\ProtonVPN.SplitTunnelDriver.vcxproj", "{85E3F2D0-84AA-4DD2-B23A-B41D779A5FA9}"
EndProject
Project("{FAE04EC0-301F-11D3-BF4B-00C04F79EFBC}") = "ProtonVPN.NetworkFilter", "src\ProtonVPN.NetworkFilter\ProtonVPN.NetworkFilter.csproj", "{1CF1B8BF-57EB-4E49-B644-0A8F2DFEEB58}"
EndProject
Project("{8BC9CEB8-8B4A-11D0-8D11-00A0C91BC942}") = "ProtonVPN.IpFilter", "src\ProtonVPN.IpFilter\ProtonVPN.IpFilter.vcxproj", "{22381B63-9BA0-4DF8-BDB1-EC4AE1B7470D}"
EndProject
Project("{FAE04EC0-301F-11D3-BF4B-00C04F79EFBC}") = "ProtonVPN.UpdateService", "src\ProtonVPN.UpdateService\ProtonVPN.UpdateService.csproj", "{3AED8207-E3C7-46D6-840D-CAE920ADD775}"
EndProject
Project("{FAE04EC0-301F-11D3-BF4B-00C04F79EFBC}") = "ProtonVPN.UpdateServiceContract", "src\ProtonVPN.UpdateServiceContract\ProtonVPN.UpdateServiceContract.csproj", "{BB748EA2-EA18-4E6C-AB22-CCC1D91E8844}"
EndProject
Project("{FAE04EC0-301F-11D3-BF4B-00C04F79EFBC}") = "ProtonVPN.MarkupValidator", "src\ProtonVPN.MarkupValidator\ProtonVPN.MarkupValidator.csproj", "{BA03F069-6A26-45D1-8B05-6E61E3D9D1E1}"
EndProject
Project("{FAE04EC0-301F-11D3-BF4B-00C04F79EFBC}") = "ProtonVPN.TlsVerify", "src\ProtonVPN.TlsVerify\ProtonVPN.TlsVerify.csproj", "{643CA26B-B80E-4E6A-AAE4-BCEC021D2AA0}"
EndProject
Global
	GlobalSection(SolutionConfigurationPlatforms) = preSolution
		Debug|Any CPU = Debug|Any CPU
		Debug|x64 = Debug|x64
		Debug|x86 = Debug|x86
		Release|Any CPU = Release|Any CPU
		Release|x64 = Release|x64
		Release|x86 = Release|x86
	EndGlobalSection
	GlobalSection(ProjectConfigurationPlatforms) = postSolution
		{25781B52-5858-4387-80A5-C9C38C32B3CC}.Debug|Any CPU.ActiveCfg = Debug|Any CPU
		{25781B52-5858-4387-80A5-C9C38C32B3CC}.Debug|Any CPU.Build.0 = Debug|Any CPU
		{25781B52-5858-4387-80A5-C9C38C32B3CC}.Debug|x64.ActiveCfg = Debug|Any CPU
		{25781B52-5858-4387-80A5-C9C38C32B3CC}.Debug|x64.Build.0 = Debug|Any CPU
		{25781B52-5858-4387-80A5-C9C38C32B3CC}.Debug|x86.ActiveCfg = Debug|Any CPU
		{25781B52-5858-4387-80A5-C9C38C32B3CC}.Debug|x86.Build.0 = Debug|Any CPU
		{25781B52-5858-4387-80A5-C9C38C32B3CC}.Release|Any CPU.ActiveCfg = Release|Any CPU
		{25781B52-5858-4387-80A5-C9C38C32B3CC}.Release|Any CPU.Build.0 = Release|Any CPU
		{25781B52-5858-4387-80A5-C9C38C32B3CC}.Release|x64.ActiveCfg = Release|Any CPU
		{25781B52-5858-4387-80A5-C9C38C32B3CC}.Release|x64.Build.0 = Release|Any CPU
		{25781B52-5858-4387-80A5-C9C38C32B3CC}.Release|x86.ActiveCfg = Release|Any CPU
		{25781B52-5858-4387-80A5-C9C38C32B3CC}.Release|x86.Build.0 = Release|Any CPU
		{0CDCA012-BB2D-49B3-944E-CE80D75D651A}.Debug|Any CPU.ActiveCfg = Debug|Any CPU
		{0CDCA012-BB2D-49B3-944E-CE80D75D651A}.Debug|Any CPU.Build.0 = Debug|Any CPU
		{0CDCA012-BB2D-49B3-944E-CE80D75D651A}.Debug|x64.ActiveCfg = Debug|Any CPU
		{0CDCA012-BB2D-49B3-944E-CE80D75D651A}.Debug|x64.Build.0 = Debug|Any CPU
		{0CDCA012-BB2D-49B3-944E-CE80D75D651A}.Debug|x86.ActiveCfg = Debug|Any CPU
		{0CDCA012-BB2D-49B3-944E-CE80D75D651A}.Debug|x86.Build.0 = Debug|Any CPU
		{0CDCA012-BB2D-49B3-944E-CE80D75D651A}.Release|Any CPU.ActiveCfg = Release|Any CPU
		{0CDCA012-BB2D-49B3-944E-CE80D75D651A}.Release|Any CPU.Build.0 = Release|Any CPU
		{0CDCA012-BB2D-49B3-944E-CE80D75D651A}.Release|x64.ActiveCfg = Release|Any CPU
		{0CDCA012-BB2D-49B3-944E-CE80D75D651A}.Release|x64.Build.0 = Release|Any CPU
		{0CDCA012-BB2D-49B3-944E-CE80D75D651A}.Release|x86.ActiveCfg = Release|Any CPU
		{0CDCA012-BB2D-49B3-944E-CE80D75D651A}.Release|x86.Build.0 = Release|Any CPU
		{96C5D688-C0F1-4A63-9E26-E485FD0E1365}.Debug|Any CPU.ActiveCfg = Debug|Any CPU
		{96C5D688-C0F1-4A63-9E26-E485FD0E1365}.Debug|Any CPU.Build.0 = Debug|Any CPU
		{96C5D688-C0F1-4A63-9E26-E485FD0E1365}.Debug|x64.ActiveCfg = Debug|Any CPU
		{96C5D688-C0F1-4A63-9E26-E485FD0E1365}.Debug|x64.Build.0 = Debug|Any CPU
		{96C5D688-C0F1-4A63-9E26-E485FD0E1365}.Debug|x86.ActiveCfg = Debug|Any CPU
		{96C5D688-C0F1-4A63-9E26-E485FD0E1365}.Debug|x86.Build.0 = Debug|Any CPU
		{96C5D688-C0F1-4A63-9E26-E485FD0E1365}.Release|Any CPU.ActiveCfg = Release|Any CPU
		{96C5D688-C0F1-4A63-9E26-E485FD0E1365}.Release|Any CPU.Build.0 = Release|Any CPU
		{96C5D688-C0F1-4A63-9E26-E485FD0E1365}.Release|x64.ActiveCfg = Release|Any CPU
		{96C5D688-C0F1-4A63-9E26-E485FD0E1365}.Release|x64.Build.0 = Release|Any CPU
		{96C5D688-C0F1-4A63-9E26-E485FD0E1365}.Release|x86.ActiveCfg = Release|Any CPU
		{96C5D688-C0F1-4A63-9E26-E485FD0E1365}.Release|x86.Build.0 = Release|Any CPU
		{CA44B51D-7645-413A-818F-2C5B57DB67DD}.Debug|Any CPU.ActiveCfg = Debug|Any CPU
		{CA44B51D-7645-413A-818F-2C5B57DB67DD}.Debug|Any CPU.Build.0 = Debug|Any CPU
		{CA44B51D-7645-413A-818F-2C5B57DB67DD}.Debug|x64.ActiveCfg = Debug|Any CPU
		{CA44B51D-7645-413A-818F-2C5B57DB67DD}.Debug|x64.Build.0 = Debug|Any CPU
		{CA44B51D-7645-413A-818F-2C5B57DB67DD}.Debug|x86.ActiveCfg = Debug|Any CPU
		{CA44B51D-7645-413A-818F-2C5B57DB67DD}.Debug|x86.Build.0 = Debug|Any CPU
		{CA44B51D-7645-413A-818F-2C5B57DB67DD}.Release|Any CPU.ActiveCfg = Release|Any CPU
		{CA44B51D-7645-413A-818F-2C5B57DB67DD}.Release|Any CPU.Build.0 = Release|Any CPU
		{CA44B51D-7645-413A-818F-2C5B57DB67DD}.Release|x64.ActiveCfg = Release|Any CPU
		{CA44B51D-7645-413A-818F-2C5B57DB67DD}.Release|x64.Build.0 = Release|Any CPU
		{CA44B51D-7645-413A-818F-2C5B57DB67DD}.Release|x86.ActiveCfg = Release|Any CPU
		{CA44B51D-7645-413A-818F-2C5B57DB67DD}.Release|x86.Build.0 = Release|Any CPU
		{FA0D86B4-2B86-4DFE-B7E6-7C809DB74A13}.Debug|Any CPU.ActiveCfg = Debug|Any CPU
		{FA0D86B4-2B86-4DFE-B7E6-7C809DB74A13}.Debug|Any CPU.Build.0 = Debug|Any CPU
		{FA0D86B4-2B86-4DFE-B7E6-7C809DB74A13}.Debug|x64.ActiveCfg = Debug|Any CPU
		{FA0D86B4-2B86-4DFE-B7E6-7C809DB74A13}.Debug|x64.Build.0 = Debug|Any CPU
		{FA0D86B4-2B86-4DFE-B7E6-7C809DB74A13}.Debug|x86.ActiveCfg = Debug|Any CPU
		{FA0D86B4-2B86-4DFE-B7E6-7C809DB74A13}.Debug|x86.Build.0 = Debug|Any CPU
		{FA0D86B4-2B86-4DFE-B7E6-7C809DB74A13}.Release|Any CPU.ActiveCfg = Release|Any CPU
		{FA0D86B4-2B86-4DFE-B7E6-7C809DB74A13}.Release|Any CPU.Build.0 = Release|Any CPU
		{FA0D86B4-2B86-4DFE-B7E6-7C809DB74A13}.Release|x64.ActiveCfg = Release|Any CPU
		{FA0D86B4-2B86-4DFE-B7E6-7C809DB74A13}.Release|x64.Build.0 = Release|Any CPU
		{FA0D86B4-2B86-4DFE-B7E6-7C809DB74A13}.Release|x86.ActiveCfg = Release|Any CPU
		{FA0D86B4-2B86-4DFE-B7E6-7C809DB74A13}.Release|x86.Build.0 = Release|Any CPU
		{7F48FD5C-A4C6-496A-B68E-265237C22330}.Debug|Any CPU.ActiveCfg = Debug|Any CPU
		{7F48FD5C-A4C6-496A-B68E-265237C22330}.Debug|Any CPU.Build.0 = Debug|Any CPU
		{7F48FD5C-A4C6-496A-B68E-265237C22330}.Debug|x64.ActiveCfg = Debug|Any CPU
		{7F48FD5C-A4C6-496A-B68E-265237C22330}.Debug|x64.Build.0 = Debug|Any CPU
		{7F48FD5C-A4C6-496A-B68E-265237C22330}.Debug|x86.ActiveCfg = Debug|Any CPU
		{7F48FD5C-A4C6-496A-B68E-265237C22330}.Debug|x86.Build.0 = Debug|Any CPU
		{7F48FD5C-A4C6-496A-B68E-265237C22330}.Release|Any CPU.ActiveCfg = Release|Any CPU
		{7F48FD5C-A4C6-496A-B68E-265237C22330}.Release|Any CPU.Build.0 = Release|Any CPU
		{7F48FD5C-A4C6-496A-B68E-265237C22330}.Release|x64.ActiveCfg = Release|Any CPU
		{7F48FD5C-A4C6-496A-B68E-265237C22330}.Release|x64.Build.0 = Release|Any CPU
		{7F48FD5C-A4C6-496A-B68E-265237C22330}.Release|x86.ActiveCfg = Release|Any CPU
		{7F48FD5C-A4C6-496A-B68E-265237C22330}.Release|x86.Build.0 = Release|Any CPU
		{5F6696BC-A37D-4726-82AE-95EF42C307FC}.Debug|Any CPU.ActiveCfg = Debug|x86
		{5F6696BC-A37D-4726-82AE-95EF42C307FC}.Debug|Any CPU.Build.0 = Debug|x86
		{5F6696BC-A37D-4726-82AE-95EF42C307FC}.Debug|x64.ActiveCfg = Debug|x86
		{5F6696BC-A37D-4726-82AE-95EF42C307FC}.Debug|x86.ActiveCfg = Debug|x86
		{5F6696BC-A37D-4726-82AE-95EF42C307FC}.Release|Any CPU.ActiveCfg = Release|x86
		{5F6696BC-A37D-4726-82AE-95EF42C307FC}.Release|Any CPU.Build.0 = Release|x86
		{5F6696BC-A37D-4726-82AE-95EF42C307FC}.Release|x64.ActiveCfg = Release|x86
		{5F6696BC-A37D-4726-82AE-95EF42C307FC}.Release|x64.Build.0 = Release|x86
		{5F6696BC-A37D-4726-82AE-95EF42C307FC}.Release|x86.ActiveCfg = Release|x86
		{5F6696BC-A37D-4726-82AE-95EF42C307FC}.Release|x86.Build.0 = Release|x86
		{4AA7CE6F-7154-49C1-B598-46055D590CAD}.Debug|Any CPU.ActiveCfg = Debug|Any CPU
		{4AA7CE6F-7154-49C1-B598-46055D590CAD}.Debug|Any CPU.Build.0 = Debug|Any CPU
		{4AA7CE6F-7154-49C1-B598-46055D590CAD}.Debug|x64.ActiveCfg = Debug|Any CPU
		{4AA7CE6F-7154-49C1-B598-46055D590CAD}.Debug|x64.Build.0 = Debug|Any CPU
		{4AA7CE6F-7154-49C1-B598-46055D590CAD}.Debug|x86.ActiveCfg = Debug|Any CPU
		{4AA7CE6F-7154-49C1-B598-46055D590CAD}.Debug|x86.Build.0 = Debug|Any CPU
		{4AA7CE6F-7154-49C1-B598-46055D590CAD}.Release|Any CPU.ActiveCfg = Release|Any CPU
		{4AA7CE6F-7154-49C1-B598-46055D590CAD}.Release|Any CPU.Build.0 = Release|Any CPU
		{4AA7CE6F-7154-49C1-B598-46055D590CAD}.Release|x64.ActiveCfg = Release|Any CPU
		{4AA7CE6F-7154-49C1-B598-46055D590CAD}.Release|x64.Build.0 = Release|Any CPU
		{4AA7CE6F-7154-49C1-B598-46055D590CAD}.Release|x86.ActiveCfg = Release|Any CPU
		{4AA7CE6F-7154-49C1-B598-46055D590CAD}.Release|x86.Build.0 = Release|Any CPU
		{90FDF2B3-25C9-428D-B264-5A5FAEB2D988}.Debug|Any CPU.ActiveCfg = Debug|Any CPU
		{90FDF2B3-25C9-428D-B264-5A5FAEB2D988}.Debug|Any CPU.Build.0 = Debug|Any CPU
		{90FDF2B3-25C9-428D-B264-5A5FAEB2D988}.Debug|x64.ActiveCfg = Debug|Any CPU
		{90FDF2B3-25C9-428D-B264-5A5FAEB2D988}.Debug|x64.Build.0 = Debug|Any CPU
		{90FDF2B3-25C9-428D-B264-5A5FAEB2D988}.Debug|x86.ActiveCfg = Debug|Any CPU
		{90FDF2B3-25C9-428D-B264-5A5FAEB2D988}.Debug|x86.Build.0 = Debug|Any CPU
		{90FDF2B3-25C9-428D-B264-5A5FAEB2D988}.Release|Any CPU.ActiveCfg = Release|Any CPU
		{90FDF2B3-25C9-428D-B264-5A5FAEB2D988}.Release|Any CPU.Build.0 = Release|Any CPU
		{90FDF2B3-25C9-428D-B264-5A5FAEB2D988}.Release|x64.ActiveCfg = Release|Any CPU
		{90FDF2B3-25C9-428D-B264-5A5FAEB2D988}.Release|x64.Build.0 = Release|Any CPU
		{90FDF2B3-25C9-428D-B264-5A5FAEB2D988}.Release|x86.ActiveCfg = Release|Any CPU
		{90FDF2B3-25C9-428D-B264-5A5FAEB2D988}.Release|x86.Build.0 = Release|Any CPU
		{7D658974-C38C-421F-8186-B735F06CFC58}.Debug|Any CPU.ActiveCfg = Debug|Any CPU
		{7D658974-C38C-421F-8186-B735F06CFC58}.Debug|Any CPU.Build.0 = Debug|Any CPU
		{7D658974-C38C-421F-8186-B735F06CFC58}.Debug|x64.ActiveCfg = Debug|Any CPU
		{7D658974-C38C-421F-8186-B735F06CFC58}.Debug|x64.Build.0 = Debug|Any CPU
		{7D658974-C38C-421F-8186-B735F06CFC58}.Debug|x86.ActiveCfg = Debug|Any CPU
		{7D658974-C38C-421F-8186-B735F06CFC58}.Debug|x86.Build.0 = Debug|Any CPU
		{7D658974-C38C-421F-8186-B735F06CFC58}.Release|Any CPU.ActiveCfg = Release|Any CPU
		{7D658974-C38C-421F-8186-B735F06CFC58}.Release|Any CPU.Build.0 = Release|Any CPU
		{7D658974-C38C-421F-8186-B735F06CFC58}.Release|x64.ActiveCfg = Release|Any CPU
		{7D658974-C38C-421F-8186-B735F06CFC58}.Release|x64.Build.0 = Release|Any CPU
		{7D658974-C38C-421F-8186-B735F06CFC58}.Release|x86.ActiveCfg = Release|Any CPU
		{7D658974-C38C-421F-8186-B735F06CFC58}.Release|x86.Build.0 = Release|Any CPU
		{03B8E43C-5680-4803-A745-0A104FE6620C}.Debug|Any CPU.ActiveCfg = Debug|Any CPU
		{03B8E43C-5680-4803-A745-0A104FE6620C}.Debug|Any CPU.Build.0 = Debug|Any CPU
		{03B8E43C-5680-4803-A745-0A104FE6620C}.Debug|x64.ActiveCfg = Debug|Any CPU
		{03B8E43C-5680-4803-A745-0A104FE6620C}.Debug|x64.Build.0 = Debug|Any CPU
		{03B8E43C-5680-4803-A745-0A104FE6620C}.Debug|x86.ActiveCfg = Debug|Any CPU
		{03B8E43C-5680-4803-A745-0A104FE6620C}.Debug|x86.Build.0 = Debug|Any CPU
		{03B8E43C-5680-4803-A745-0A104FE6620C}.Release|Any CPU.ActiveCfg = Release|Any CPU
		{03B8E43C-5680-4803-A745-0A104FE6620C}.Release|Any CPU.Build.0 = Release|Any CPU
		{03B8E43C-5680-4803-A745-0A104FE6620C}.Release|x64.ActiveCfg = Release|Any CPU
		{03B8E43C-5680-4803-A745-0A104FE6620C}.Release|x64.Build.0 = Release|Any CPU
		{03B8E43C-5680-4803-A745-0A104FE6620C}.Release|x86.ActiveCfg = Release|Any CPU
		{03B8E43C-5680-4803-A745-0A104FE6620C}.Release|x86.Build.0 = Release|Any CPU
		{E09BBDAB-A96F-49D8-8287-BEE4E9D78733}.Debug|Any CPU.ActiveCfg = Debug|Any CPU
		{E09BBDAB-A96F-49D8-8287-BEE4E9D78733}.Debug|Any CPU.Build.0 = Debug|Any CPU
		{E09BBDAB-A96F-49D8-8287-BEE4E9D78733}.Debug|x64.ActiveCfg = Debug|Any CPU
		{E09BBDAB-A96F-49D8-8287-BEE4E9D78733}.Debug|x64.Build.0 = Debug|Any CPU
		{E09BBDAB-A96F-49D8-8287-BEE4E9D78733}.Debug|x86.ActiveCfg = Debug|Any CPU
		{E09BBDAB-A96F-49D8-8287-BEE4E9D78733}.Debug|x86.Build.0 = Debug|Any CPU
		{E09BBDAB-A96F-49D8-8287-BEE4E9D78733}.Release|Any CPU.ActiveCfg = Release|Any CPU
		{E09BBDAB-A96F-49D8-8287-BEE4E9D78733}.Release|Any CPU.Build.0 = Release|Any CPU
		{E09BBDAB-A96F-49D8-8287-BEE4E9D78733}.Release|x64.ActiveCfg = Release|Any CPU
		{E09BBDAB-A96F-49D8-8287-BEE4E9D78733}.Release|x64.Build.0 = Release|Any CPU
		{E09BBDAB-A96F-49D8-8287-BEE4E9D78733}.Release|x86.ActiveCfg = Release|Any CPU
		{E09BBDAB-A96F-49D8-8287-BEE4E9D78733}.Release|x86.Build.0 = Release|Any CPU
		{45A0EA81-D37E-4D7F-8CE1-CE6B6A95A9ED}.Debug|Any CPU.ActiveCfg = Debug|Any CPU
		{45A0EA81-D37E-4D7F-8CE1-CE6B6A95A9ED}.Debug|Any CPU.Build.0 = Debug|Any CPU
		{45A0EA81-D37E-4D7F-8CE1-CE6B6A95A9ED}.Debug|x64.ActiveCfg = Debug|Any CPU
		{45A0EA81-D37E-4D7F-8CE1-CE6B6A95A9ED}.Debug|x64.Build.0 = Debug|Any CPU
		{45A0EA81-D37E-4D7F-8CE1-CE6B6A95A9ED}.Debug|x86.ActiveCfg = Debug|Any CPU
		{45A0EA81-D37E-4D7F-8CE1-CE6B6A95A9ED}.Debug|x86.Build.0 = Debug|Any CPU
		{45A0EA81-D37E-4D7F-8CE1-CE6B6A95A9ED}.Release|Any CPU.ActiveCfg = Release|Any CPU
		{45A0EA81-D37E-4D7F-8CE1-CE6B6A95A9ED}.Release|Any CPU.Build.0 = Release|Any CPU
		{45A0EA81-D37E-4D7F-8CE1-CE6B6A95A9ED}.Release|x64.ActiveCfg = Release|Any CPU
		{45A0EA81-D37E-4D7F-8CE1-CE6B6A95A9ED}.Release|x64.Build.0 = Release|Any CPU
		{45A0EA81-D37E-4D7F-8CE1-CE6B6A95A9ED}.Release|x86.ActiveCfg = Release|Any CPU
		{45A0EA81-D37E-4D7F-8CE1-CE6B6A95A9ED}.Release|x86.Build.0 = Release|Any CPU
		{5F2931B6-9A77-4F94-80CD-BC9B9A0C64BF}.Debug|Any CPU.ActiveCfg = Debug|Any CPU
		{5F2931B6-9A77-4F94-80CD-BC9B9A0C64BF}.Debug|Any CPU.Build.0 = Debug|Any CPU
		{5F2931B6-9A77-4F94-80CD-BC9B9A0C64BF}.Debug|x64.ActiveCfg = Debug|Any CPU
		{5F2931B6-9A77-4F94-80CD-BC9B9A0C64BF}.Debug|x64.Build.0 = Debug|Any CPU
		{5F2931B6-9A77-4F94-80CD-BC9B9A0C64BF}.Debug|x86.ActiveCfg = Debug|Any CPU
		{5F2931B6-9A77-4F94-80CD-BC9B9A0C64BF}.Debug|x86.Build.0 = Debug|Any CPU
		{5F2931B6-9A77-4F94-80CD-BC9B9A0C64BF}.Release|Any CPU.ActiveCfg = Release|Any CPU
		{5F2931B6-9A77-4F94-80CD-BC9B9A0C64BF}.Release|Any CPU.Build.0 = Release|Any CPU
		{5F2931B6-9A77-4F94-80CD-BC9B9A0C64BF}.Release|x64.ActiveCfg = Release|Any CPU
		{5F2931B6-9A77-4F94-80CD-BC9B9A0C64BF}.Release|x64.Build.0 = Release|Any CPU
		{5F2931B6-9A77-4F94-80CD-BC9B9A0C64BF}.Release|x86.ActiveCfg = Release|Any CPU
		{5F2931B6-9A77-4F94-80CD-BC9B9A0C64BF}.Release|x86.Build.0 = Release|Any CPU
		{4290C007-2142-4AD1-8EB6-F80EF2F45AA4}.Debug|Any CPU.ActiveCfg = Debug|Any CPU
		{4290C007-2142-4AD1-8EB6-F80EF2F45AA4}.Debug|Any CPU.Build.0 = Debug|Any CPU
		{4290C007-2142-4AD1-8EB6-F80EF2F45AA4}.Debug|x64.ActiveCfg = Debug|Any CPU
		{4290C007-2142-4AD1-8EB6-F80EF2F45AA4}.Debug|x64.Build.0 = Debug|Any CPU
		{4290C007-2142-4AD1-8EB6-F80EF2F45AA4}.Debug|x86.ActiveCfg = Debug|Any CPU
		{4290C007-2142-4AD1-8EB6-F80EF2F45AA4}.Debug|x86.Build.0 = Debug|Any CPU
		{4290C007-2142-4AD1-8EB6-F80EF2F45AA4}.Release|Any CPU.ActiveCfg = Release|Any CPU
		{4290C007-2142-4AD1-8EB6-F80EF2F45AA4}.Release|Any CPU.Build.0 = Release|Any CPU
		{4290C007-2142-4AD1-8EB6-F80EF2F45AA4}.Release|x64.ActiveCfg = Release|Any CPU
		{4290C007-2142-4AD1-8EB6-F80EF2F45AA4}.Release|x64.Build.0 = Release|Any CPU
		{4290C007-2142-4AD1-8EB6-F80EF2F45AA4}.Release|x86.ActiveCfg = Release|Any CPU
		{4290C007-2142-4AD1-8EB6-F80EF2F45AA4}.Release|x86.Build.0 = Release|Any CPU
		{A16637C2-2D91-4953-AE04-D91EC188DD7B}.Debug|Any CPU.ActiveCfg = Debug|Any CPU
		{A16637C2-2D91-4953-AE04-D91EC188DD7B}.Debug|Any CPU.Build.0 = Debug|Any CPU
		{A16637C2-2D91-4953-AE04-D91EC188DD7B}.Debug|x64.ActiveCfg = Debug|Any CPU
		{A16637C2-2D91-4953-AE04-D91EC188DD7B}.Debug|x64.Build.0 = Debug|Any CPU
		{A16637C2-2D91-4953-AE04-D91EC188DD7B}.Debug|x86.ActiveCfg = Debug|Any CPU
		{A16637C2-2D91-4953-AE04-D91EC188DD7B}.Debug|x86.Build.0 = Debug|Any CPU
		{A16637C2-2D91-4953-AE04-D91EC188DD7B}.Release|Any CPU.ActiveCfg = Release|Any CPU
		{A16637C2-2D91-4953-AE04-D91EC188DD7B}.Release|Any CPU.Build.0 = Release|Any CPU
		{A16637C2-2D91-4953-AE04-D91EC188DD7B}.Release|x64.ActiveCfg = Release|Any CPU
		{A16637C2-2D91-4953-AE04-D91EC188DD7B}.Release|x64.Build.0 = Release|Any CPU
		{A16637C2-2D91-4953-AE04-D91EC188DD7B}.Release|x86.ActiveCfg = Release|Any CPU
		{A16637C2-2D91-4953-AE04-D91EC188DD7B}.Release|x86.Build.0 = Release|Any CPU
		{A0DA4200-6643-4F2C-8450-65B8CE8A5576}.Debug|Any CPU.ActiveCfg = Debug|Any CPU
		{A0DA4200-6643-4F2C-8450-65B8CE8A5576}.Debug|Any CPU.Build.0 = Debug|Any CPU
		{A0DA4200-6643-4F2C-8450-65B8CE8A5576}.Debug|x64.ActiveCfg = Debug|Any CPU
		{A0DA4200-6643-4F2C-8450-65B8CE8A5576}.Debug|x64.Build.0 = Debug|Any CPU
		{A0DA4200-6643-4F2C-8450-65B8CE8A5576}.Debug|x86.ActiveCfg = Debug|Any CPU
		{A0DA4200-6643-4F2C-8450-65B8CE8A5576}.Debug|x86.Build.0 = Debug|Any CPU
		{A0DA4200-6643-4F2C-8450-65B8CE8A5576}.Release|Any CPU.ActiveCfg = Release|Any CPU
		{A0DA4200-6643-4F2C-8450-65B8CE8A5576}.Release|Any CPU.Build.0 = Release|Any CPU
		{A0DA4200-6643-4F2C-8450-65B8CE8A5576}.Release|x64.ActiveCfg = Release|Any CPU
		{A0DA4200-6643-4F2C-8450-65B8CE8A5576}.Release|x64.Build.0 = Release|Any CPU
		{A0DA4200-6643-4F2C-8450-65B8CE8A5576}.Release|x86.ActiveCfg = Release|Any CPU
		{A0DA4200-6643-4F2C-8450-65B8CE8A5576}.Release|x86.Build.0 = Release|Any CPU
		{C4E97B08-345A-423B-BD4C-76593D1401B6}.Debug|Any CPU.ActiveCfg = Debug|Any CPU
		{C4E97B08-345A-423B-BD4C-76593D1401B6}.Debug|Any CPU.Build.0 = Debug|Any CPU
		{C4E97B08-345A-423B-BD4C-76593D1401B6}.Debug|x64.ActiveCfg = Debug|Any CPU
		{C4E97B08-345A-423B-BD4C-76593D1401B6}.Debug|x64.Build.0 = Debug|Any CPU
		{C4E97B08-345A-423B-BD4C-76593D1401B6}.Debug|x86.ActiveCfg = Debug|Any CPU
		{C4E97B08-345A-423B-BD4C-76593D1401B6}.Debug|x86.Build.0 = Debug|Any CPU
		{C4E97B08-345A-423B-BD4C-76593D1401B6}.Release|Any CPU.ActiveCfg = Release|Any CPU
		{C4E97B08-345A-423B-BD4C-76593D1401B6}.Release|Any CPU.Build.0 = Release|Any CPU
		{C4E97B08-345A-423B-BD4C-76593D1401B6}.Release|x64.ActiveCfg = Release|Any CPU
		{C4E97B08-345A-423B-BD4C-76593D1401B6}.Release|x64.Build.0 = Release|Any CPU
		{C4E97B08-345A-423B-BD4C-76593D1401B6}.Release|x86.ActiveCfg = Release|Any CPU
		{C4E97B08-345A-423B-BD4C-76593D1401B6}.Release|x86.Build.0 = Release|Any CPU
		{912374C4-7A74-4313-8956-1B32383918C8}.Debug|Any CPU.ActiveCfg = Debug|x64
		{912374C4-7A74-4313-8956-1B32383918C8}.Debug|x64.ActiveCfg = Debug|x64
		{912374C4-7A74-4313-8956-1B32383918C8}.Debug|x86.ActiveCfg = Debug|Win32
		{912374C4-7A74-4313-8956-1B32383918C8}.Release|Any CPU.ActiveCfg = Release|x64
		{912374C4-7A74-4313-8956-1B32383918C8}.Release|x64.ActiveCfg = Release|x64
		{912374C4-7A74-4313-8956-1B32383918C8}.Release|x86.ActiveCfg = Release|Win32
		{CB301B4C-D518-41F5-873B-9B1F145DB4AF}.Debug|Any CPU.ActiveCfg = Debug|Any CPU
		{CB301B4C-D518-41F5-873B-9B1F145DB4AF}.Debug|Any CPU.Build.0 = Debug|Any CPU
		{CB301B4C-D518-41F5-873B-9B1F145DB4AF}.Debug|x64.ActiveCfg = Debug|Any CPU
		{CB301B4C-D518-41F5-873B-9B1F145DB4AF}.Debug|x64.Build.0 = Debug|Any CPU
		{CB301B4C-D518-41F5-873B-9B1F145DB4AF}.Debug|x86.ActiveCfg = Debug|Any CPU
		{CB301B4C-D518-41F5-873B-9B1F145DB4AF}.Debug|x86.Build.0 = Debug|Any CPU
		{CB301B4C-D518-41F5-873B-9B1F145DB4AF}.Release|Any CPU.ActiveCfg = Release|Any CPU
		{CB301B4C-D518-41F5-873B-9B1F145DB4AF}.Release|Any CPU.Build.0 = Release|Any CPU
		{CB301B4C-D518-41F5-873B-9B1F145DB4AF}.Release|x64.ActiveCfg = Release|Any CPU
		{CB301B4C-D518-41F5-873B-9B1F145DB4AF}.Release|x64.Build.0 = Release|Any CPU
		{CB301B4C-D518-41F5-873B-9B1F145DB4AF}.Release|x86.ActiveCfg = Release|Any CPU
		{CB301B4C-D518-41F5-873B-9B1F145DB4AF}.Release|x86.Build.0 = Release|Any CPU
		{BBCBB464-BDCB-49CD-830F-965D07CE1446}.Debug|Any CPU.ActiveCfg = Debug|Win32
		{BBCBB464-BDCB-49CD-830F-965D07CE1446}.Debug|Any CPU.Build.0 = Debug|Win32
		{BBCBB464-BDCB-49CD-830F-965D07CE1446}.Debug|x64.ActiveCfg = Debug|Win32
		{BBCBB464-BDCB-49CD-830F-965D07CE1446}.Debug|x86.ActiveCfg = Debug|Win32
		{BBCBB464-BDCB-49CD-830F-965D07CE1446}.Release|Any CPU.ActiveCfg = Release|Win32
		{BBCBB464-BDCB-49CD-830F-965D07CE1446}.Release|Any CPU.Build.0 = Release|Win32
		{BBCBB464-BDCB-49CD-830F-965D07CE1446}.Release|x64.ActiveCfg = Release|Win32
		{BBCBB464-BDCB-49CD-830F-965D07CE1446}.Release|x64.Build.0 = Release|Win32
		{BBCBB464-BDCB-49CD-830F-965D07CE1446}.Release|x86.ActiveCfg = Release|Win32
		{BBCBB464-BDCB-49CD-830F-965D07CE1446}.Release|x86.Build.0 = Release|Win32
		{85E3F2D0-84AA-4DD2-B23A-B41D779A5FA9}.Debug|Any CPU.ActiveCfg = Debug|x64
		{85E3F2D0-84AA-4DD2-B23A-B41D779A5FA9}.Debug|x64.ActiveCfg = Debug|x64
		{85E3F2D0-84AA-4DD2-B23A-B41D779A5FA9}.Debug|x86.ActiveCfg = Debug|Win32
		{85E3F2D0-84AA-4DD2-B23A-B41D779A5FA9}.Release|Any CPU.ActiveCfg = Release|x64
		{85E3F2D0-84AA-4DD2-B23A-B41D779A5FA9}.Release|x64.ActiveCfg = Release|x64
		{85E3F2D0-84AA-4DD2-B23A-B41D779A5FA9}.Release|x86.ActiveCfg = Release|Win32
		{1CF1B8BF-57EB-4E49-B644-0A8F2DFEEB58}.Debug|Any CPU.ActiveCfg = Debug|Any CPU
		{1CF1B8BF-57EB-4E49-B644-0A8F2DFEEB58}.Debug|Any CPU.Build.0 = Debug|Any CPU
		{1CF1B8BF-57EB-4E49-B644-0A8F2DFEEB58}.Debug|x64.ActiveCfg = Debug|Any CPU
		{1CF1B8BF-57EB-4E49-B644-0A8F2DFEEB58}.Debug|x64.Build.0 = Debug|Any CPU
		{1CF1B8BF-57EB-4E49-B644-0A8F2DFEEB58}.Debug|x86.ActiveCfg = Debug|Any CPU
		{1CF1B8BF-57EB-4E49-B644-0A8F2DFEEB58}.Debug|x86.Build.0 = Debug|Any CPU
		{1CF1B8BF-57EB-4E49-B644-0A8F2DFEEB58}.Release|Any CPU.ActiveCfg = Release|Any CPU
		{1CF1B8BF-57EB-4E49-B644-0A8F2DFEEB58}.Release|Any CPU.Build.0 = Release|Any CPU
		{1CF1B8BF-57EB-4E49-B644-0A8F2DFEEB58}.Release|x64.ActiveCfg = Release|Any CPU
		{1CF1B8BF-57EB-4E49-B644-0A8F2DFEEB58}.Release|x64.Build.0 = Release|Any CPU
		{1CF1B8BF-57EB-4E49-B644-0A8F2DFEEB58}.Release|x86.ActiveCfg = Release|Any CPU
		{1CF1B8BF-57EB-4E49-B644-0A8F2DFEEB58}.Release|x86.Build.0 = Release|Any CPU
		{22381B63-9BA0-4DF8-BDB1-EC4AE1B7470D}.Debug|Any CPU.ActiveCfg = Debug|x64
		{22381B63-9BA0-4DF8-BDB1-EC4AE1B7470D}.Debug|x64.ActiveCfg = Debug|x64
		{22381B63-9BA0-4DF8-BDB1-EC4AE1B7470D}.Debug|x86.ActiveCfg = Debug|Win32
		{22381B63-9BA0-4DF8-BDB1-EC4AE1B7470D}.Release|Any CPU.ActiveCfg = Release|x64
		{22381B63-9BA0-4DF8-BDB1-EC4AE1B7470D}.Release|x64.ActiveCfg = Release|x64
		{22381B63-9BA0-4DF8-BDB1-EC4AE1B7470D}.Release|x86.ActiveCfg = Release|Win32
		{3AED8207-E3C7-46D6-840D-CAE920ADD775}.Debug|Any CPU.ActiveCfg = Debug|Any CPU
		{3AED8207-E3C7-46D6-840D-CAE920ADD775}.Debug|Any CPU.Build.0 = Debug|Any CPU
		{3AED8207-E3C7-46D6-840D-CAE920ADD775}.Debug|x64.ActiveCfg = Debug|Any CPU
		{3AED8207-E3C7-46D6-840D-CAE920ADD775}.Debug|x64.Build.0 = Debug|Any CPU
		{3AED8207-E3C7-46D6-840D-CAE920ADD775}.Debug|x86.ActiveCfg = Debug|Any CPU
		{3AED8207-E3C7-46D6-840D-CAE920ADD775}.Debug|x86.Build.0 = Debug|Any CPU
		{3AED8207-E3C7-46D6-840D-CAE920ADD775}.Release|Any CPU.ActiveCfg = Release|Any CPU
		{3AED8207-E3C7-46D6-840D-CAE920ADD775}.Release|Any CPU.Build.0 = Release|Any CPU
		{3AED8207-E3C7-46D6-840D-CAE920ADD775}.Release|x64.ActiveCfg = Release|Any CPU
		{3AED8207-E3C7-46D6-840D-CAE920ADD775}.Release|x64.Build.0 = Release|Any CPU
		{3AED8207-E3C7-46D6-840D-CAE920ADD775}.Release|x86.ActiveCfg = Release|Any CPU
		{3AED8207-E3C7-46D6-840D-CAE920ADD775}.Release|x86.Build.0 = Release|Any CPU
		{BB748EA2-EA18-4E6C-AB22-CCC1D91E8844}.Debug|Any CPU.ActiveCfg = Debug|Any CPU
		{BB748EA2-EA18-4E6C-AB22-CCC1D91E8844}.Debug|Any CPU.Build.0 = Debug|Any CPU
		{BB748EA2-EA18-4E6C-AB22-CCC1D91E8844}.Debug|x64.ActiveCfg = Debug|Any CPU
		{BB748EA2-EA18-4E6C-AB22-CCC1D91E8844}.Debug|x64.Build.0 = Debug|Any CPU
		{BB748EA2-EA18-4E6C-AB22-CCC1D91E8844}.Debug|x86.ActiveCfg = Debug|Any CPU
		{BB748EA2-EA18-4E6C-AB22-CCC1D91E8844}.Debug|x86.Build.0 = Debug|Any CPU
		{BB748EA2-EA18-4E6C-AB22-CCC1D91E8844}.Release|Any CPU.ActiveCfg = Release|Any CPU
		{BB748EA2-EA18-4E6C-AB22-CCC1D91E8844}.Release|Any CPU.Build.0 = Release|Any CPU
		{BB748EA2-EA18-4E6C-AB22-CCC1D91E8844}.Release|x64.ActiveCfg = Release|Any CPU
		{BB748EA2-EA18-4E6C-AB22-CCC1D91E8844}.Release|x64.Build.0 = Release|Any CPU
		{BB748EA2-EA18-4E6C-AB22-CCC1D91E8844}.Release|x86.ActiveCfg = Release|Any CPU
		{BB748EA2-EA18-4E6C-AB22-CCC1D91E8844}.Release|x86.Build.0 = Release|Any CPU
		{BA03F069-6A26-45D1-8B05-6E61E3D9D1E1}.Debug|Any CPU.ActiveCfg = Debug|Any CPU
		{BA03F069-6A26-45D1-8B05-6E61E3D9D1E1}.Debug|Any CPU.Build.0 = Debug|Any CPU
		{BA03F069-6A26-45D1-8B05-6E61E3D9D1E1}.Debug|x64.ActiveCfg = Debug|Any CPU
		{BA03F069-6A26-45D1-8B05-6E61E3D9D1E1}.Debug|x64.Build.0 = Debug|Any CPU
		{BA03F069-6A26-45D1-8B05-6E61E3D9D1E1}.Debug|x86.ActiveCfg = Debug|Any CPU
		{BA03F069-6A26-45D1-8B05-6E61E3D9D1E1}.Debug|x86.Build.0 = Debug|Any CPU
		{BA03F069-6A26-45D1-8B05-6E61E3D9D1E1}.Release|Any CPU.ActiveCfg = Release|Any CPU
		{BA03F069-6A26-45D1-8B05-6E61E3D9D1E1}.Release|Any CPU.Build.0 = Release|Any CPU
		{BA03F069-6A26-45D1-8B05-6E61E3D9D1E1}.Release|x64.ActiveCfg = Release|Any CPU
		{BA03F069-6A26-45D1-8B05-6E61E3D9D1E1}.Release|x64.Build.0 = Release|Any CPU
		{BA03F069-6A26-45D1-8B05-6E61E3D9D1E1}.Release|x86.ActiveCfg = Release|Any CPU
		{BA03F069-6A26-45D1-8B05-6E61E3D9D1E1}.Release|x86.Build.0 = Release|Any CPU
		{643CA26B-B80E-4E6A-AAE4-BCEC021D2AA0}.Debug|Any CPU.ActiveCfg = Debug|Any CPU
		{643CA26B-B80E-4E6A-AAE4-BCEC021D2AA0}.Debug|Any CPU.Build.0 = Debug|Any CPU
		{643CA26B-B80E-4E6A-AAE4-BCEC021D2AA0}.Debug|x64.ActiveCfg = Debug|Any CPU
		{643CA26B-B80E-4E6A-AAE4-BCEC021D2AA0}.Debug|x64.Build.0 = Debug|Any CPU
		{643CA26B-B80E-4E6A-AAE4-BCEC021D2AA0}.Debug|x86.ActiveCfg = Debug|Any CPU
		{643CA26B-B80E-4E6A-AAE4-BCEC021D2AA0}.Debug|x86.Build.0 = Debug|Any CPU
		{643CA26B-B80E-4E6A-AAE4-BCEC021D2AA0}.Release|Any CPU.ActiveCfg = Release|Any CPU
		{643CA26B-B80E-4E6A-AAE4-BCEC021D2AA0}.Release|Any CPU.Build.0 = Release|Any CPU
		{643CA26B-B80E-4E6A-AAE4-BCEC021D2AA0}.Release|x64.ActiveCfg = Release|Any CPU
		{643CA26B-B80E-4E6A-AAE4-BCEC021D2AA0}.Release|x64.Build.0 = Release|Any CPU
		{643CA26B-B80E-4E6A-AAE4-BCEC021D2AA0}.Release|x86.ActiveCfg = Release|Any CPU
		{643CA26B-B80E-4E6A-AAE4-BCEC021D2AA0}.Release|x86.Build.0 = Release|Any CPU
	EndGlobalSection
	GlobalSection(SolutionProperties) = preSolution
		HideSolutionNode = FALSE
	EndGlobalSection
	GlobalSection(NestedProjects) = preSolution
		{FA0D86B4-2B86-4DFE-B7E6-7C809DB74A13} = {A592E157-F76B-49CE-A5A4-EF130CDD757F}
		{7F48FD5C-A4C6-496A-B68E-265237C22330} = {A592E157-F76B-49CE-A5A4-EF130CDD757F}
		{7D658974-C38C-421F-8186-B735F06CFC58} = {A592E157-F76B-49CE-A5A4-EF130CDD757F}
		{5F2931B6-9A77-4F94-80CD-BC9B9A0C64BF} = {A592E157-F76B-49CE-A5A4-EF130CDD757F}
		{4290C007-2142-4AD1-8EB6-F80EF2F45AA4} = {A592E157-F76B-49CE-A5A4-EF130CDD757F}
		{A16637C2-2D91-4953-AE04-D91EC188DD7B} = {A592E157-F76B-49CE-A5A4-EF130CDD757F}
		{A0DA4200-6643-4F2C-8450-65B8CE8A5576} = {A592E157-F76B-49CE-A5A4-EF130CDD757F}
		{C4E97B08-345A-423B-BD4C-76593D1401B6} = {A592E157-F76B-49CE-A5A4-EF130CDD757F}
	EndGlobalSection
	GlobalSection(ExtensibilityGlobals) = postSolution
		SolutionGuid = {5CFD3EA5-ADCA-48F0-9E3F-BBC76CCBF1C2}
	EndGlobalSection
EndGlobal
