
Microsoft Visual Studio Solution File, Format Version 12.00
# Visual Studio Version 17
VisualStudioVersion = 17.2.32630.192
MinimumVisualStudioVersion = 10.0.40219.1
Project("{9A19103F-16F7-4668-BE54-9A1E7A4F7556}") = "ProtonVPN.Service", "src\ProtonVPN.Service\ProtonVPN.Service.csproj", "{25781B52-5858-4387-80A5-C9C38C32B3CC}"
	ProjectSection(ProjectDependencies) = postProject
		{CA44B51D-7645-413A-818F-2C5B57DB67DD} = {CA44B51D-7645-413A-818F-2C5B57DB67DD}
	EndProjectSection
EndProject
Project("{9A19103F-16F7-4668-BE54-9A1E7A4F7556}") = "ProtonVPN.App", "src\ProtonVPN.App\ProtonVPN.App.csproj", "{0CDCA012-BB2D-49B3-944E-CE80D75D651A}"
EndProject
Project("{9A19103F-16F7-4668-BE54-9A1E7A4F7556}") = "ProtonVPN.Core", "src\ProtonVPN.Core\ProtonVPN.Core.csproj", "{CA44B51D-7645-413A-818F-2C5B57DB67DD}"
EndProject
Project("{2150E333-8FDC-42A3-9474-1A3956D46DE8}") = "Tests", "Tests", "{A592E157-F76B-49CE-A5A4-EF130CDD757F}"
EndProject
Project("{9A19103F-16F7-4668-BE54-9A1E7A4F7556}") = "ProtonVPN.Core.Tests", "src\Tests\ProtonVPN.Core.Tests\ProtonVPN.Core.Tests.csproj", "{FA0D86B4-2B86-4DFE-B7E6-7C809DB74A13}"
EndProject
Project("{9A19103F-16F7-4668-BE54-9A1E7A4F7556}") = "ProtonVPN.App.Tests", "src\Tests\ProtonVPN.App.Tests\ProtonVPN.App.Tests.csproj", "{7F48FD5C-A4C6-496A-B68E-265237C22330}"
EndProject
Project("{9A19103F-16F7-4668-BE54-9A1E7A4F7556}") = "ProtonVPN.Vpn", "src\ProtonVPN.Vpn\ProtonVPN.Vpn.csproj", "{4AA7CE6F-7154-49C1-B598-46055D590CAD}"
EndProject
Project("{9A19103F-16F7-4668-BE54-9A1E7A4F7556}") = "ProtonVPN.Update", "src\Update\ProtonVPN.Update\ProtonVPN.Update.csproj", "{90FDF2B3-25C9-428D-B264-5A5FAEB2D988}"
EndProject
Project("{9A19103F-16F7-4668-BE54-9A1E7A4F7556}") = "ProtonVPN.Update.Tests", "src\Tests\ProtonVPN.Update.Tests\ProtonVPN.Update.Tests.csproj", "{7D658974-C38C-421F-8186-B735F06CFC58}"
EndProject
Project("{9A19103F-16F7-4668-BE54-9A1E7A4F7556}") = "ProtonVPN.Common", "src\ProtonVPN.Common\ProtonVPN.Common.csproj", "{03B8E43C-5680-4803-A745-0A104FE6620C}"
EndProject
Project("{9A19103F-16F7-4668-BE54-9A1E7A4F7556}") = "ProtonVPN.Resource", "src\ProtonVPN.Resources\ProtonVPN.Resource.csproj", "{45A0EA81-D37E-4D7F-8CE1-CE6B6A95A9ED}"
EndProject
Project("{9A19103F-16F7-4668-BE54-9A1E7A4F7556}") = "ProtonVPN.Common.Tests", "src\Tests\ProtonVPN.Common.Tests\ProtonVPN.Common.Tests.csproj", "{5F2931B6-9A77-4F94-80CD-BC9B9A0C64BF}"
EndProject
Project("{2150E333-8FDC-42A3-9474-1A3956D46DE8}") = "Solution Items", "Solution Items", "{DAD0837D-1F65-47C7-8FA6-D6D34D979418}"
	ProjectSection(SolutionItems) = preProject
		.editorconfig = .editorconfig
		BUILD.md = BUILD.md
		BuildDependencies.bat = BuildDependencies.bat
		CONTRIBUTING.md = CONTRIBUTING.md
		COPYING.md = COPYING.md
		LICENSE = LICENSE
		README.md = README.md
	EndProjectSection
EndProject
Project("{9A19103F-16F7-4668-BE54-9A1E7A4F7556}") = "ProtonVPN.UI.Tests", "src\Tests\ProtonVPN.UI.Tests\ProtonVPN.UI.Tests.csproj", "{24E940FF-C9F3-4D5C-8FCF-CA527F055318}"
EndProject
Project("{9A19103F-16F7-4668-BE54-9A1E7A4F7556}") = "ProtonVPN.Service.Tests", "src\Tests\ProtonVPN.Service.Tests\ProtonVPN.Service.Tests.csproj", "{4290C007-2142-4AD1-8EB6-F80EF2F45AA4}"
EndProject
Project("{9A19103F-16F7-4668-BE54-9A1E7A4F7556}") = "ProtonVPN.Vpn.Tests", "src\Tests\ProtonVPN.Vpn.Tests\ProtonVPN.Vpn.Tests.csproj", "{A16637C2-2D91-4953-AE04-D91EC188DD7B}"
EndProject
Project("{9A19103F-16F7-4668-BE54-9A1E7A4F7556}") = "ProtonVPN.Tests.Common", "src\Tests\ProtonVPN.Tests.Common\ProtonVPN.Tests.Common.csproj", "{A0DA4200-6643-4F2C-8450-65B8CE8A5576}"
EndProject
Project("{9A19103F-16F7-4668-BE54-9A1E7A4F7556}") = "ProtonVPN.Native", "src\ProtonVPN.Native\ProtonVPN.Native.csproj", "{CB301B4C-D518-41F5-873B-9B1F145DB4AF}"
EndProject
Project("{9A19103F-16F7-4668-BE54-9A1E7A4F7556}") = "ProtonVPN.NetworkFilter", "src\ProtonVPN.NetworkFilter\ProtonVPN.NetworkFilter.csproj", "{1CF1B8BF-57EB-4E49-B644-0A8F2DFEEB58}"
EndProject
Project("{9A19103F-16F7-4668-BE54-9A1E7A4F7556}") = "ProtonVPN.MarkupValidator", "src\ProtonVPN.MarkupValidator\ProtonVPN.MarkupValidator.csproj", "{BA03F069-6A26-45D1-8B05-6E61E3D9D1E1}"
EndProject
Project("{9A19103F-16F7-4668-BE54-9A1E7A4F7556}") = "ProtonVPN.TlsVerify", "src\ProtonVPN.TlsVerify\ProtonVPN.TlsVerify.csproj", "{643CA26B-B80E-4E6A-AAE4-BCEC021D2AA0}"
EndProject
Project("{9A19103F-16F7-4668-BE54-9A1E7A4F7556}") = "ProtonVPN.Translations", "src\ProtonVPN.Translations\ProtonVPN.Translations.csproj", "{2A00C747-8BC0-4EF1-A53E-37A7E156D910}"
EndProject
Project("{9A19103F-16F7-4668-BE54-9A1E7A4F7556}") = "ProtonVPN.RestoreInternet", "ProtonVPN.RestoreInternet\ProtonVPN.RestoreInternet.csproj", "{8D07769D-0AAE-4224-AECB-DF68567F6B00}"
EndProject
Project("{9A19103F-16F7-4668-BE54-9A1E7A4F7556}") = "ProtonVPN.Crypto", "src\ProtonVPN.Crypto\ProtonVPN.Crypto.csproj", "{BA2D505E-CED3-4FCB-A463-DAF6B77C18DE}"
EndProject
Project("{9A19103F-16F7-4668-BE54-9A1E7A4F7556}") = "ProtonVPN.Crypto.Tests", "src\Tests\ProtonVPN.Crypto.Tests\ProtonVPN.Crypto.Tests.csproj", "{7D608265-3330-4747-B5B4-9673A119FE6C}"
EndProject
Project("{9A19103F-16F7-4668-BE54-9A1E7A4F7556}") = "ProtonVPN.WireGuardService", "src\ProtonVPN.WireguardService\ProtonVPN.WireGuardService.csproj", "{A0A9C7B9-4A33-492E-BA54-8E8E600D3D66}"
EndProject
Project("{9A19103F-16F7-4668-BE54-9A1E7A4F7556}") = "ProtonVPN.WireGuardDriver", "src\ProtonVPN.WireGuardDriver\ProtonVPN.WireGuardDriver.csproj", "{7882140D-32E1-4AB5-853D-F8DED5256DC2}"
EndProject
Project("{9A19103F-16F7-4668-BE54-9A1E7A4F7556}") = "ProtonVPN.Api", "src\Api\ProtonVPN.Api\ProtonVPN.Api.csproj", "{3E905528-D87C-4552-A32D-66BF90D14DB0}"
EndProject
Project("{9A19103F-16F7-4668-BE54-9A1E7A4F7556}") = "ProtonVPN.Api.Contracts", "src\Api\ProtonVPN.Api.Contracts\ProtonVPN.Api.Contracts.csproj", "{9E4D6072-C8DE-475A-B9A7-4B6BF6EEEAEB}"
EndProject
Project("{2150E333-8FDC-42A3-9474-1A3956D46DE8}") = "Api", "Api", "{DCDB1771-1943-4459-8040-F001758E6E1E}"
EndProject
Project("{9A19103F-16F7-4668-BE54-9A1E7A4F7556}") = "ProtonVPN.Api.Installers", "src\Api\ProtonVPN.Api.Installers\ProtonVPN.Api.Installers.csproj", "{686E902E-0C23-4396-8887-6D9219EF8D27}"
EndProject
Project("{9A19103F-16F7-4668-BE54-9A1E7A4F7556}") = "ProtonVPN.HumanVerification", "src\HumanVerification\ProtonVPN.HumanVerification\ProtonVPN.HumanVerification.csproj", "{8EE4A9C6-AA93-4A84-8EAB-4EC955DD6851}"
EndProject
Project("{2150E333-8FDC-42A3-9474-1A3956D46DE8}") = "HumanVerification", "HumanVerification", "{95E8A2C3-A9CF-4911-83AB-74498B7D1528}"
EndProject
Project("{9A19103F-16F7-4668-BE54-9A1E7A4F7556}") = "ProtonVPN.HumanVerification.Installers", "src\HumanVerification\ProtonVPN.HumanVerification.Installers\ProtonVPN.HumanVerification.Installers.csproj", "{80A71107-9C8E-47B2-B743-58D5976B38FB}"
EndProject
Project("{9A19103F-16F7-4668-BE54-9A1E7A4F7556}") = "ProtonVPN.HumanVerification.Contracts", "src\HumanVerification\ProtonVPN.HumanVerification.Contracts\ProtonVPN.HumanVerification.Contracts.csproj", "{C0D6E7EC-29AF-4FC2-B8E0-1E5D083B55DD}"
EndProject
Project("{9A19103F-16F7-4668-BE54-9A1E7A4F7556}") = "ProtonVPN.Api.Tests", "src\Api\ProtonVPN.Api.Tests\ProtonVPN.Api.Tests.csproj", "{168C5EC3-FF08-402F-8D70-F216CB04DE81}"
EndProject
Project("{9A19103F-16F7-4668-BE54-9A1E7A4F7556}") = "ProtonVPN.HumanVerification.Gui", "src\HumanVerification\ProtonVPN.HumanVerification.Gui\ProtonVPN.HumanVerification.Gui.csproj", "{7318548D-B8F2-4ED3-8B3E-F61DD8B552D1}"
EndProject
Project("{9A19103F-16F7-4668-BE54-9A1E7A4F7556}") = "ProtonVPN.IntegrationTests", "src\Tests\ProtonVPN.IntegrationTests\ProtonVPN.IntegrationTests.csproj", "{A2B4BEC3-7430-489E-BE6B-F1E8205A7C62}"
EndProject
Project("{9A19103F-16F7-4668-BE54-9A1E7A4F7556}") = "ProtonVPN.SourceGenerators", "src\ProtonVPN.SourceGenerators\ProtonVPN.SourceGenerators.csproj", "{B7B19A7B-5A20-4690-81F4-83002CA064FB}"
EndProject
Project("{2150E333-8FDC-42A3-9474-1A3956D46DE8}") = "Dns", "Dns", "{7D999E1B-C00B-4BA8-AEC3-94BA92010E38}"
EndProject
Project("{9A19103F-16F7-4668-BE54-9A1E7A4F7556}") = "ProtonVPN.Dns", "src\Dns\ProtonVPN.Dns\ProtonVPN.Dns.csproj", "{8C4C72C3-DCC4-43B1-A2B3-DF77B435FA75}"
EndProject
Project("{9A19103F-16F7-4668-BE54-9A1E7A4F7556}") = "ProtonVPN.Dns.Contracts", "src\Dns\ProtonVPN.Dns.Contracts\ProtonVPN.Dns.Contracts.csproj", "{455DA1FB-5097-47D2-8603-B0E1F9D90294}"
EndProject
Project("{9A19103F-16F7-4668-BE54-9A1E7A4F7556}") = "ProtonVPN.Dns.Installers", "src\Dns\ProtonVPN.Dns.Installers\ProtonVPN.Dns.Installers.csproj", "{E52E34FD-40AE-425B-9C1A-2CAB3EE2704F}"
EndProject
Project("{9A19103F-16F7-4668-BE54-9A1E7A4F7556}") = "ProtonVPN.Dns.Tests", "src\Dns\ProtonVPN.Dns.Tests\ProtonVPN.Dns.Tests.csproj", "{F6B47679-3362-4A0C-BB4D-BD3C9B0550AF}"
EndProject
Project("{2150E333-8FDC-42A3-9474-1A3956D46DE8}") = "Announcements", "Announcements", "{56EA9268-0B36-46CB-B8F0-871DBEED5D4F}"
EndProject
Project("{9A19103F-16F7-4668-BE54-9A1E7A4F7556}") = "ProtonVPN.Announcements", "src\Announcements\ProtonVPN.Announcements\ProtonVPN.Announcements.csproj", "{45927301-6CF5-4770-888C-7B0B51ECEBEE}"
EndProject
Project("{9A19103F-16F7-4668-BE54-9A1E7A4F7556}") = "ProtonVPN.Announcements.Contracts", "src\Announcements\ProtonVPN.Announcements.Contracts\ProtonVPN.Announcements.Contracts.csproj", "{153BD6AB-6B34-4E97-A96D-4ED5826DC037}"
EndProject
Project("{9A19103F-16F7-4668-BE54-9A1E7A4F7556}") = "ProtonVPN.Announcements.Installers", "src\Announcements\ProtonVPN.Announcements.Installers\ProtonVPN.Announcements.Installers.csproj", "{2088B3AF-F9AF-45B8-B824-16749D5DAF9E}"
EndProject
Project("{9A19103F-16F7-4668-BE54-9A1E7A4F7556}") = "ProtonVPN.Announcements.Tests", "src\Announcements\ProtonVPN.Announcements.Tests\ProtonVPN.Announcements.Tests.csproj", "{89E58A49-12C4-4C22-B646-348B6BFCCB4D}"
EndProject
Project("{2150E333-8FDC-42A3-9474-1A3956D46DE8}") = "ProcessCommunication", "ProcessCommunication", "{7DB123DC-28AF-4C6E-B8F9-8A88399A5D3F}"
EndProject
Project("{9A19103F-16F7-4668-BE54-9A1E7A4F7556}") = "ProtonVPN.ProcessCommunication.Contracts", "src\ProcessCommunication\ProtonVPN.ProcessCommunication.Contracts\ProtonVPN.ProcessCommunication.Contracts.csproj", "{8CEF18CA-9009-47F5-ADF4-63E73E6B663B}"
EndProject
Project("{9A19103F-16F7-4668-BE54-9A1E7A4F7556}") = "ProtonVPN.ProcessCommunication.Common", "src\ProcessCommunication\ProtonVPN.ProcessCommunication.Common\ProtonVPN.ProcessCommunication.Common.csproj", "{E2404BB9-0B08-4DDB-AA8A-D55DAD042E62}"
EndProject
Project("{2150E333-8FDC-42A3-9474-1A3956D46DE8}") = "Service", "Service", "{AF9F8787-E233-4DBF-B973-916EBCD88D96}"
EndProject
Project("{2150E333-8FDC-42A3-9474-1A3956D46DE8}") = "App", "App", "{A4955C19-C422-45E6-9F01-5AE2E9A76B2F}"
EndProject
Project("{9A19103F-16F7-4668-BE54-9A1E7A4F7556}") = "ProtonVPN.ProcessCommunication.Service", "src\ProcessCommunication\Service\ProtonVPN.ProcessCommunication.Service\ProtonVPN.ProcessCommunication.Service.csproj", "{321C6410-B154-45BD-B44A-7CD451BBA9F0}"
EndProject
Project("{9A19103F-16F7-4668-BE54-9A1E7A4F7556}") = "ProtonVPN.ProcessCommunication.Service.Installers", "src\ProcessCommunication\Service\ProtonVPN.ProcessCommunication.Service.Installers\ProtonVPN.ProcessCommunication.Service.Installers.csproj", "{076A3785-83CD-4AE3-BE45-1AE183587731}"
EndProject
Project("{9A19103F-16F7-4668-BE54-9A1E7A4F7556}") = "ProtonVPN.ProcessCommunication.Service.Tests", "src\ProcessCommunication\Service\ProtonVPN.ProcessCommunication.Service.Tests\ProtonVPN.ProcessCommunication.Service.Tests.csproj", "{0997005B-E6FF-4D3F-AACE-C29338C7977F}"
EndProject
Project("{9A19103F-16F7-4668-BE54-9A1E7A4F7556}") = "ProtonVPN.ProcessCommunication.App", "src\ProcessCommunication\App\ProtonVPN.ProcessCommunication.App\ProtonVPN.ProcessCommunication.App.csproj", "{15F67655-8025-4389-8FF7-3F3CA7F543DA}"
EndProject
Project("{9A19103F-16F7-4668-BE54-9A1E7A4F7556}") = "ProtonVPN.ProcessCommunication.App.Installers", "src\ProcessCommunication\App\ProtonVPN.ProcessCommunication.App.Installers\ProtonVPN.ProcessCommunication.App.Installers.csproj", "{1BCFC9AF-6570-4996-949D-3C45F3411712}"
EndProject
Project("{9A19103F-16F7-4668-BE54-9A1E7A4F7556}") = "ProtonVPN.ProcessCommunication.App.Tests", "src\ProcessCommunication\App\ProtonVPN.ProcessCommunication.App.Tests\ProtonVPN.ProcessCommunication.App.Tests.csproj", "{219FADE8-5473-4099-8291-7C29AA6F4808}"
EndProject
Project("{2150E333-8FDC-42A3-9474-1A3956D46DE8}") = "EntityMapping", "EntityMapping", "{E85D3982-0792-430A-9E58-8B7C1A329F88}"
EndProject
Project("{9A19103F-16F7-4668-BE54-9A1E7A4F7556}") = "ProtonVPN.EntityMapping.Contracts", "src\EntityMapping\ProtonVPN.EntityMapping.Contracts\ProtonVPN.EntityMapping.Contracts.csproj", "{BCEADFB1-3446-4E82-91C1-E7A5D4E731C2}"
EndProject
Project("{9A19103F-16F7-4668-BE54-9A1E7A4F7556}") = "ProtonVPN.EntityMapping", "src\EntityMapping\ProtonVPN.EntityMapping\ProtonVPN.EntityMapping.csproj", "{A3EB6441-4729-4FC9-B0E8-E0A075D4DF4F}"
EndProject
Project("{9A19103F-16F7-4668-BE54-9A1E7A4F7556}") = "ProtonVPN.EntityMapping.Installers", "src\EntityMapping\ProtonVPN.EntityMapping.Installers\ProtonVPN.EntityMapping.Installers.csproj", "{D5596914-F824-45DD-9496-3D8A7FAD5796}"
EndProject
Project("{9A19103F-16F7-4668-BE54-9A1E7A4F7556}") = "ProtonVPN.ProcessCommunication.EntityMapping", "src\ProcessCommunication\ProtonVPN.ProcessCommunication.EntityMapping\ProtonVPN.ProcessCommunication.EntityMapping.csproj", "{32817833-F567-4A92-BB57-8579A1D81DBA}"
EndProject
Project("{9A19103F-16F7-4668-BE54-9A1E7A4F7556}") = "ProtonVPN.ProcessCommunication.Installers", "src\ProcessCommunication\ProtonVPN.ProcessCommunication.Installers\ProtonVPN.ProcessCommunication.Installers.csproj", "{354CB379-4F37-4C57-B71C-916257B7B328}"
EndProject
Project("{9A19103F-16F7-4668-BE54-9A1E7A4F7556}") = "ProtonVPN.ProcessCommunication.Common.Tests", "src\ProcessCommunication\ProtonVPN.ProcessCommunication.Common.Tests\ProtonVPN.ProcessCommunication.Common.Tests.csproj", "{E635ECAF-7338-4B82-A606-CAFEDCC11D6E}"
EndProject
Project("{9A19103F-16F7-4668-BE54-9A1E7A4F7556}") = "ProtonVPN.EntityMapping.Tests", "src\EntityMapping\ProtonVPN.EntityMapping.Tests\ProtonVPN.EntityMapping.Tests.csproj", "{9FAB310D-BB12-42A9-9E09-6762DF98DA0F}"
EndProject
Project("{9A19103F-16F7-4668-BE54-9A1E7A4F7556}") = "ProtonVPN.ProcessCommunication.EntityMapping.Tests", "src\ProcessCommunication\ProtonVPN.ProcessCommunication.EntityMapping.Tests\ProtonVPN.ProcessCommunication.EntityMapping.Tests.csproj", "{99B7AEAE-EFC1-4343-ACAA-AA621E3E1026}"
EndProject
Project("{9A19103F-16F7-4668-BE54-9A1E7A4F7556}") = "ProtonVPN.Launcher", "src\ProtonVPN.Launcher\ProtonVPN.Launcher.csproj", "{1CE13B94-7AD5-49A5-802C-945D34903C23}"
EndProject
Project("{2150E333-8FDC-42A3-9474-1A3956D46DE8}") = "Update", "Update", "{7B4E6671-D28C-4159-BB16-40CEAC76EE73}"
EndProject
Project("{9A19103F-16F7-4668-BE54-9A1E7A4F7556}") = "ProtonVPN.Update.Contracts", "src\Update\ProtonVPN.Update.Contracts\ProtonVPN.Update.Contracts.csproj", "{688CEDDE-8105-49ED-937C-567B0F28B7AF}"
EndProject
Project("{9A19103F-16F7-4668-BE54-9A1E7A4F7556}") = "ProtonVPN.Update.Installers", "src\Update\ProtonVPN.Update.Installers\ProtonVPN.Update.Installers.csproj", "{C5CF6D06-C762-4DBE-8771-CE64B9CC81E0}"
EndProject
Project("{2150E333-8FDC-42A3-9474-1A3956D46DE8}") = "IssueReporting", "IssueReporting", "{D2A5F6DB-29AA-47C2-9AF9-96E294328139}"
EndProject
Project("{9A19103F-16F7-4668-BE54-9A1E7A4F7556}") = "ProtonVPN.IssueReporting", "src\IssueReporting\ProtonVPN.IssueReporting\ProtonVPN.IssueReporting.csproj", "{6DF66A16-6F21-4A72-A366-C5E70E4C34EF}"
EndProject
Project("{9A19103F-16F7-4668-BE54-9A1E7A4F7556}") = "ProtonVPN.IssueReporting.Contracts", "src\IssueReporting\ProtonVPN.IssueReporting.Contracts\ProtonVPN.IssueReporting.Contracts.csproj", "{77BE3256-5CA0-490C-BB30-B187285E0EE6}"
EndProject
Project("{9A19103F-16F7-4668-BE54-9A1E7A4F7556}") = "ProtonVPN.IssueReporting.Installers", "src\IssueReporting\ProtonVPN.IssueReporting.Installers\ProtonVPN.IssueReporting.Installers.csproj", "{753A3B06-C763-4869-8ECF-74274049624D}"
EndProject
Project("{2150E333-8FDC-42A3-9474-1A3956D46DE8}") = "Common", "Common", "{56FAE5B5-F1F8-41AF-85E8-54B2CEC2B89E}"
EndProject
Project("{9A19103F-16F7-4668-BE54-9A1E7A4F7556}") = "ProtonVPN.Common.Installers", "src\Common\ProtonVPN.Common.Installers\ProtonVPN.Common.Installers.csproj", "{C8931979-88CB-4C80-93CF-740680A5206E}"
EndProject
Project("{2150E333-8FDC-42A3-9474-1A3956D46DE8}") = "Logging", "Logging", "{2A968101-45CA-421C-A546-00D681BF3C76}"
EndProject
Project("{9A19103F-16F7-4668-BE54-9A1E7A4F7556}") = "ProtonVPN.Logging", "src\Logging\ProtonVPN.Logging\ProtonVPN.Logging.csproj", "{E6ACC4BC-2A7D-4AB5-87BD-A28C7CD6A388}"
EndProject
Project("{9A19103F-16F7-4668-BE54-9A1E7A4F7556}") = "ProtonVPN.Logging.Contracts", "src\Logging\ProtonVPN.Logging.Contracts\ProtonVPN.Logging.Contracts.csproj", "{313EBBB8-C029-4A12-B898-EB6E18D025EA}"
EndProject
Project("{9A19103F-16F7-4668-BE54-9A1E7A4F7556}") = "ProtonVPN.Logging.Installers", "src\Logging\ProtonVPN.Logging.Installers\ProtonVPN.Logging.Installers.csproj", "{3522105D-D4CD-4707-8613-271998B582DA}"
EndProject
Project("{9A19103F-16F7-4668-BE54-9A1E7A4F7556}") = "ProtonVPN.Logging.Tests", "src\Logging\ProtonVPN.Logging.Tests\ProtonVPN.Logging.Tests.csproj", "{433F53CA-E2E3-4CE1-A342-4A358D1999FC}"
EndProject
Project("{2150E333-8FDC-42A3-9474-1A3956D46DE8}") = "StatisticalEvents", "StatisticalEvents", "{4B1EF657-A679-43B5-83DD-612D602C6333}"
EndProject
Project("{FAE04EC0-301F-11D3-BF4B-00C04F79EFBC}") = "ProtonVPN.StatisticalEvents", "src\StatisticalEvents\ProtonVPN.StatisticalEvents\ProtonVPN.StatisticalEvents.csproj", "{C8B78B43-EFEE-41CF-8BE9-1EA84AA18BF9}"
EndProject
Project("{FAE04EC0-301F-11D3-BF4B-00C04F79EFBC}") = "ProtonVPN.StatisticalEvents.Contracts", "src\StatisticalEvents\ProtonVPN.StatisticalEvents.Contracts\ProtonVPN.StatisticalEvents.Contracts.csproj", "{669BF256-765D-4BF1-9278-68EF33F86FFB}"
EndProject
Project("{FAE04EC0-301F-11D3-BF4B-00C04F79EFBC}") = "ProtonVPN.StatisticalEvents.Installers", "src\StatisticalEvents\ProtonVPN.StatisticalEvents.Installers\ProtonVPN.StatisticalEvents.Installers.csproj", "{CEE9045E-0299-4488-80FF-0162D099C544}"
EndProject
Global
	GlobalSection(SolutionConfigurationPlatforms) = preSolution
		Debug|Any CPU = Debug|Any CPU
		Debug|x64 = Debug|x64
		Debug|x86 = Debug|x86
		Release|Any CPU = Release|Any CPU
		Release|x64 = Release|x64
		Release|x86 = Release|x86
	EndGlobalSection
	GlobalSection(ProjectConfigurationPlatforms) = postSolution
		{25781B52-5858-4387-80A5-C9C38C32B3CC}.Debug|Any CPU.ActiveCfg = Debug|Any CPU
		{25781B52-5858-4387-80A5-C9C38C32B3CC}.Debug|Any CPU.Build.0 = Debug|Any CPU
		{25781B52-5858-4387-80A5-C9C38C32B3CC}.Debug|x64.ActiveCfg = Debug|Any CPU
		{25781B52-5858-4387-80A5-C9C38C32B3CC}.Debug|x64.Build.0 = Debug|Any CPU
		{25781B52-5858-4387-80A5-C9C38C32B3CC}.Debug|x86.ActiveCfg = Debug|Any CPU
		{25781B52-5858-4387-80A5-C9C38C32B3CC}.Debug|x86.Build.0 = Debug|Any CPU
		{25781B52-5858-4387-80A5-C9C38C32B3CC}.Release|Any CPU.ActiveCfg = Release|Any CPU
		{25781B52-5858-4387-80A5-C9C38C32B3CC}.Release|Any CPU.Build.0 = Release|Any CPU
		{25781B52-5858-4387-80A5-C9C38C32B3CC}.Release|x64.ActiveCfg = Release|Any CPU
		{25781B52-5858-4387-80A5-C9C38C32B3CC}.Release|x64.Build.0 = Release|Any CPU
		{25781B52-5858-4387-80A5-C9C38C32B3CC}.Release|x86.ActiveCfg = Release|Any CPU
		{25781B52-5858-4387-80A5-C9C38C32B3CC}.Release|x86.Build.0 = Release|Any CPU
		{0CDCA012-BB2D-49B3-944E-CE80D75D651A}.Debug|Any CPU.ActiveCfg = Debug|Any CPU
		{0CDCA012-BB2D-49B3-944E-CE80D75D651A}.Debug|Any CPU.Build.0 = Debug|Any CPU
		{0CDCA012-BB2D-49B3-944E-CE80D75D651A}.Debug|x64.ActiveCfg = Debug|Any CPU
		{0CDCA012-BB2D-49B3-944E-CE80D75D651A}.Debug|x64.Build.0 = Debug|Any CPU
		{0CDCA012-BB2D-49B3-944E-CE80D75D651A}.Debug|x86.ActiveCfg = Debug|Any CPU
		{0CDCA012-BB2D-49B3-944E-CE80D75D651A}.Debug|x86.Build.0 = Debug|Any CPU
		{0CDCA012-BB2D-49B3-944E-CE80D75D651A}.Release|Any CPU.ActiveCfg = Release|Any CPU
		{0CDCA012-BB2D-49B3-944E-CE80D75D651A}.Release|Any CPU.Build.0 = Release|Any CPU
		{0CDCA012-BB2D-49B3-944E-CE80D75D651A}.Release|x64.ActiveCfg = Release|Any CPU
		{0CDCA012-BB2D-49B3-944E-CE80D75D651A}.Release|x64.Build.0 = Release|Any CPU
		{0CDCA012-BB2D-49B3-944E-CE80D75D651A}.Release|x86.ActiveCfg = Release|Any CPU
		{0CDCA012-BB2D-49B3-944E-CE80D75D651A}.Release|x86.Build.0 = Release|Any CPU
		{CA44B51D-7645-413A-818F-2C5B57DB67DD}.Debug|Any CPU.ActiveCfg = Debug|Any CPU
		{CA44B51D-7645-413A-818F-2C5B57DB67DD}.Debug|Any CPU.Build.0 = Debug|Any CPU
		{CA44B51D-7645-413A-818F-2C5B57DB67DD}.Debug|x64.ActiveCfg = Debug|Any CPU
		{CA44B51D-7645-413A-818F-2C5B57DB67DD}.Debug|x64.Build.0 = Debug|Any CPU
		{CA44B51D-7645-413A-818F-2C5B57DB67DD}.Debug|x86.ActiveCfg = Debug|Any CPU
		{CA44B51D-7645-413A-818F-2C5B57DB67DD}.Debug|x86.Build.0 = Debug|Any CPU
		{CA44B51D-7645-413A-818F-2C5B57DB67DD}.Release|Any CPU.ActiveCfg = Release|Any CPU
		{CA44B51D-7645-413A-818F-2C5B57DB67DD}.Release|Any CPU.Build.0 = Release|Any CPU
		{CA44B51D-7645-413A-818F-2C5B57DB67DD}.Release|x64.ActiveCfg = Release|Any CPU
		{CA44B51D-7645-413A-818F-2C5B57DB67DD}.Release|x64.Build.0 = Release|Any CPU
		{CA44B51D-7645-413A-818F-2C5B57DB67DD}.Release|x86.ActiveCfg = Release|Any CPU
		{CA44B51D-7645-413A-818F-2C5B57DB67DD}.Release|x86.Build.0 = Release|Any CPU
		{FA0D86B4-2B86-4DFE-B7E6-7C809DB74A13}.Debug|Any CPU.ActiveCfg = Debug|Any CPU
		{FA0D86B4-2B86-4DFE-B7E6-7C809DB74A13}.Debug|Any CPU.Build.0 = Debug|Any CPU
		{FA0D86B4-2B86-4DFE-B7E6-7C809DB74A13}.Debug|x64.ActiveCfg = Debug|Any CPU
		{FA0D86B4-2B86-4DFE-B7E6-7C809DB74A13}.Debug|x64.Build.0 = Debug|Any CPU
		{FA0D86B4-2B86-4DFE-B7E6-7C809DB74A13}.Debug|x86.ActiveCfg = Debug|Any CPU
		{FA0D86B4-2B86-4DFE-B7E6-7C809DB74A13}.Debug|x86.Build.0 = Debug|Any CPU
		{FA0D86B4-2B86-4DFE-B7E6-7C809DB74A13}.Release|Any CPU.ActiveCfg = Release|Any CPU
		{FA0D86B4-2B86-4DFE-B7E6-7C809DB74A13}.Release|Any CPU.Build.0 = Release|Any CPU
		{FA0D86B4-2B86-4DFE-B7E6-7C809DB74A13}.Release|x64.ActiveCfg = Release|Any CPU
		{FA0D86B4-2B86-4DFE-B7E6-7C809DB74A13}.Release|x64.Build.0 = Release|Any CPU
		{FA0D86B4-2B86-4DFE-B7E6-7C809DB74A13}.Release|x86.ActiveCfg = Release|Any CPU
		{FA0D86B4-2B86-4DFE-B7E6-7C809DB74A13}.Release|x86.Build.0 = Release|Any CPU
		{7F48FD5C-A4C6-496A-B68E-265237C22330}.Debug|Any CPU.ActiveCfg = Debug|Any CPU
		{7F48FD5C-A4C6-496A-B68E-265237C22330}.Debug|Any CPU.Build.0 = Debug|Any CPU
		{7F48FD5C-A4C6-496A-B68E-265237C22330}.Debug|x64.ActiveCfg = Debug|Any CPU
		{7F48FD5C-A4C6-496A-B68E-265237C22330}.Debug|x64.Build.0 = Debug|Any CPU
		{7F48FD5C-A4C6-496A-B68E-265237C22330}.Debug|x86.ActiveCfg = Debug|Any CPU
		{7F48FD5C-A4C6-496A-B68E-265237C22330}.Debug|x86.Build.0 = Debug|Any CPU
		{7F48FD5C-A4C6-496A-B68E-265237C22330}.Release|Any CPU.ActiveCfg = Release|Any CPU
		{7F48FD5C-A4C6-496A-B68E-265237C22330}.Release|Any CPU.Build.0 = Release|Any CPU
		{7F48FD5C-A4C6-496A-B68E-265237C22330}.Release|x64.ActiveCfg = Release|Any CPU
		{7F48FD5C-A4C6-496A-B68E-265237C22330}.Release|x64.Build.0 = Release|Any CPU
		{7F48FD5C-A4C6-496A-B68E-265237C22330}.Release|x86.ActiveCfg = Release|Any CPU
		{7F48FD5C-A4C6-496A-B68E-265237C22330}.Release|x86.Build.0 = Release|Any CPU
		{4AA7CE6F-7154-49C1-B598-46055D590CAD}.Debug|Any CPU.ActiveCfg = Debug|Any CPU
		{4AA7CE6F-7154-49C1-B598-46055D590CAD}.Debug|Any CPU.Build.0 = Debug|Any CPU
		{4AA7CE6F-7154-49C1-B598-46055D590CAD}.Debug|x64.ActiveCfg = Debug|Any CPU
		{4AA7CE6F-7154-49C1-B598-46055D590CAD}.Debug|x64.Build.0 = Debug|Any CPU
		{4AA7CE6F-7154-49C1-B598-46055D590CAD}.Debug|x86.ActiveCfg = Debug|Any CPU
		{4AA7CE6F-7154-49C1-B598-46055D590CAD}.Debug|x86.Build.0 = Debug|Any CPU
		{4AA7CE6F-7154-49C1-B598-46055D590CAD}.Release|Any CPU.ActiveCfg = Release|Any CPU
		{4AA7CE6F-7154-49C1-B598-46055D590CAD}.Release|Any CPU.Build.0 = Release|Any CPU
		{4AA7CE6F-7154-49C1-B598-46055D590CAD}.Release|x64.ActiveCfg = Release|Any CPU
		{4AA7CE6F-7154-49C1-B598-46055D590CAD}.Release|x64.Build.0 = Release|Any CPU
		{4AA7CE6F-7154-49C1-B598-46055D590CAD}.Release|x86.ActiveCfg = Release|Any CPU
		{4AA7CE6F-7154-49C1-B598-46055D590CAD}.Release|x86.Build.0 = Release|Any CPU
		{90FDF2B3-25C9-428D-B264-5A5FAEB2D988}.Debug|Any CPU.ActiveCfg = Debug|Any CPU
		{90FDF2B3-25C9-428D-B264-5A5FAEB2D988}.Debug|Any CPU.Build.0 = Debug|Any CPU
		{90FDF2B3-25C9-428D-B264-5A5FAEB2D988}.Debug|x64.ActiveCfg = Debug|Any CPU
		{90FDF2B3-25C9-428D-B264-5A5FAEB2D988}.Debug|x64.Build.0 = Debug|Any CPU
		{90FDF2B3-25C9-428D-B264-5A5FAEB2D988}.Debug|x86.ActiveCfg = Debug|Any CPU
		{90FDF2B3-25C9-428D-B264-5A5FAEB2D988}.Debug|x86.Build.0 = Debug|Any CPU
		{90FDF2B3-25C9-428D-B264-5A5FAEB2D988}.Release|Any CPU.ActiveCfg = Release|Any CPU
		{90FDF2B3-25C9-428D-B264-5A5FAEB2D988}.Release|Any CPU.Build.0 = Release|Any CPU
		{90FDF2B3-25C9-428D-B264-5A5FAEB2D988}.Release|x64.ActiveCfg = Release|Any CPU
		{90FDF2B3-25C9-428D-B264-5A5FAEB2D988}.Release|x64.Build.0 = Release|Any CPU
		{90FDF2B3-25C9-428D-B264-5A5FAEB2D988}.Release|x86.ActiveCfg = Release|Any CPU
		{90FDF2B3-25C9-428D-B264-5A5FAEB2D988}.Release|x86.Build.0 = Release|Any CPU
		{7D658974-C38C-421F-8186-B735F06CFC58}.Debug|Any CPU.ActiveCfg = Debug|Any CPU
		{7D658974-C38C-421F-8186-B735F06CFC58}.Debug|Any CPU.Build.0 = Debug|Any CPU
		{7D658974-C38C-421F-8186-B735F06CFC58}.Debug|x64.ActiveCfg = Debug|Any CPU
		{7D658974-C38C-421F-8186-B735F06CFC58}.Debug|x64.Build.0 = Debug|Any CPU
		{7D658974-C38C-421F-8186-B735F06CFC58}.Debug|x86.ActiveCfg = Debug|Any CPU
		{7D658974-C38C-421F-8186-B735F06CFC58}.Debug|x86.Build.0 = Debug|Any CPU
		{7D658974-C38C-421F-8186-B735F06CFC58}.Release|Any CPU.ActiveCfg = Release|Any CPU
		{7D658974-C38C-421F-8186-B735F06CFC58}.Release|Any CPU.Build.0 = Release|Any CPU
		{7D658974-C38C-421F-8186-B735F06CFC58}.Release|x64.ActiveCfg = Release|Any CPU
		{7D658974-C38C-421F-8186-B735F06CFC58}.Release|x64.Build.0 = Release|Any CPU
		{7D658974-C38C-421F-8186-B735F06CFC58}.Release|x86.ActiveCfg = Release|Any CPU
		{7D658974-C38C-421F-8186-B735F06CFC58}.Release|x86.Build.0 = Release|Any CPU
		{03B8E43C-5680-4803-A745-0A104FE6620C}.Debug|Any CPU.ActiveCfg = Debug|Any CPU
		{03B8E43C-5680-4803-A745-0A104FE6620C}.Debug|Any CPU.Build.0 = Debug|Any CPU
		{03B8E43C-5680-4803-A745-0A104FE6620C}.Debug|x64.ActiveCfg = Debug|Any CPU
		{03B8E43C-5680-4803-A745-0A104FE6620C}.Debug|x64.Build.0 = Debug|Any CPU
		{03B8E43C-5680-4803-A745-0A104FE6620C}.Debug|x86.ActiveCfg = Debug|Any CPU
		{03B8E43C-5680-4803-A745-0A104FE6620C}.Debug|x86.Build.0 = Debug|Any CPU
		{03B8E43C-5680-4803-A745-0A104FE6620C}.Release|Any CPU.ActiveCfg = Release|Any CPU
		{03B8E43C-5680-4803-A745-0A104FE6620C}.Release|Any CPU.Build.0 = Release|Any CPU
		{03B8E43C-5680-4803-A745-0A104FE6620C}.Release|x64.ActiveCfg = Release|Any CPU
		{03B8E43C-5680-4803-A745-0A104FE6620C}.Release|x64.Build.0 = Release|Any CPU
		{03B8E43C-5680-4803-A745-0A104FE6620C}.Release|x86.ActiveCfg = Release|Any CPU
		{03B8E43C-5680-4803-A745-0A104FE6620C}.Release|x86.Build.0 = Release|Any CPU
		{45A0EA81-D37E-4D7F-8CE1-CE6B6A95A9ED}.Debug|Any CPU.ActiveCfg = Debug|Any CPU
		{45A0EA81-D37E-4D7F-8CE1-CE6B6A95A9ED}.Debug|Any CPU.Build.0 = Debug|Any CPU
		{45A0EA81-D37E-4D7F-8CE1-CE6B6A95A9ED}.Debug|x64.ActiveCfg = Debug|Any CPU
		{45A0EA81-D37E-4D7F-8CE1-CE6B6A95A9ED}.Debug|x64.Build.0 = Debug|Any CPU
		{45A0EA81-D37E-4D7F-8CE1-CE6B6A95A9ED}.Debug|x86.ActiveCfg = Debug|Any CPU
		{45A0EA81-D37E-4D7F-8CE1-CE6B6A95A9ED}.Debug|x86.Build.0 = Debug|Any CPU
		{45A0EA81-D37E-4D7F-8CE1-CE6B6A95A9ED}.Release|Any CPU.ActiveCfg = Release|Any CPU
		{45A0EA81-D37E-4D7F-8CE1-CE6B6A95A9ED}.Release|Any CPU.Build.0 = Release|Any CPU
		{45A0EA81-D37E-4D7F-8CE1-CE6B6A95A9ED}.Release|x64.ActiveCfg = Release|Any CPU
		{45A0EA81-D37E-4D7F-8CE1-CE6B6A95A9ED}.Release|x64.Build.0 = Release|Any CPU
		{45A0EA81-D37E-4D7F-8CE1-CE6B6A95A9ED}.Release|x86.ActiveCfg = Release|Any CPU
		{45A0EA81-D37E-4D7F-8CE1-CE6B6A95A9ED}.Release|x86.Build.0 = Release|Any CPU
		{5F2931B6-9A77-4F94-80CD-BC9B9A0C64BF}.Debug|Any CPU.ActiveCfg = Debug|Any CPU
		{5F2931B6-9A77-4F94-80CD-BC9B9A0C64BF}.Debug|Any CPU.Build.0 = Debug|Any CPU
		{5F2931B6-9A77-4F94-80CD-BC9B9A0C64BF}.Debug|x64.ActiveCfg = Debug|Any CPU
		{5F2931B6-9A77-4F94-80CD-BC9B9A0C64BF}.Debug|x64.Build.0 = Debug|Any CPU
		{5F2931B6-9A77-4F94-80CD-BC9B9A0C64BF}.Debug|x86.ActiveCfg = Debug|Any CPU
		{5F2931B6-9A77-4F94-80CD-BC9B9A0C64BF}.Debug|x86.Build.0 = Debug|Any CPU
		{5F2931B6-9A77-4F94-80CD-BC9B9A0C64BF}.Release|Any CPU.ActiveCfg = Release|Any CPU
		{5F2931B6-9A77-4F94-80CD-BC9B9A0C64BF}.Release|Any CPU.Build.0 = Release|Any CPU
		{5F2931B6-9A77-4F94-80CD-BC9B9A0C64BF}.Release|x64.ActiveCfg = Release|Any CPU
		{5F2931B6-9A77-4F94-80CD-BC9B9A0C64BF}.Release|x64.Build.0 = Release|Any CPU
		{5F2931B6-9A77-4F94-80CD-BC9B9A0C64BF}.Release|x86.ActiveCfg = Release|Any CPU
		{5F2931B6-9A77-4F94-80CD-BC9B9A0C64BF}.Release|x86.Build.0 = Release|Any CPU
		{24E940FF-C9F3-4D5C-8FCF-CA527F055318}.Debug|Any CPU.ActiveCfg = Debug|Any CPU
		{24E940FF-C9F3-4D5C-8FCF-CA527F055318}.Debug|Any CPU.Build.0 = Debug|Any CPU
		{24E940FF-C9F3-4D5C-8FCF-CA527F055318}.Debug|x64.ActiveCfg = Debug|Any CPU
		{24E940FF-C9F3-4D5C-8FCF-CA527F055318}.Debug|x64.Build.0 = Debug|Any CPU
		{24E940FF-C9F3-4D5C-8FCF-CA527F055318}.Debug|x86.ActiveCfg = Debug|Any CPU
		{24E940FF-C9F3-4D5C-8FCF-CA527F055318}.Debug|x86.Build.0 = Debug|Any CPU
		{24E940FF-C9F3-4D5C-8FCF-CA527F055318}.Release|Any CPU.ActiveCfg = Release|Any CPU
		{24E940FF-C9F3-4D5C-8FCF-CA527F055318}.Release|Any CPU.Build.0 = Release|Any CPU
		{24E940FF-C9F3-4D5C-8FCF-CA527F055318}.Release|x64.ActiveCfg = Release|Any CPU
		{24E940FF-C9F3-4D5C-8FCF-CA527F055318}.Release|x64.Build.0 = Release|Any CPU
		{24E940FF-C9F3-4D5C-8FCF-CA527F055318}.Release|x86.ActiveCfg = Release|Any CPU
		{24E940FF-C9F3-4D5C-8FCF-CA527F055318}.Release|x86.Build.0 = Release|Any CPU
		{4290C007-2142-4AD1-8EB6-F80EF2F45AA4}.Debug|Any CPU.ActiveCfg = Debug|Any CPU
		{4290C007-2142-4AD1-8EB6-F80EF2F45AA4}.Debug|Any CPU.Build.0 = Debug|Any CPU
		{4290C007-2142-4AD1-8EB6-F80EF2F45AA4}.Debug|x64.ActiveCfg = Debug|Any CPU
		{4290C007-2142-4AD1-8EB6-F80EF2F45AA4}.Debug|x64.Build.0 = Debug|Any CPU
		{4290C007-2142-4AD1-8EB6-F80EF2F45AA4}.Debug|x86.ActiveCfg = Debug|Any CPU
		{4290C007-2142-4AD1-8EB6-F80EF2F45AA4}.Debug|x86.Build.0 = Debug|Any CPU
		{4290C007-2142-4AD1-8EB6-F80EF2F45AA4}.Release|Any CPU.ActiveCfg = Release|Any CPU
		{4290C007-2142-4AD1-8EB6-F80EF2F45AA4}.Release|Any CPU.Build.0 = Release|Any CPU
		{4290C007-2142-4AD1-8EB6-F80EF2F45AA4}.Release|x64.ActiveCfg = Release|Any CPU
		{4290C007-2142-4AD1-8EB6-F80EF2F45AA4}.Release|x64.Build.0 = Release|Any CPU
		{4290C007-2142-4AD1-8EB6-F80EF2F45AA4}.Release|x86.ActiveCfg = Release|Any CPU
		{4290C007-2142-4AD1-8EB6-F80EF2F45AA4}.Release|x86.Build.0 = Release|Any CPU
		{A16637C2-2D91-4953-AE04-D91EC188DD7B}.Debug|Any CPU.ActiveCfg = Debug|Any CPU
		{A16637C2-2D91-4953-AE04-D91EC188DD7B}.Debug|Any CPU.Build.0 = Debug|Any CPU
		{A16637C2-2D91-4953-AE04-D91EC188DD7B}.Debug|x64.ActiveCfg = Debug|Any CPU
		{A16637C2-2D91-4953-AE04-D91EC188DD7B}.Debug|x64.Build.0 = Debug|Any CPU
		{A16637C2-2D91-4953-AE04-D91EC188DD7B}.Debug|x86.ActiveCfg = Debug|Any CPU
		{A16637C2-2D91-4953-AE04-D91EC188DD7B}.Debug|x86.Build.0 = Debug|Any CPU
		{A16637C2-2D91-4953-AE04-D91EC188DD7B}.Release|Any CPU.ActiveCfg = Release|Any CPU
		{A16637C2-2D91-4953-AE04-D91EC188DD7B}.Release|Any CPU.Build.0 = Release|Any CPU
		{A16637C2-2D91-4953-AE04-D91EC188DD7B}.Release|x64.ActiveCfg = Release|Any CPU
		{A16637C2-2D91-4953-AE04-D91EC188DD7B}.Release|x64.Build.0 = Release|Any CPU
		{A16637C2-2D91-4953-AE04-D91EC188DD7B}.Release|x86.ActiveCfg = Release|Any CPU
		{A16637C2-2D91-4953-AE04-D91EC188DD7B}.Release|x86.Build.0 = Release|Any CPU
		{A0DA4200-6643-4F2C-8450-65B8CE8A5576}.Debug|Any CPU.ActiveCfg = Debug|Any CPU
		{A0DA4200-6643-4F2C-8450-65B8CE8A5576}.Debug|Any CPU.Build.0 = Debug|Any CPU
		{A0DA4200-6643-4F2C-8450-65B8CE8A5576}.Debug|x64.ActiveCfg = Debug|Any CPU
		{A0DA4200-6643-4F2C-8450-65B8CE8A5576}.Debug|x64.Build.0 = Debug|Any CPU
		{A0DA4200-6643-4F2C-8450-65B8CE8A5576}.Debug|x86.ActiveCfg = Debug|Any CPU
		{A0DA4200-6643-4F2C-8450-65B8CE8A5576}.Debug|x86.Build.0 = Debug|Any CPU
		{A0DA4200-6643-4F2C-8450-65B8CE8A5576}.Release|Any CPU.ActiveCfg = Release|Any CPU
		{A0DA4200-6643-4F2C-8450-65B8CE8A5576}.Release|Any CPU.Build.0 = Release|Any CPU
		{A0DA4200-6643-4F2C-8450-65B8CE8A5576}.Release|x64.ActiveCfg = Release|Any CPU
		{A0DA4200-6643-4F2C-8450-65B8CE8A5576}.Release|x64.Build.0 = Release|Any CPU
		{A0DA4200-6643-4F2C-8450-65B8CE8A5576}.Release|x86.ActiveCfg = Release|Any CPU
		{A0DA4200-6643-4F2C-8450-65B8CE8A5576}.Release|x86.Build.0 = Release|Any CPU
		{CB301B4C-D518-41F5-873B-9B1F145DB4AF}.Debug|Any CPU.ActiveCfg = Debug|Any CPU
		{CB301B4C-D518-41F5-873B-9B1F145DB4AF}.Debug|Any CPU.Build.0 = Debug|Any CPU
		{CB301B4C-D518-41F5-873B-9B1F145DB4AF}.Debug|x64.ActiveCfg = Debug|Any CPU
		{CB301B4C-D518-41F5-873B-9B1F145DB4AF}.Debug|x64.Build.0 = Debug|Any CPU
		{CB301B4C-D518-41F5-873B-9B1F145DB4AF}.Debug|x86.ActiveCfg = Debug|Any CPU
		{CB301B4C-D518-41F5-873B-9B1F145DB4AF}.Debug|x86.Build.0 = Debug|Any CPU
		{CB301B4C-D518-41F5-873B-9B1F145DB4AF}.Release|Any CPU.ActiveCfg = Release|Any CPU
		{CB301B4C-D518-41F5-873B-9B1F145DB4AF}.Release|Any CPU.Build.0 = Release|Any CPU
		{CB301B4C-D518-41F5-873B-9B1F145DB4AF}.Release|x64.ActiveCfg = Release|Any CPU
		{CB301B4C-D518-41F5-873B-9B1F145DB4AF}.Release|x64.Build.0 = Release|Any CPU
		{CB301B4C-D518-41F5-873B-9B1F145DB4AF}.Release|x86.ActiveCfg = Release|Any CPU
		{CB301B4C-D518-41F5-873B-9B1F145DB4AF}.Release|x86.Build.0 = Release|Any CPU
		{1CF1B8BF-57EB-4E49-B644-0A8F2DFEEB58}.Debug|Any CPU.ActiveCfg = Debug|Any CPU
		{1CF1B8BF-57EB-4E49-B644-0A8F2DFEEB58}.Debug|Any CPU.Build.0 = Debug|Any CPU
		{1CF1B8BF-57EB-4E49-B644-0A8F2DFEEB58}.Debug|x64.ActiveCfg = Debug|Any CPU
		{1CF1B8BF-57EB-4E49-B644-0A8F2DFEEB58}.Debug|x64.Build.0 = Debug|Any CPU
		{1CF1B8BF-57EB-4E49-B644-0A8F2DFEEB58}.Debug|x86.ActiveCfg = Debug|Any CPU
		{1CF1B8BF-57EB-4E49-B644-0A8F2DFEEB58}.Debug|x86.Build.0 = Debug|Any CPU
		{1CF1B8BF-57EB-4E49-B644-0A8F2DFEEB58}.Release|Any CPU.ActiveCfg = Release|Any CPU
		{1CF1B8BF-57EB-4E49-B644-0A8F2DFEEB58}.Release|Any CPU.Build.0 = Release|Any CPU
		{1CF1B8BF-57EB-4E49-B644-0A8F2DFEEB58}.Release|x64.ActiveCfg = Release|Any CPU
		{1CF1B8BF-57EB-4E49-B644-0A8F2DFEEB58}.Release|x64.Build.0 = Release|Any CPU
		{1CF1B8BF-57EB-4E49-B644-0A8F2DFEEB58}.Release|x86.ActiveCfg = Release|Any CPU
		{1CF1B8BF-57EB-4E49-B644-0A8F2DFEEB58}.Release|x86.Build.0 = Release|Any CPU
		{BA03F069-6A26-45D1-8B05-6E61E3D9D1E1}.Debug|Any CPU.ActiveCfg = Debug|Any CPU
		{BA03F069-6A26-45D1-8B05-6E61E3D9D1E1}.Debug|Any CPU.Build.0 = Debug|Any CPU
		{BA03F069-6A26-45D1-8B05-6E61E3D9D1E1}.Debug|x64.ActiveCfg = Debug|Any CPU
		{BA03F069-6A26-45D1-8B05-6E61E3D9D1E1}.Debug|x64.Build.0 = Debug|Any CPU
		{BA03F069-6A26-45D1-8B05-6E61E3D9D1E1}.Debug|x86.ActiveCfg = Debug|Any CPU
		{BA03F069-6A26-45D1-8B05-6E61E3D9D1E1}.Debug|x86.Build.0 = Debug|Any CPU
		{BA03F069-6A26-45D1-8B05-6E61E3D9D1E1}.Release|Any CPU.ActiveCfg = Release|Any CPU
		{BA03F069-6A26-45D1-8B05-6E61E3D9D1E1}.Release|Any CPU.Build.0 = Release|Any CPU
		{BA03F069-6A26-45D1-8B05-6E61E3D9D1E1}.Release|x64.ActiveCfg = Release|Any CPU
		{BA03F069-6A26-45D1-8B05-6E61E3D9D1E1}.Release|x64.Build.0 = Release|Any CPU
		{BA03F069-6A26-45D1-8B05-6E61E3D9D1E1}.Release|x86.ActiveCfg = Release|Any CPU
		{BA03F069-6A26-45D1-8B05-6E61E3D9D1E1}.Release|x86.Build.0 = Release|Any CPU
		{643CA26B-B80E-4E6A-AAE4-BCEC021D2AA0}.Debug|Any CPU.ActiveCfg = Debug|Any CPU
		{643CA26B-B80E-4E6A-AAE4-BCEC021D2AA0}.Debug|Any CPU.Build.0 = Debug|Any CPU
		{643CA26B-B80E-4E6A-AAE4-BCEC021D2AA0}.Debug|x64.ActiveCfg = Debug|Any CPU
		{643CA26B-B80E-4E6A-AAE4-BCEC021D2AA0}.Debug|x64.Build.0 = Debug|Any CPU
		{643CA26B-B80E-4E6A-AAE4-BCEC021D2AA0}.Debug|x86.ActiveCfg = Debug|Any CPU
		{643CA26B-B80E-4E6A-AAE4-BCEC021D2AA0}.Debug|x86.Build.0 = Debug|Any CPU
		{643CA26B-B80E-4E6A-AAE4-BCEC021D2AA0}.Release|Any CPU.ActiveCfg = Release|Any CPU
		{643CA26B-B80E-4E6A-AAE4-BCEC021D2AA0}.Release|Any CPU.Build.0 = Release|Any CPU
		{643CA26B-B80E-4E6A-AAE4-BCEC021D2AA0}.Release|x64.ActiveCfg = Release|Any CPU
		{643CA26B-B80E-4E6A-AAE4-BCEC021D2AA0}.Release|x64.Build.0 = Release|Any CPU
		{643CA26B-B80E-4E6A-AAE4-BCEC021D2AA0}.Release|x86.ActiveCfg = Release|Any CPU
		{643CA26B-B80E-4E6A-AAE4-BCEC021D2AA0}.Release|x86.Build.0 = Release|Any CPU
		{2A00C747-8BC0-4EF1-A53E-37A7E156D910}.Debug|Any CPU.ActiveCfg = Debug|Any CPU
		{2A00C747-8BC0-4EF1-A53E-37A7E156D910}.Debug|Any CPU.Build.0 = Debug|Any CPU
		{2A00C747-8BC0-4EF1-A53E-37A7E156D910}.Debug|x64.ActiveCfg = Debug|Any CPU
		{2A00C747-8BC0-4EF1-A53E-37A7E156D910}.Debug|x64.Build.0 = Debug|Any CPU
		{2A00C747-8BC0-4EF1-A53E-37A7E156D910}.Debug|x86.ActiveCfg = Debug|Any CPU
		{2A00C747-8BC0-4EF1-A53E-37A7E156D910}.Debug|x86.Build.0 = Debug|Any CPU
		{2A00C747-8BC0-4EF1-A53E-37A7E156D910}.Release|Any CPU.ActiveCfg = Release|Any CPU
		{2A00C747-8BC0-4EF1-A53E-37A7E156D910}.Release|Any CPU.Build.0 = Release|Any CPU
		{2A00C747-8BC0-4EF1-A53E-37A7E156D910}.Release|x64.ActiveCfg = Release|Any CPU
		{2A00C747-8BC0-4EF1-A53E-37A7E156D910}.Release|x64.Build.0 = Release|Any CPU
		{2A00C747-8BC0-4EF1-A53E-37A7E156D910}.Release|x86.ActiveCfg = Release|Any CPU
		{2A00C747-8BC0-4EF1-A53E-37A7E156D910}.Release|x86.Build.0 = Release|Any CPU
		{8D07769D-0AAE-4224-AECB-DF68567F6B00}.Debug|Any CPU.ActiveCfg = Debug|Any CPU
		{8D07769D-0AAE-4224-AECB-DF68567F6B00}.Debug|Any CPU.Build.0 = Debug|Any CPU
		{8D07769D-0AAE-4224-AECB-DF68567F6B00}.Debug|x64.ActiveCfg = Debug|Any CPU
		{8D07769D-0AAE-4224-AECB-DF68567F6B00}.Debug|x64.Build.0 = Debug|Any CPU
		{8D07769D-0AAE-4224-AECB-DF68567F6B00}.Debug|x86.ActiveCfg = Debug|Any CPU
		{8D07769D-0AAE-4224-AECB-DF68567F6B00}.Debug|x86.Build.0 = Debug|Any CPU
		{8D07769D-0AAE-4224-AECB-DF68567F6B00}.Release|Any CPU.ActiveCfg = Release|Any CPU
		{8D07769D-0AAE-4224-AECB-DF68567F6B00}.Release|Any CPU.Build.0 = Release|Any CPU
		{8D07769D-0AAE-4224-AECB-DF68567F6B00}.Release|x64.ActiveCfg = Release|Any CPU
		{8D07769D-0AAE-4224-AECB-DF68567F6B00}.Release|x64.Build.0 = Release|Any CPU
		{8D07769D-0AAE-4224-AECB-DF68567F6B00}.Release|x86.ActiveCfg = Release|Any CPU
		{8D07769D-0AAE-4224-AECB-DF68567F6B00}.Release|x86.Build.0 = Release|Any CPU
		{BA2D505E-CED3-4FCB-A463-DAF6B77C18DE}.Debug|Any CPU.ActiveCfg = Debug|Any CPU
		{BA2D505E-CED3-4FCB-A463-DAF6B77C18DE}.Debug|Any CPU.Build.0 = Debug|Any CPU
		{BA2D505E-CED3-4FCB-A463-DAF6B77C18DE}.Debug|x64.ActiveCfg = Debug|Any CPU
		{BA2D505E-CED3-4FCB-A463-DAF6B77C18DE}.Debug|x64.Build.0 = Debug|Any CPU
		{BA2D505E-CED3-4FCB-A463-DAF6B77C18DE}.Debug|x86.ActiveCfg = Debug|Any CPU
		{BA2D505E-CED3-4FCB-A463-DAF6B77C18DE}.Debug|x86.Build.0 = Debug|Any CPU
		{BA2D505E-CED3-4FCB-A463-DAF6B77C18DE}.Release|Any CPU.ActiveCfg = Release|Any CPU
		{BA2D505E-CED3-4FCB-A463-DAF6B77C18DE}.Release|Any CPU.Build.0 = Release|Any CPU
		{BA2D505E-CED3-4FCB-A463-DAF6B77C18DE}.Release|x64.ActiveCfg = Release|Any CPU
		{BA2D505E-CED3-4FCB-A463-DAF6B77C18DE}.Release|x64.Build.0 = Release|Any CPU
		{BA2D505E-CED3-4FCB-A463-DAF6B77C18DE}.Release|x86.ActiveCfg = Release|Any CPU
		{BA2D505E-CED3-4FCB-A463-DAF6B77C18DE}.Release|x86.Build.0 = Release|Any CPU
		{7D608265-3330-4747-B5B4-9673A119FE6C}.Debug|Any CPU.ActiveCfg = Debug|Any CPU
		{7D608265-3330-4747-B5B4-9673A119FE6C}.Debug|Any CPU.Build.0 = Debug|Any CPU
		{7D608265-3330-4747-B5B4-9673A119FE6C}.Debug|x64.ActiveCfg = Debug|Any CPU
		{7D608265-3330-4747-B5B4-9673A119FE6C}.Debug|x64.Build.0 = Debug|Any CPU
		{7D608265-3330-4747-B5B4-9673A119FE6C}.Debug|x86.ActiveCfg = Debug|Any CPU
		{7D608265-3330-4747-B5B4-9673A119FE6C}.Debug|x86.Build.0 = Debug|Any CPU
		{7D608265-3330-4747-B5B4-9673A119FE6C}.Release|Any CPU.ActiveCfg = Release|Any CPU
		{7D608265-3330-4747-B5B4-9673A119FE6C}.Release|Any CPU.Build.0 = Release|Any CPU
		{7D608265-3330-4747-B5B4-9673A119FE6C}.Release|x64.ActiveCfg = Release|Any CPU
		{7D608265-3330-4747-B5B4-9673A119FE6C}.Release|x64.Build.0 = Release|Any CPU
		{7D608265-3330-4747-B5B4-9673A119FE6C}.Release|x86.ActiveCfg = Release|Any CPU
		{7D608265-3330-4747-B5B4-9673A119FE6C}.Release|x86.Build.0 = Release|Any CPU
		{A0A9C7B9-4A33-492E-BA54-8E8E600D3D66}.Debug|Any CPU.ActiveCfg = Debug|Any CPU
		{A0A9C7B9-4A33-492E-BA54-8E8E600D3D66}.Debug|Any CPU.Build.0 = Debug|Any CPU
		{A0A9C7B9-4A33-492E-BA54-8E8E600D3D66}.Debug|x64.ActiveCfg = Debug|Any CPU
		{A0A9C7B9-4A33-492E-BA54-8E8E600D3D66}.Debug|x64.Build.0 = Debug|Any CPU
		{A0A9C7B9-4A33-492E-BA54-8E8E600D3D66}.Debug|x86.ActiveCfg = Debug|Any CPU
		{A0A9C7B9-4A33-492E-BA54-8E8E600D3D66}.Debug|x86.Build.0 = Debug|Any CPU
		{A0A9C7B9-4A33-492E-BA54-8E8E600D3D66}.Release|Any CPU.ActiveCfg = Release|Any CPU
		{A0A9C7B9-4A33-492E-BA54-8E8E600D3D66}.Release|Any CPU.Build.0 = Release|Any CPU
		{A0A9C7B9-4A33-492E-BA54-8E8E600D3D66}.Release|x64.ActiveCfg = Release|Any CPU
		{A0A9C7B9-4A33-492E-BA54-8E8E600D3D66}.Release|x64.Build.0 = Release|Any CPU
		{A0A9C7B9-4A33-492E-BA54-8E8E600D3D66}.Release|x86.ActiveCfg = Release|Any CPU
		{A0A9C7B9-4A33-492E-BA54-8E8E600D3D66}.Release|x86.Build.0 = Release|Any CPU
		{7882140D-32E1-4AB5-853D-F8DED5256DC2}.Debug|Any CPU.ActiveCfg = Debug|Any CPU
		{7882140D-32E1-4AB5-853D-F8DED5256DC2}.Debug|Any CPU.Build.0 = Debug|Any CPU
		{7882140D-32E1-4AB5-853D-F8DED5256DC2}.Debug|x64.ActiveCfg = Debug|Any CPU
		{7882140D-32E1-4AB5-853D-F8DED5256DC2}.Debug|x64.Build.0 = Debug|Any CPU
		{7882140D-32E1-4AB5-853D-F8DED5256DC2}.Debug|x86.ActiveCfg = Debug|Any CPU
		{7882140D-32E1-4AB5-853D-F8DED5256DC2}.Debug|x86.Build.0 = Debug|Any CPU
		{7882140D-32E1-4AB5-853D-F8DED5256DC2}.Release|Any CPU.ActiveCfg = Release|Any CPU
		{7882140D-32E1-4AB5-853D-F8DED5256DC2}.Release|Any CPU.Build.0 = Release|Any CPU
		{7882140D-32E1-4AB5-853D-F8DED5256DC2}.Release|x64.ActiveCfg = Release|Any CPU
		{7882140D-32E1-4AB5-853D-F8DED5256DC2}.Release|x64.Build.0 = Release|Any CPU
		{7882140D-32E1-4AB5-853D-F8DED5256DC2}.Release|x86.ActiveCfg = Release|Any CPU
		{7882140D-32E1-4AB5-853D-F8DED5256DC2}.Release|x86.Build.0 = Release|Any CPU
		{3E905528-D87C-4552-A32D-66BF90D14DB0}.Debug|Any CPU.ActiveCfg = Debug|Any CPU
		{3E905528-D87C-4552-A32D-66BF90D14DB0}.Debug|Any CPU.Build.0 = Debug|Any CPU
		{3E905528-D87C-4552-A32D-66BF90D14DB0}.Debug|x64.ActiveCfg = Debug|Any CPU
		{3E905528-D87C-4552-A32D-66BF90D14DB0}.Debug|x64.Build.0 = Debug|Any CPU
		{3E905528-D87C-4552-A32D-66BF90D14DB0}.Debug|x86.ActiveCfg = Debug|Any CPU
		{3E905528-D87C-4552-A32D-66BF90D14DB0}.Debug|x86.Build.0 = Debug|Any CPU
		{3E905528-D87C-4552-A32D-66BF90D14DB0}.Release|Any CPU.ActiveCfg = Release|Any CPU
		{3E905528-D87C-4552-A32D-66BF90D14DB0}.Release|Any CPU.Build.0 = Release|Any CPU
		{3E905528-D87C-4552-A32D-66BF90D14DB0}.Release|x64.ActiveCfg = Release|Any CPU
		{3E905528-D87C-4552-A32D-66BF90D14DB0}.Release|x64.Build.0 = Release|Any CPU
		{3E905528-D87C-4552-A32D-66BF90D14DB0}.Release|x86.ActiveCfg = Release|Any CPU
		{3E905528-D87C-4552-A32D-66BF90D14DB0}.Release|x86.Build.0 = Release|Any CPU
		{9E4D6072-C8DE-475A-B9A7-4B6BF6EEEAEB}.Debug|Any CPU.ActiveCfg = Debug|Any CPU
		{9E4D6072-C8DE-475A-B9A7-4B6BF6EEEAEB}.Debug|Any CPU.Build.0 = Debug|Any CPU
		{9E4D6072-C8DE-475A-B9A7-4B6BF6EEEAEB}.Debug|x64.ActiveCfg = Debug|Any CPU
		{9E4D6072-C8DE-475A-B9A7-4B6BF6EEEAEB}.Debug|x64.Build.0 = Debug|Any CPU
		{9E4D6072-C8DE-475A-B9A7-4B6BF6EEEAEB}.Debug|x86.ActiveCfg = Debug|Any CPU
		{9E4D6072-C8DE-475A-B9A7-4B6BF6EEEAEB}.Debug|x86.Build.0 = Debug|Any CPU
		{9E4D6072-C8DE-475A-B9A7-4B6BF6EEEAEB}.Release|Any CPU.ActiveCfg = Release|Any CPU
		{9E4D6072-C8DE-475A-B9A7-4B6BF6EEEAEB}.Release|Any CPU.Build.0 = Release|Any CPU
		{9E4D6072-C8DE-475A-B9A7-4B6BF6EEEAEB}.Release|x64.ActiveCfg = Release|Any CPU
		{9E4D6072-C8DE-475A-B9A7-4B6BF6EEEAEB}.Release|x64.Build.0 = Release|Any CPU
		{9E4D6072-C8DE-475A-B9A7-4B6BF6EEEAEB}.Release|x86.ActiveCfg = Release|Any CPU
		{9E4D6072-C8DE-475A-B9A7-4B6BF6EEEAEB}.Release|x86.Build.0 = Release|Any CPU
		{686E902E-0C23-4396-8887-6D9219EF8D27}.Debug|Any CPU.ActiveCfg = Debug|Any CPU
		{686E902E-0C23-4396-8887-6D9219EF8D27}.Debug|Any CPU.Build.0 = Debug|Any CPU
		{686E902E-0C23-4396-8887-6D9219EF8D27}.Debug|x64.ActiveCfg = Debug|Any CPU
		{686E902E-0C23-4396-8887-6D9219EF8D27}.Debug|x64.Build.0 = Debug|Any CPU
		{686E902E-0C23-4396-8887-6D9219EF8D27}.Debug|x86.ActiveCfg = Debug|Any CPU
		{686E902E-0C23-4396-8887-6D9219EF8D27}.Debug|x86.Build.0 = Debug|Any CPU
		{686E902E-0C23-4396-8887-6D9219EF8D27}.Release|Any CPU.ActiveCfg = Release|Any CPU
		{686E902E-0C23-4396-8887-6D9219EF8D27}.Release|Any CPU.Build.0 = Release|Any CPU
		{686E902E-0C23-4396-8887-6D9219EF8D27}.Release|x64.ActiveCfg = Release|Any CPU
		{686E902E-0C23-4396-8887-6D9219EF8D27}.Release|x64.Build.0 = Release|Any CPU
		{686E902E-0C23-4396-8887-6D9219EF8D27}.Release|x86.ActiveCfg = Release|Any CPU
		{686E902E-0C23-4396-8887-6D9219EF8D27}.Release|x86.Build.0 = Release|Any CPU
		{8EE4A9C6-AA93-4A84-8EAB-4EC955DD6851}.Debug|Any CPU.ActiveCfg = Debug|Any CPU
		{8EE4A9C6-AA93-4A84-8EAB-4EC955DD6851}.Debug|Any CPU.Build.0 = Debug|Any CPU
		{8EE4A9C6-AA93-4A84-8EAB-4EC955DD6851}.Debug|x64.ActiveCfg = Debug|Any CPU
		{8EE4A9C6-AA93-4A84-8EAB-4EC955DD6851}.Debug|x64.Build.0 = Debug|Any CPU
		{8EE4A9C6-AA93-4A84-8EAB-4EC955DD6851}.Debug|x86.ActiveCfg = Debug|Any CPU
		{8EE4A9C6-AA93-4A84-8EAB-4EC955DD6851}.Debug|x86.Build.0 = Debug|Any CPU
		{8EE4A9C6-AA93-4A84-8EAB-4EC955DD6851}.Release|Any CPU.ActiveCfg = Release|Any CPU
		{8EE4A9C6-AA93-4A84-8EAB-4EC955DD6851}.Release|Any CPU.Build.0 = Release|Any CPU
		{8EE4A9C6-AA93-4A84-8EAB-4EC955DD6851}.Release|x64.ActiveCfg = Release|Any CPU
		{8EE4A9C6-AA93-4A84-8EAB-4EC955DD6851}.Release|x64.Build.0 = Release|Any CPU
		{8EE4A9C6-AA93-4A84-8EAB-4EC955DD6851}.Release|x86.ActiveCfg = Release|Any CPU
		{8EE4A9C6-AA93-4A84-8EAB-4EC955DD6851}.Release|x86.Build.0 = Release|Any CPU
		{80A71107-9C8E-47B2-B743-58D5976B38FB}.Debug|Any CPU.ActiveCfg = Debug|Any CPU
		{80A71107-9C8E-47B2-B743-58D5976B38FB}.Debug|Any CPU.Build.0 = Debug|Any CPU
		{80A71107-9C8E-47B2-B743-58D5976B38FB}.Debug|x64.ActiveCfg = Debug|Any CPU
		{80A71107-9C8E-47B2-B743-58D5976B38FB}.Debug|x64.Build.0 = Debug|Any CPU
		{80A71107-9C8E-47B2-B743-58D5976B38FB}.Debug|x86.ActiveCfg = Debug|Any CPU
		{80A71107-9C8E-47B2-B743-58D5976B38FB}.Debug|x86.Build.0 = Debug|Any CPU
		{80A71107-9C8E-47B2-B743-58D5976B38FB}.Release|Any CPU.ActiveCfg = Release|Any CPU
		{80A71107-9C8E-47B2-B743-58D5976B38FB}.Release|Any CPU.Build.0 = Release|Any CPU
		{80A71107-9C8E-47B2-B743-58D5976B38FB}.Release|x64.ActiveCfg = Release|Any CPU
		{80A71107-9C8E-47B2-B743-58D5976B38FB}.Release|x64.Build.0 = Release|Any CPU
		{80A71107-9C8E-47B2-B743-58D5976B38FB}.Release|x86.ActiveCfg = Release|Any CPU
		{80A71107-9C8E-47B2-B743-58D5976B38FB}.Release|x86.Build.0 = Release|Any CPU
		{C0D6E7EC-29AF-4FC2-B8E0-1E5D083B55DD}.Debug|Any CPU.ActiveCfg = Debug|Any CPU
		{C0D6E7EC-29AF-4FC2-B8E0-1E5D083B55DD}.Debug|Any CPU.Build.0 = Debug|Any CPU
		{C0D6E7EC-29AF-4FC2-B8E0-1E5D083B55DD}.Debug|x64.ActiveCfg = Debug|Any CPU
		{C0D6E7EC-29AF-4FC2-B8E0-1E5D083B55DD}.Debug|x64.Build.0 = Debug|Any CPU
		{C0D6E7EC-29AF-4FC2-B8E0-1E5D083B55DD}.Debug|x86.ActiveCfg = Debug|Any CPU
		{C0D6E7EC-29AF-4FC2-B8E0-1E5D083B55DD}.Debug|x86.Build.0 = Debug|Any CPU
		{C0D6E7EC-29AF-4FC2-B8E0-1E5D083B55DD}.Release|Any CPU.ActiveCfg = Release|Any CPU
		{C0D6E7EC-29AF-4FC2-B8E0-1E5D083B55DD}.Release|Any CPU.Build.0 = Release|Any CPU
		{C0D6E7EC-29AF-4FC2-B8E0-1E5D083B55DD}.Release|x64.ActiveCfg = Release|Any CPU
		{C0D6E7EC-29AF-4FC2-B8E0-1E5D083B55DD}.Release|x64.Build.0 = Release|Any CPU
		{C0D6E7EC-29AF-4FC2-B8E0-1E5D083B55DD}.Release|x86.ActiveCfg = Release|Any CPU
		{C0D6E7EC-29AF-4FC2-B8E0-1E5D083B55DD}.Release|x86.Build.0 = Release|Any CPU
		{168C5EC3-FF08-402F-8D70-F216CB04DE81}.Debug|Any CPU.ActiveCfg = Debug|Any CPU
		{168C5EC3-FF08-402F-8D70-F216CB04DE81}.Debug|Any CPU.Build.0 = Debug|Any CPU
		{168C5EC3-FF08-402F-8D70-F216CB04DE81}.Debug|x64.ActiveCfg = Debug|Any CPU
		{168C5EC3-FF08-402F-8D70-F216CB04DE81}.Debug|x64.Build.0 = Debug|Any CPU
		{168C5EC3-FF08-402F-8D70-F216CB04DE81}.Debug|x86.ActiveCfg = Debug|Any CPU
		{168C5EC3-FF08-402F-8D70-F216CB04DE81}.Debug|x86.Build.0 = Debug|Any CPU
		{168C5EC3-FF08-402F-8D70-F216CB04DE81}.Release|Any CPU.ActiveCfg = Release|Any CPU
		{168C5EC3-FF08-402F-8D70-F216CB04DE81}.Release|Any CPU.Build.0 = Release|Any CPU
		{168C5EC3-FF08-402F-8D70-F216CB04DE81}.Release|x64.ActiveCfg = Release|Any CPU
		{168C5EC3-FF08-402F-8D70-F216CB04DE81}.Release|x64.Build.0 = Release|Any CPU
		{168C5EC3-FF08-402F-8D70-F216CB04DE81}.Release|x86.ActiveCfg = Release|Any CPU
		{168C5EC3-FF08-402F-8D70-F216CB04DE81}.Release|x86.Build.0 = Release|Any CPU
		{7318548D-B8F2-4ED3-8B3E-F61DD8B552D1}.Debug|Any CPU.ActiveCfg = Debug|Any CPU
		{7318548D-B8F2-4ED3-8B3E-F61DD8B552D1}.Debug|Any CPU.Build.0 = Debug|Any CPU
		{7318548D-B8F2-4ED3-8B3E-F61DD8B552D1}.Debug|x64.ActiveCfg = Debug|Any CPU
		{7318548D-B8F2-4ED3-8B3E-F61DD8B552D1}.Debug|x64.Build.0 = Debug|Any CPU
		{7318548D-B8F2-4ED3-8B3E-F61DD8B552D1}.Debug|x86.ActiveCfg = Debug|Any CPU
		{7318548D-B8F2-4ED3-8B3E-F61DD8B552D1}.Debug|x86.Build.0 = Debug|Any CPU
		{7318548D-B8F2-4ED3-8B3E-F61DD8B552D1}.Release|Any CPU.ActiveCfg = Release|Any CPU
		{7318548D-B8F2-4ED3-8B3E-F61DD8B552D1}.Release|Any CPU.Build.0 = Release|Any CPU
		{7318548D-B8F2-4ED3-8B3E-F61DD8B552D1}.Release|x64.ActiveCfg = Release|Any CPU
		{7318548D-B8F2-4ED3-8B3E-F61DD8B552D1}.Release|x64.Build.0 = Release|Any CPU
		{7318548D-B8F2-4ED3-8B3E-F61DD8B552D1}.Release|x86.ActiveCfg = Release|Any CPU
		{7318548D-B8F2-4ED3-8B3E-F61DD8B552D1}.Release|x86.Build.0 = Release|Any CPU
		{A2B4BEC3-7430-489E-BE6B-F1E8205A7C62}.Debug|Any CPU.ActiveCfg = Debug|Any CPU
		{A2B4BEC3-7430-489E-BE6B-F1E8205A7C62}.Debug|Any CPU.Build.0 = Debug|Any CPU
		{A2B4BEC3-7430-489E-BE6B-F1E8205A7C62}.Debug|x64.ActiveCfg = Debug|Any CPU
		{A2B4BEC3-7430-489E-BE6B-F1E8205A7C62}.Debug|x64.Build.0 = Debug|Any CPU
		{A2B4BEC3-7430-489E-BE6B-F1E8205A7C62}.Debug|x86.ActiveCfg = Debug|Any CPU
		{A2B4BEC3-7430-489E-BE6B-F1E8205A7C62}.Debug|x86.Build.0 = Debug|Any CPU
		{A2B4BEC3-7430-489E-BE6B-F1E8205A7C62}.Release|Any CPU.ActiveCfg = Release|Any CPU
		{A2B4BEC3-7430-489E-BE6B-F1E8205A7C62}.Release|Any CPU.Build.0 = Release|Any CPU
		{A2B4BEC3-7430-489E-BE6B-F1E8205A7C62}.Release|x64.ActiveCfg = Release|Any CPU
		{A2B4BEC3-7430-489E-BE6B-F1E8205A7C62}.Release|x64.Build.0 = Release|Any CPU
		{A2B4BEC3-7430-489E-BE6B-F1E8205A7C62}.Release|x86.ActiveCfg = Release|Any CPU
		{A2B4BEC3-7430-489E-BE6B-F1E8205A7C62}.Release|x86.Build.0 = Release|Any CPU
		{B7B19A7B-5A20-4690-81F4-83002CA064FB}.Debug|Any CPU.ActiveCfg = Debug|Any CPU
		{B7B19A7B-5A20-4690-81F4-83002CA064FB}.Debug|Any CPU.Build.0 = Debug|Any CPU
		{B7B19A7B-5A20-4690-81F4-83002CA064FB}.Debug|x64.ActiveCfg = Debug|Any CPU
		{B7B19A7B-5A20-4690-81F4-83002CA064FB}.Debug|x64.Build.0 = Debug|Any CPU
		{B7B19A7B-5A20-4690-81F4-83002CA064FB}.Debug|x86.ActiveCfg = Debug|Any CPU
		{B7B19A7B-5A20-4690-81F4-83002CA064FB}.Debug|x86.Build.0 = Debug|Any CPU
		{B7B19A7B-5A20-4690-81F4-83002CA064FB}.Release|Any CPU.ActiveCfg = Release|Any CPU
		{B7B19A7B-5A20-4690-81F4-83002CA064FB}.Release|Any CPU.Build.0 = Release|Any CPU
		{B7B19A7B-5A20-4690-81F4-83002CA064FB}.Release|x64.ActiveCfg = Release|Any CPU
		{B7B19A7B-5A20-4690-81F4-83002CA064FB}.Release|x64.Build.0 = Release|Any CPU
		{B7B19A7B-5A20-4690-81F4-83002CA064FB}.Release|x86.ActiveCfg = Release|Any CPU
		{B7B19A7B-5A20-4690-81F4-83002CA064FB}.Release|x86.Build.0 = Release|Any CPU
		{8C4C72C3-DCC4-43B1-A2B3-DF77B435FA75}.Debug|Any CPU.ActiveCfg = Debug|Any CPU
		{8C4C72C3-DCC4-43B1-A2B3-DF77B435FA75}.Debug|Any CPU.Build.0 = Debug|Any CPU
		{8C4C72C3-DCC4-43B1-A2B3-DF77B435FA75}.Debug|x64.ActiveCfg = Debug|Any CPU
		{8C4C72C3-DCC4-43B1-A2B3-DF77B435FA75}.Debug|x64.Build.0 = Debug|Any CPU
		{8C4C72C3-DCC4-43B1-A2B3-DF77B435FA75}.Debug|x86.ActiveCfg = Debug|Any CPU
		{8C4C72C3-DCC4-43B1-A2B3-DF77B435FA75}.Debug|x86.Build.0 = Debug|Any CPU
		{8C4C72C3-DCC4-43B1-A2B3-DF77B435FA75}.Release|Any CPU.ActiveCfg = Release|Any CPU
		{8C4C72C3-DCC4-43B1-A2B3-DF77B435FA75}.Release|Any CPU.Build.0 = Release|Any CPU
		{8C4C72C3-DCC4-43B1-A2B3-DF77B435FA75}.Release|x64.ActiveCfg = Release|Any CPU
		{8C4C72C3-DCC4-43B1-A2B3-DF77B435FA75}.Release|x64.Build.0 = Release|Any CPU
		{8C4C72C3-DCC4-43B1-A2B3-DF77B435FA75}.Release|x86.ActiveCfg = Release|Any CPU
		{8C4C72C3-DCC4-43B1-A2B3-DF77B435FA75}.Release|x86.Build.0 = Release|Any CPU
		{455DA1FB-5097-47D2-8603-B0E1F9D90294}.Debug|Any CPU.ActiveCfg = Debug|Any CPU
		{455DA1FB-5097-47D2-8603-B0E1F9D90294}.Debug|Any CPU.Build.0 = Debug|Any CPU
		{455DA1FB-5097-47D2-8603-B0E1F9D90294}.Debug|x64.ActiveCfg = Debug|Any CPU
		{455DA1FB-5097-47D2-8603-B0E1F9D90294}.Debug|x64.Build.0 = Debug|Any CPU
		{455DA1FB-5097-47D2-8603-B0E1F9D90294}.Debug|x86.ActiveCfg = Debug|Any CPU
		{455DA1FB-5097-47D2-8603-B0E1F9D90294}.Debug|x86.Build.0 = Debug|Any CPU
		{455DA1FB-5097-47D2-8603-B0E1F9D90294}.Release|Any CPU.ActiveCfg = Release|Any CPU
		{455DA1FB-5097-47D2-8603-B0E1F9D90294}.Release|Any CPU.Build.0 = Release|Any CPU
		{455DA1FB-5097-47D2-8603-B0E1F9D90294}.Release|x64.ActiveCfg = Release|Any CPU
		{455DA1FB-5097-47D2-8603-B0E1F9D90294}.Release|x64.Build.0 = Release|Any CPU
		{455DA1FB-5097-47D2-8603-B0E1F9D90294}.Release|x86.ActiveCfg = Release|Any CPU
		{455DA1FB-5097-47D2-8603-B0E1F9D90294}.Release|x86.Build.0 = Release|Any CPU
		{E52E34FD-40AE-425B-9C1A-2CAB3EE2704F}.Debug|Any CPU.ActiveCfg = Debug|Any CPU
		{E52E34FD-40AE-425B-9C1A-2CAB3EE2704F}.Debug|Any CPU.Build.0 = Debug|Any CPU
		{E52E34FD-40AE-425B-9C1A-2CAB3EE2704F}.Debug|x64.ActiveCfg = Debug|Any CPU
		{E52E34FD-40AE-425B-9C1A-2CAB3EE2704F}.Debug|x64.Build.0 = Debug|Any CPU
		{E52E34FD-40AE-425B-9C1A-2CAB3EE2704F}.Debug|x86.ActiveCfg = Debug|Any CPU
		{E52E34FD-40AE-425B-9C1A-2CAB3EE2704F}.Debug|x86.Build.0 = Debug|Any CPU
		{E52E34FD-40AE-425B-9C1A-2CAB3EE2704F}.Release|Any CPU.ActiveCfg = Release|Any CPU
		{E52E34FD-40AE-425B-9C1A-2CAB3EE2704F}.Release|Any CPU.Build.0 = Release|Any CPU
		{E52E34FD-40AE-425B-9C1A-2CAB3EE2704F}.Release|x64.ActiveCfg = Release|Any CPU
		{E52E34FD-40AE-425B-9C1A-2CAB3EE2704F}.Release|x64.Build.0 = Release|Any CPU
		{E52E34FD-40AE-425B-9C1A-2CAB3EE2704F}.Release|x86.ActiveCfg = Release|Any CPU
		{E52E34FD-40AE-425B-9C1A-2CAB3EE2704F}.Release|x86.Build.0 = Release|Any CPU
		{F6B47679-3362-4A0C-BB4D-BD3C9B0550AF}.Debug|Any CPU.ActiveCfg = Debug|Any CPU
		{F6B47679-3362-4A0C-BB4D-BD3C9B0550AF}.Debug|Any CPU.Build.0 = Debug|Any CPU
		{F6B47679-3362-4A0C-BB4D-BD3C9B0550AF}.Debug|x64.ActiveCfg = Debug|Any CPU
		{F6B47679-3362-4A0C-BB4D-BD3C9B0550AF}.Debug|x64.Build.0 = Debug|Any CPU
		{F6B47679-3362-4A0C-BB4D-BD3C9B0550AF}.Debug|x86.ActiveCfg = Debug|Any CPU
		{F6B47679-3362-4A0C-BB4D-BD3C9B0550AF}.Debug|x86.Build.0 = Debug|Any CPU
		{F6B47679-3362-4A0C-BB4D-BD3C9B0550AF}.Release|Any CPU.ActiveCfg = Release|Any CPU
		{F6B47679-3362-4A0C-BB4D-BD3C9B0550AF}.Release|Any CPU.Build.0 = Release|Any CPU
		{F6B47679-3362-4A0C-BB4D-BD3C9B0550AF}.Release|x64.ActiveCfg = Release|Any CPU
		{F6B47679-3362-4A0C-BB4D-BD3C9B0550AF}.Release|x64.Build.0 = Release|Any CPU
		{F6B47679-3362-4A0C-BB4D-BD3C9B0550AF}.Release|x86.ActiveCfg = Release|Any CPU
		{F6B47679-3362-4A0C-BB4D-BD3C9B0550AF}.Release|x86.Build.0 = Release|Any CPU
		{45927301-6CF5-4770-888C-7B0B51ECEBEE}.Debug|Any CPU.ActiveCfg = Debug|Any CPU
		{45927301-6CF5-4770-888C-7B0B51ECEBEE}.Debug|Any CPU.Build.0 = Debug|Any CPU
		{45927301-6CF5-4770-888C-7B0B51ECEBEE}.Debug|x64.ActiveCfg = Debug|Any CPU
		{45927301-6CF5-4770-888C-7B0B51ECEBEE}.Debug|x64.Build.0 = Debug|Any CPU
		{45927301-6CF5-4770-888C-7B0B51ECEBEE}.Debug|x86.ActiveCfg = Debug|Any CPU
		{45927301-6CF5-4770-888C-7B0B51ECEBEE}.Debug|x86.Build.0 = Debug|Any CPU
		{45927301-6CF5-4770-888C-7B0B51ECEBEE}.Release|Any CPU.ActiveCfg = Release|Any CPU
		{45927301-6CF5-4770-888C-7B0B51ECEBEE}.Release|Any CPU.Build.0 = Release|Any CPU
		{45927301-6CF5-4770-888C-7B0B51ECEBEE}.Release|x64.ActiveCfg = Release|Any CPU
		{45927301-6CF5-4770-888C-7B0B51ECEBEE}.Release|x64.Build.0 = Release|Any CPU
		{45927301-6CF5-4770-888C-7B0B51ECEBEE}.Release|x86.ActiveCfg = Release|Any CPU
		{45927301-6CF5-4770-888C-7B0B51ECEBEE}.Release|x86.Build.0 = Release|Any CPU
		{153BD6AB-6B34-4E97-A96D-4ED5826DC037}.Debug|Any CPU.ActiveCfg = Debug|Any CPU
		{153BD6AB-6B34-4E97-A96D-4ED5826DC037}.Debug|Any CPU.Build.0 = Debug|Any CPU
		{153BD6AB-6B34-4E97-A96D-4ED5826DC037}.Debug|x64.ActiveCfg = Debug|Any CPU
		{153BD6AB-6B34-4E97-A96D-4ED5826DC037}.Debug|x64.Build.0 = Debug|Any CPU
		{153BD6AB-6B34-4E97-A96D-4ED5826DC037}.Debug|x86.ActiveCfg = Debug|Any CPU
		{153BD6AB-6B34-4E97-A96D-4ED5826DC037}.Debug|x86.Build.0 = Debug|Any CPU
		{153BD6AB-6B34-4E97-A96D-4ED5826DC037}.Release|Any CPU.ActiveCfg = Release|Any CPU
		{153BD6AB-6B34-4E97-A96D-4ED5826DC037}.Release|Any CPU.Build.0 = Release|Any CPU
		{153BD6AB-6B34-4E97-A96D-4ED5826DC037}.Release|x64.ActiveCfg = Release|Any CPU
		{153BD6AB-6B34-4E97-A96D-4ED5826DC037}.Release|x64.Build.0 = Release|Any CPU
		{153BD6AB-6B34-4E97-A96D-4ED5826DC037}.Release|x86.ActiveCfg = Release|Any CPU
		{153BD6AB-6B34-4E97-A96D-4ED5826DC037}.Release|x86.Build.0 = Release|Any CPU
		{2088B3AF-F9AF-45B8-B824-16749D5DAF9E}.Debug|Any CPU.ActiveCfg = Debug|Any CPU
		{2088B3AF-F9AF-45B8-B824-16749D5DAF9E}.Debug|Any CPU.Build.0 = Debug|Any CPU
		{2088B3AF-F9AF-45B8-B824-16749D5DAF9E}.Debug|x64.ActiveCfg = Debug|Any CPU
		{2088B3AF-F9AF-45B8-B824-16749D5DAF9E}.Debug|x64.Build.0 = Debug|Any CPU
		{2088B3AF-F9AF-45B8-B824-16749D5DAF9E}.Debug|x86.ActiveCfg = Debug|Any CPU
		{2088B3AF-F9AF-45B8-B824-16749D5DAF9E}.Debug|x86.Build.0 = Debug|Any CPU
		{2088B3AF-F9AF-45B8-B824-16749D5DAF9E}.Release|Any CPU.ActiveCfg = Release|Any CPU
		{2088B3AF-F9AF-45B8-B824-16749D5DAF9E}.Release|Any CPU.Build.0 = Release|Any CPU
		{2088B3AF-F9AF-45B8-B824-16749D5DAF9E}.Release|x64.ActiveCfg = Release|Any CPU
		{2088B3AF-F9AF-45B8-B824-16749D5DAF9E}.Release|x64.Build.0 = Release|Any CPU
		{2088B3AF-F9AF-45B8-B824-16749D5DAF9E}.Release|x86.ActiveCfg = Release|Any CPU
		{2088B3AF-F9AF-45B8-B824-16749D5DAF9E}.Release|x86.Build.0 = Release|Any CPU
		{89E58A49-12C4-4C22-B646-348B6BFCCB4D}.Debug|Any CPU.ActiveCfg = Debug|Any CPU
		{89E58A49-12C4-4C22-B646-348B6BFCCB4D}.Debug|Any CPU.Build.0 = Debug|Any CPU
		{89E58A49-12C4-4C22-B646-348B6BFCCB4D}.Debug|x64.ActiveCfg = Debug|Any CPU
		{89E58A49-12C4-4C22-B646-348B6BFCCB4D}.Debug|x64.Build.0 = Debug|Any CPU
		{89E58A49-12C4-4C22-B646-348B6BFCCB4D}.Debug|x86.ActiveCfg = Debug|Any CPU
		{89E58A49-12C4-4C22-B646-348B6BFCCB4D}.Debug|x86.Build.0 = Debug|Any CPU
		{89E58A49-12C4-4C22-B646-348B6BFCCB4D}.Release|Any CPU.ActiveCfg = Release|Any CPU
		{89E58A49-12C4-4C22-B646-348B6BFCCB4D}.Release|Any CPU.Build.0 = Release|Any CPU
		{89E58A49-12C4-4C22-B646-348B6BFCCB4D}.Release|x64.ActiveCfg = Release|Any CPU
		{89E58A49-12C4-4C22-B646-348B6BFCCB4D}.Release|x64.Build.0 = Release|Any CPU
		{89E58A49-12C4-4C22-B646-348B6BFCCB4D}.Release|x86.ActiveCfg = Release|Any CPU
		{89E58A49-12C4-4C22-B646-348B6BFCCB4D}.Release|x86.Build.0 = Release|Any CPU
		{8CEF18CA-9009-47F5-ADF4-63E73E6B663B}.Debug|Any CPU.ActiveCfg = Debug|Any CPU
		{8CEF18CA-9009-47F5-ADF4-63E73E6B663B}.Debug|Any CPU.Build.0 = Debug|Any CPU
		{8CEF18CA-9009-47F5-ADF4-63E73E6B663B}.Debug|x64.ActiveCfg = Debug|Any CPU
		{8CEF18CA-9009-47F5-ADF4-63E73E6B663B}.Debug|x64.Build.0 = Debug|Any CPU
		{8CEF18CA-9009-47F5-ADF4-63E73E6B663B}.Debug|x86.ActiveCfg = Debug|Any CPU
		{8CEF18CA-9009-47F5-ADF4-63E73E6B663B}.Debug|x86.Build.0 = Debug|Any CPU
		{8CEF18CA-9009-47F5-ADF4-63E73E6B663B}.Release|Any CPU.ActiveCfg = Release|Any CPU
		{8CEF18CA-9009-47F5-ADF4-63E73E6B663B}.Release|Any CPU.Build.0 = Release|Any CPU
		{8CEF18CA-9009-47F5-ADF4-63E73E6B663B}.Release|x64.ActiveCfg = Release|Any CPU
		{8CEF18CA-9009-47F5-ADF4-63E73E6B663B}.Release|x64.Build.0 = Release|Any CPU
		{8CEF18CA-9009-47F5-ADF4-63E73E6B663B}.Release|x86.ActiveCfg = Release|Any CPU
		{8CEF18CA-9009-47F5-ADF4-63E73E6B663B}.Release|x86.Build.0 = Release|Any CPU
		{E2404BB9-0B08-4DDB-AA8A-D55DAD042E62}.Debug|Any CPU.ActiveCfg = Debug|Any CPU
		{E2404BB9-0B08-4DDB-AA8A-D55DAD042E62}.Debug|Any CPU.Build.0 = Debug|Any CPU
		{E2404BB9-0B08-4DDB-AA8A-D55DAD042E62}.Debug|x64.ActiveCfg = Debug|Any CPU
		{E2404BB9-0B08-4DDB-AA8A-D55DAD042E62}.Debug|x64.Build.0 = Debug|Any CPU
		{E2404BB9-0B08-4DDB-AA8A-D55DAD042E62}.Debug|x86.ActiveCfg = Debug|Any CPU
		{E2404BB9-0B08-4DDB-AA8A-D55DAD042E62}.Debug|x86.Build.0 = Debug|Any CPU
		{E2404BB9-0B08-4DDB-AA8A-D55DAD042E62}.Release|Any CPU.ActiveCfg = Release|Any CPU
		{E2404BB9-0B08-4DDB-AA8A-D55DAD042E62}.Release|Any CPU.Build.0 = Release|Any CPU
		{E2404BB9-0B08-4DDB-AA8A-D55DAD042E62}.Release|x64.ActiveCfg = Release|Any CPU
		{E2404BB9-0B08-4DDB-AA8A-D55DAD042E62}.Release|x64.Build.0 = Release|Any CPU
		{E2404BB9-0B08-4DDB-AA8A-D55DAD042E62}.Release|x86.ActiveCfg = Release|Any CPU
		{E2404BB9-0B08-4DDB-AA8A-D55DAD042E62}.Release|x86.Build.0 = Release|Any CPU
		{321C6410-B154-45BD-B44A-7CD451BBA9F0}.Debug|Any CPU.ActiveCfg = Debug|Any CPU
		{321C6410-B154-45BD-B44A-7CD451BBA9F0}.Debug|Any CPU.Build.0 = Debug|Any CPU
		{321C6410-B154-45BD-B44A-7CD451BBA9F0}.Debug|x64.ActiveCfg = Debug|Any CPU
		{321C6410-B154-45BD-B44A-7CD451BBA9F0}.Debug|x64.Build.0 = Debug|Any CPU
		{321C6410-B154-45BD-B44A-7CD451BBA9F0}.Debug|x86.ActiveCfg = Debug|Any CPU
		{321C6410-B154-45BD-B44A-7CD451BBA9F0}.Debug|x86.Build.0 = Debug|Any CPU
		{321C6410-B154-45BD-B44A-7CD451BBA9F0}.Release|Any CPU.ActiveCfg = Release|Any CPU
		{321C6410-B154-45BD-B44A-7CD451BBA9F0}.Release|Any CPU.Build.0 = Release|Any CPU
		{321C6410-B154-45BD-B44A-7CD451BBA9F0}.Release|x64.ActiveCfg = Release|Any CPU
		{321C6410-B154-45BD-B44A-7CD451BBA9F0}.Release|x64.Build.0 = Release|Any CPU
		{321C6410-B154-45BD-B44A-7CD451BBA9F0}.Release|x86.ActiveCfg = Release|Any CPU
		{321C6410-B154-45BD-B44A-7CD451BBA9F0}.Release|x86.Build.0 = Release|Any CPU
		{076A3785-83CD-4AE3-BE45-1AE183587731}.Debug|Any CPU.ActiveCfg = Debug|Any CPU
		{076A3785-83CD-4AE3-BE45-1AE183587731}.Debug|Any CPU.Build.0 = Debug|Any CPU
		{076A3785-83CD-4AE3-BE45-1AE183587731}.Debug|x64.ActiveCfg = Debug|Any CPU
		{076A3785-83CD-4AE3-BE45-1AE183587731}.Debug|x64.Build.0 = Debug|Any CPU
		{076A3785-83CD-4AE3-BE45-1AE183587731}.Debug|x86.ActiveCfg = Debug|Any CPU
		{076A3785-83CD-4AE3-BE45-1AE183587731}.Debug|x86.Build.0 = Debug|Any CPU
		{076A3785-83CD-4AE3-BE45-1AE183587731}.Release|Any CPU.ActiveCfg = Release|Any CPU
		{076A3785-83CD-4AE3-BE45-1AE183587731}.Release|Any CPU.Build.0 = Release|Any CPU
		{076A3785-83CD-4AE3-BE45-1AE183587731}.Release|x64.ActiveCfg = Release|Any CPU
		{076A3785-83CD-4AE3-BE45-1AE183587731}.Release|x64.Build.0 = Release|Any CPU
		{076A3785-83CD-4AE3-BE45-1AE183587731}.Release|x86.ActiveCfg = Release|Any CPU
		{076A3785-83CD-4AE3-BE45-1AE183587731}.Release|x86.Build.0 = Release|Any CPU
		{0997005B-E6FF-4D3F-AACE-C29338C7977F}.Debug|Any CPU.ActiveCfg = Debug|Any CPU
		{0997005B-E6FF-4D3F-AACE-C29338C7977F}.Debug|Any CPU.Build.0 = Debug|Any CPU
		{0997005B-E6FF-4D3F-AACE-C29338C7977F}.Debug|x64.ActiveCfg = Debug|Any CPU
		{0997005B-E6FF-4D3F-AACE-C29338C7977F}.Debug|x64.Build.0 = Debug|Any CPU
		{0997005B-E6FF-4D3F-AACE-C29338C7977F}.Debug|x86.ActiveCfg = Debug|Any CPU
		{0997005B-E6FF-4D3F-AACE-C29338C7977F}.Debug|x86.Build.0 = Debug|Any CPU
		{0997005B-E6FF-4D3F-AACE-C29338C7977F}.Release|Any CPU.ActiveCfg = Release|Any CPU
		{0997005B-E6FF-4D3F-AACE-C29338C7977F}.Release|Any CPU.Build.0 = Release|Any CPU
		{0997005B-E6FF-4D3F-AACE-C29338C7977F}.Release|x64.ActiveCfg = Release|Any CPU
		{0997005B-E6FF-4D3F-AACE-C29338C7977F}.Release|x64.Build.0 = Release|Any CPU
		{0997005B-E6FF-4D3F-AACE-C29338C7977F}.Release|x86.ActiveCfg = Release|Any CPU
		{0997005B-E6FF-4D3F-AACE-C29338C7977F}.Release|x86.Build.0 = Release|Any CPU
		{15F67655-8025-4389-8FF7-3F3CA7F543DA}.Debug|Any CPU.ActiveCfg = Debug|Any CPU
		{15F67655-8025-4389-8FF7-3F3CA7F543DA}.Debug|Any CPU.Build.0 = Debug|Any CPU
		{15F67655-8025-4389-8FF7-3F3CA7F543DA}.Debug|x64.ActiveCfg = Debug|Any CPU
		{15F67655-8025-4389-8FF7-3F3CA7F543DA}.Debug|x64.Build.0 = Debug|Any CPU
		{15F67655-8025-4389-8FF7-3F3CA7F543DA}.Debug|x86.ActiveCfg = Debug|Any CPU
		{15F67655-8025-4389-8FF7-3F3CA7F543DA}.Debug|x86.Build.0 = Debug|Any CPU
		{15F67655-8025-4389-8FF7-3F3CA7F543DA}.Release|Any CPU.ActiveCfg = Release|Any CPU
		{15F67655-8025-4389-8FF7-3F3CA7F543DA}.Release|Any CPU.Build.0 = Release|Any CPU
		{15F67655-8025-4389-8FF7-3F3CA7F543DA}.Release|x64.ActiveCfg = Release|Any CPU
		{15F67655-8025-4389-8FF7-3F3CA7F543DA}.Release|x64.Build.0 = Release|Any CPU
		{15F67655-8025-4389-8FF7-3F3CA7F543DA}.Release|x86.ActiveCfg = Release|Any CPU
		{15F67655-8025-4389-8FF7-3F3CA7F543DA}.Release|x86.Build.0 = Release|Any CPU
		{1BCFC9AF-6570-4996-949D-3C45F3411712}.Debug|Any CPU.ActiveCfg = Debug|Any CPU
		{1BCFC9AF-6570-4996-949D-3C45F3411712}.Debug|Any CPU.Build.0 = Debug|Any CPU
		{1BCFC9AF-6570-4996-949D-3C45F3411712}.Debug|x64.ActiveCfg = Debug|Any CPU
		{1BCFC9AF-6570-4996-949D-3C45F3411712}.Debug|x64.Build.0 = Debug|Any CPU
		{1BCFC9AF-6570-4996-949D-3C45F3411712}.Debug|x86.ActiveCfg = Debug|Any CPU
		{1BCFC9AF-6570-4996-949D-3C45F3411712}.Debug|x86.Build.0 = Debug|Any CPU
		{1BCFC9AF-6570-4996-949D-3C45F3411712}.Release|Any CPU.ActiveCfg = Release|Any CPU
		{1BCFC9AF-6570-4996-949D-3C45F3411712}.Release|Any CPU.Build.0 = Release|Any CPU
		{1BCFC9AF-6570-4996-949D-3C45F3411712}.Release|x64.ActiveCfg = Release|Any CPU
		{1BCFC9AF-6570-4996-949D-3C45F3411712}.Release|x64.Build.0 = Release|Any CPU
		{1BCFC9AF-6570-4996-949D-3C45F3411712}.Release|x86.ActiveCfg = Release|Any CPU
		{1BCFC9AF-6570-4996-949D-3C45F3411712}.Release|x86.Build.0 = Release|Any CPU
		{219FADE8-5473-4099-8291-7C29AA6F4808}.Debug|Any CPU.ActiveCfg = Debug|Any CPU
		{219FADE8-5473-4099-8291-7C29AA6F4808}.Debug|Any CPU.Build.0 = Debug|Any CPU
		{219FADE8-5473-4099-8291-7C29AA6F4808}.Debug|x64.ActiveCfg = Debug|Any CPU
		{219FADE8-5473-4099-8291-7C29AA6F4808}.Debug|x64.Build.0 = Debug|Any CPU
		{219FADE8-5473-4099-8291-7C29AA6F4808}.Debug|x86.ActiveCfg = Debug|Any CPU
		{219FADE8-5473-4099-8291-7C29AA6F4808}.Debug|x86.Build.0 = Debug|Any CPU
		{219FADE8-5473-4099-8291-7C29AA6F4808}.Release|Any CPU.ActiveCfg = Release|Any CPU
		{219FADE8-5473-4099-8291-7C29AA6F4808}.Release|Any CPU.Build.0 = Release|Any CPU
		{219FADE8-5473-4099-8291-7C29AA6F4808}.Release|x64.ActiveCfg = Release|Any CPU
		{219FADE8-5473-4099-8291-7C29AA6F4808}.Release|x64.Build.0 = Release|Any CPU
		{219FADE8-5473-4099-8291-7C29AA6F4808}.Release|x86.ActiveCfg = Release|Any CPU
		{219FADE8-5473-4099-8291-7C29AA6F4808}.Release|x86.Build.0 = Release|Any CPU
		{BCEADFB1-3446-4E82-91C1-E7A5D4E731C2}.Debug|Any CPU.ActiveCfg = Debug|Any CPU
		{BCEADFB1-3446-4E82-91C1-E7A5D4E731C2}.Debug|Any CPU.Build.0 = Debug|Any CPU
		{BCEADFB1-3446-4E82-91C1-E7A5D4E731C2}.Debug|x64.ActiveCfg = Debug|Any CPU
		{BCEADFB1-3446-4E82-91C1-E7A5D4E731C2}.Debug|x64.Build.0 = Debug|Any CPU
		{BCEADFB1-3446-4E82-91C1-E7A5D4E731C2}.Debug|x86.ActiveCfg = Debug|Any CPU
		{BCEADFB1-3446-4E82-91C1-E7A5D4E731C2}.Debug|x86.Build.0 = Debug|Any CPU
		{BCEADFB1-3446-4E82-91C1-E7A5D4E731C2}.Release|Any CPU.ActiveCfg = Release|Any CPU
		{BCEADFB1-3446-4E82-91C1-E7A5D4E731C2}.Release|Any CPU.Build.0 = Release|Any CPU
		{BCEADFB1-3446-4E82-91C1-E7A5D4E731C2}.Release|x64.ActiveCfg = Release|Any CPU
		{BCEADFB1-3446-4E82-91C1-E7A5D4E731C2}.Release|x64.Build.0 = Release|Any CPU
		{BCEADFB1-3446-4E82-91C1-E7A5D4E731C2}.Release|x86.ActiveCfg = Release|Any CPU
		{BCEADFB1-3446-4E82-91C1-E7A5D4E731C2}.Release|x86.Build.0 = Release|Any CPU
		{A3EB6441-4729-4FC9-B0E8-E0A075D4DF4F}.Debug|Any CPU.ActiveCfg = Debug|Any CPU
		{A3EB6441-4729-4FC9-B0E8-E0A075D4DF4F}.Debug|Any CPU.Build.0 = Debug|Any CPU
		{A3EB6441-4729-4FC9-B0E8-E0A075D4DF4F}.Debug|x64.ActiveCfg = Debug|Any CPU
		{A3EB6441-4729-4FC9-B0E8-E0A075D4DF4F}.Debug|x64.Build.0 = Debug|Any CPU
		{A3EB6441-4729-4FC9-B0E8-E0A075D4DF4F}.Debug|x86.ActiveCfg = Debug|Any CPU
		{A3EB6441-4729-4FC9-B0E8-E0A075D4DF4F}.Debug|x86.Build.0 = Debug|Any CPU
		{A3EB6441-4729-4FC9-B0E8-E0A075D4DF4F}.Release|Any CPU.ActiveCfg = Release|Any CPU
		{A3EB6441-4729-4FC9-B0E8-E0A075D4DF4F}.Release|Any CPU.Build.0 = Release|Any CPU
		{A3EB6441-4729-4FC9-B0E8-E0A075D4DF4F}.Release|x64.ActiveCfg = Release|Any CPU
		{A3EB6441-4729-4FC9-B0E8-E0A075D4DF4F}.Release|x64.Build.0 = Release|Any CPU
		{A3EB6441-4729-4FC9-B0E8-E0A075D4DF4F}.Release|x86.ActiveCfg = Release|Any CPU
		{A3EB6441-4729-4FC9-B0E8-E0A075D4DF4F}.Release|x86.Build.0 = Release|Any CPU
		{D5596914-F824-45DD-9496-3D8A7FAD5796}.Debug|Any CPU.ActiveCfg = Debug|Any CPU
		{D5596914-F824-45DD-9496-3D8A7FAD5796}.Debug|Any CPU.Build.0 = Debug|Any CPU
		{D5596914-F824-45DD-9496-3D8A7FAD5796}.Debug|x64.ActiveCfg = Debug|Any CPU
		{D5596914-F824-45DD-9496-3D8A7FAD5796}.Debug|x64.Build.0 = Debug|Any CPU
		{D5596914-F824-45DD-9496-3D8A7FAD5796}.Debug|x86.ActiveCfg = Debug|Any CPU
		{D5596914-F824-45DD-9496-3D8A7FAD5796}.Debug|x86.Build.0 = Debug|Any CPU
		{D5596914-F824-45DD-9496-3D8A7FAD5796}.Release|Any CPU.ActiveCfg = Release|Any CPU
		{D5596914-F824-45DD-9496-3D8A7FAD5796}.Release|Any CPU.Build.0 = Release|Any CPU
		{D5596914-F824-45DD-9496-3D8A7FAD5796}.Release|x64.ActiveCfg = Release|Any CPU
		{D5596914-F824-45DD-9496-3D8A7FAD5796}.Release|x64.Build.0 = Release|Any CPU
		{D5596914-F824-45DD-9496-3D8A7FAD5796}.Release|x86.ActiveCfg = Release|Any CPU
		{D5596914-F824-45DD-9496-3D8A7FAD5796}.Release|x86.Build.0 = Release|Any CPU
		{32817833-F567-4A92-BB57-8579A1D81DBA}.Debug|Any CPU.ActiveCfg = Debug|Any CPU
		{32817833-F567-4A92-BB57-8579A1D81DBA}.Debug|Any CPU.Build.0 = Debug|Any CPU
		{32817833-F567-4A92-BB57-8579A1D81DBA}.Debug|x64.ActiveCfg = Debug|Any CPU
		{32817833-F567-4A92-BB57-8579A1D81DBA}.Debug|x64.Build.0 = Debug|Any CPU
		{32817833-F567-4A92-BB57-8579A1D81DBA}.Debug|x86.ActiveCfg = Debug|Any CPU
		{32817833-F567-4A92-BB57-8579A1D81DBA}.Debug|x86.Build.0 = Debug|Any CPU
		{32817833-F567-4A92-BB57-8579A1D81DBA}.Release|Any CPU.ActiveCfg = Release|Any CPU
		{32817833-F567-4A92-BB57-8579A1D81DBA}.Release|Any CPU.Build.0 = Release|Any CPU
		{32817833-F567-4A92-BB57-8579A1D81DBA}.Release|x64.ActiveCfg = Release|Any CPU
		{32817833-F567-4A92-BB57-8579A1D81DBA}.Release|x64.Build.0 = Release|Any CPU
		{32817833-F567-4A92-BB57-8579A1D81DBA}.Release|x86.ActiveCfg = Release|Any CPU
		{32817833-F567-4A92-BB57-8579A1D81DBA}.Release|x86.Build.0 = Release|Any CPU
		{354CB379-4F37-4C57-B71C-916257B7B328}.Debug|Any CPU.ActiveCfg = Debug|Any CPU
		{354CB379-4F37-4C57-B71C-916257B7B328}.Debug|Any CPU.Build.0 = Debug|Any CPU
		{354CB379-4F37-4C57-B71C-916257B7B328}.Debug|x64.ActiveCfg = Debug|Any CPU
		{354CB379-4F37-4C57-B71C-916257B7B328}.Debug|x64.Build.0 = Debug|Any CPU
		{354CB379-4F37-4C57-B71C-916257B7B328}.Debug|x86.ActiveCfg = Debug|Any CPU
		{354CB379-4F37-4C57-B71C-916257B7B328}.Debug|x86.Build.0 = Debug|Any CPU
		{354CB379-4F37-4C57-B71C-916257B7B328}.Release|Any CPU.ActiveCfg = Release|Any CPU
		{354CB379-4F37-4C57-B71C-916257B7B328}.Release|Any CPU.Build.0 = Release|Any CPU
		{354CB379-4F37-4C57-B71C-916257B7B328}.Release|x64.ActiveCfg = Release|Any CPU
		{354CB379-4F37-4C57-B71C-916257B7B328}.Release|x64.Build.0 = Release|Any CPU
		{354CB379-4F37-4C57-B71C-916257B7B328}.Release|x86.ActiveCfg = Release|Any CPU
		{354CB379-4F37-4C57-B71C-916257B7B328}.Release|x86.Build.0 = Release|Any CPU
		{E635ECAF-7338-4B82-A606-CAFEDCC11D6E}.Debug|Any CPU.ActiveCfg = Debug|Any CPU
		{E635ECAF-7338-4B82-A606-CAFEDCC11D6E}.Debug|Any CPU.Build.0 = Debug|Any CPU
		{E635ECAF-7338-4B82-A606-CAFEDCC11D6E}.Debug|x64.ActiveCfg = Debug|Any CPU
		{E635ECAF-7338-4B82-A606-CAFEDCC11D6E}.Debug|x64.Build.0 = Debug|Any CPU
		{E635ECAF-7338-4B82-A606-CAFEDCC11D6E}.Debug|x86.ActiveCfg = Debug|Any CPU
		{E635ECAF-7338-4B82-A606-CAFEDCC11D6E}.Debug|x86.Build.0 = Debug|Any CPU
		{E635ECAF-7338-4B82-A606-CAFEDCC11D6E}.Release|Any CPU.ActiveCfg = Release|Any CPU
		{E635ECAF-7338-4B82-A606-CAFEDCC11D6E}.Release|Any CPU.Build.0 = Release|Any CPU
		{E635ECAF-7338-4B82-A606-CAFEDCC11D6E}.Release|x64.ActiveCfg = Release|Any CPU
		{E635ECAF-7338-4B82-A606-CAFEDCC11D6E}.Release|x64.Build.0 = Release|Any CPU
		{E635ECAF-7338-4B82-A606-CAFEDCC11D6E}.Release|x86.ActiveCfg = Release|Any CPU
		{E635ECAF-7338-4B82-A606-CAFEDCC11D6E}.Release|x86.Build.0 = Release|Any CPU
		{9FAB310D-BB12-42A9-9E09-6762DF98DA0F}.Debug|Any CPU.ActiveCfg = Debug|Any CPU
		{9FAB310D-BB12-42A9-9E09-6762DF98DA0F}.Debug|Any CPU.Build.0 = Debug|Any CPU
		{9FAB310D-BB12-42A9-9E09-6762DF98DA0F}.Debug|x64.ActiveCfg = Debug|Any CPU
		{9FAB310D-BB12-42A9-9E09-6762DF98DA0F}.Debug|x64.Build.0 = Debug|Any CPU
		{9FAB310D-BB12-42A9-9E09-6762DF98DA0F}.Debug|x86.ActiveCfg = Debug|Any CPU
		{9FAB310D-BB12-42A9-9E09-6762DF98DA0F}.Debug|x86.Build.0 = Debug|Any CPU
		{9FAB310D-BB12-42A9-9E09-6762DF98DA0F}.Release|Any CPU.ActiveCfg = Release|Any CPU
		{9FAB310D-BB12-42A9-9E09-6762DF98DA0F}.Release|Any CPU.Build.0 = Release|Any CPU
		{9FAB310D-BB12-42A9-9E09-6762DF98DA0F}.Release|x64.ActiveCfg = Release|Any CPU
		{9FAB310D-BB12-42A9-9E09-6762DF98DA0F}.Release|x64.Build.0 = Release|Any CPU
		{9FAB310D-BB12-42A9-9E09-6762DF98DA0F}.Release|x86.ActiveCfg = Release|Any CPU
		{9FAB310D-BB12-42A9-9E09-6762DF98DA0F}.Release|x86.Build.0 = Release|Any CPU
		{99B7AEAE-EFC1-4343-ACAA-AA621E3E1026}.Debug|Any CPU.ActiveCfg = Debug|Any CPU
		{99B7AEAE-EFC1-4343-ACAA-AA621E3E1026}.Debug|Any CPU.Build.0 = Debug|Any CPU
		{99B7AEAE-EFC1-4343-ACAA-AA621E3E1026}.Debug|x64.ActiveCfg = Debug|Any CPU
		{99B7AEAE-EFC1-4343-ACAA-AA621E3E1026}.Debug|x64.Build.0 = Debug|Any CPU
		{99B7AEAE-EFC1-4343-ACAA-AA621E3E1026}.Debug|x86.ActiveCfg = Debug|Any CPU
		{99B7AEAE-EFC1-4343-ACAA-AA621E3E1026}.Debug|x86.Build.0 = Debug|Any CPU
		{99B7AEAE-EFC1-4343-ACAA-AA621E3E1026}.Release|Any CPU.ActiveCfg = Release|Any CPU
		{99B7AEAE-EFC1-4343-ACAA-AA621E3E1026}.Release|Any CPU.Build.0 = Release|Any CPU
		{99B7AEAE-EFC1-4343-ACAA-AA621E3E1026}.Release|x64.ActiveCfg = Release|Any CPU
		{99B7AEAE-EFC1-4343-ACAA-AA621E3E1026}.Release|x64.Build.0 = Release|Any CPU
		{99B7AEAE-EFC1-4343-ACAA-AA621E3E1026}.Release|x86.ActiveCfg = Release|Any CPU
		{99B7AEAE-EFC1-4343-ACAA-AA621E3E1026}.Release|x86.Build.0 = Release|Any CPU
		{1CE13B94-7AD5-49A5-802C-945D34903C23}.Debug|Any CPU.ActiveCfg = Debug|Any CPU
		{1CE13B94-7AD5-49A5-802C-945D34903C23}.Debug|Any CPU.Build.0 = Debug|Any CPU
		{1CE13B94-7AD5-49A5-802C-945D34903C23}.Debug|x64.ActiveCfg = Debug|Any CPU
		{1CE13B94-7AD5-49A5-802C-945D34903C23}.Debug|x64.Build.0 = Debug|Any CPU
		{1CE13B94-7AD5-49A5-802C-945D34903C23}.Debug|x86.ActiveCfg = Debug|Any CPU
		{1CE13B94-7AD5-49A5-802C-945D34903C23}.Debug|x86.Build.0 = Debug|Any CPU
		{1CE13B94-7AD5-49A5-802C-945D34903C23}.Release|Any CPU.ActiveCfg = Release|Any CPU
		{1CE13B94-7AD5-49A5-802C-945D34903C23}.Release|Any CPU.Build.0 = Release|Any CPU
		{1CE13B94-7AD5-49A5-802C-945D34903C23}.Release|x64.ActiveCfg = Release|Any CPU
		{1CE13B94-7AD5-49A5-802C-945D34903C23}.Release|x64.Build.0 = Release|Any CPU
		{1CE13B94-7AD5-49A5-802C-945D34903C23}.Release|x86.ActiveCfg = Release|Any CPU
		{1CE13B94-7AD5-49A5-802C-945D34903C23}.Release|x86.Build.0 = Release|Any CPU
		{688CEDDE-8105-49ED-937C-567B0F28B7AF}.Debug|Any CPU.ActiveCfg = Debug|Any CPU
		{688CEDDE-8105-49ED-937C-567B0F28B7AF}.Debug|Any CPU.Build.0 = Debug|Any CPU
		{688CEDDE-8105-49ED-937C-567B0F28B7AF}.Debug|x64.ActiveCfg = Debug|Any CPU
		{688CEDDE-8105-49ED-937C-567B0F28B7AF}.Debug|x64.Build.0 = Debug|Any CPU
		{688CEDDE-8105-49ED-937C-567B0F28B7AF}.Debug|x86.ActiveCfg = Debug|Any CPU
		{688CEDDE-8105-49ED-937C-567B0F28B7AF}.Debug|x86.Build.0 = Debug|Any CPU
		{688CEDDE-8105-49ED-937C-567B0F28B7AF}.Release|Any CPU.ActiveCfg = Release|Any CPU
		{688CEDDE-8105-49ED-937C-567B0F28B7AF}.Release|Any CPU.Build.0 = Release|Any CPU
		{688CEDDE-8105-49ED-937C-567B0F28B7AF}.Release|x64.ActiveCfg = Release|Any CPU
		{688CEDDE-8105-49ED-937C-567B0F28B7AF}.Release|x64.Build.0 = Release|Any CPU
		{688CEDDE-8105-49ED-937C-567B0F28B7AF}.Release|x86.ActiveCfg = Release|Any CPU
		{688CEDDE-8105-49ED-937C-567B0F28B7AF}.Release|x86.Build.0 = Release|Any CPU
		{C5CF6D06-C762-4DBE-8771-CE64B9CC81E0}.Debug|Any CPU.ActiveCfg = Debug|Any CPU
		{C5CF6D06-C762-4DBE-8771-CE64B9CC81E0}.Debug|Any CPU.Build.0 = Debug|Any CPU
		{C5CF6D06-C762-4DBE-8771-CE64B9CC81E0}.Debug|x64.ActiveCfg = Debug|Any CPU
		{C5CF6D06-C762-4DBE-8771-CE64B9CC81E0}.Debug|x64.Build.0 = Debug|Any CPU
		{C5CF6D06-C762-4DBE-8771-CE64B9CC81E0}.Debug|x86.ActiveCfg = Debug|Any CPU
		{C5CF6D06-C762-4DBE-8771-CE64B9CC81E0}.Debug|x86.Build.0 = Debug|Any CPU
		{C5CF6D06-C762-4DBE-8771-CE64B9CC81E0}.Release|Any CPU.ActiveCfg = Release|Any CPU
		{C5CF6D06-C762-4DBE-8771-CE64B9CC81E0}.Release|Any CPU.Build.0 = Release|Any CPU
		{C5CF6D06-C762-4DBE-8771-CE64B9CC81E0}.Release|x64.ActiveCfg = Release|Any CPU
		{C5CF6D06-C762-4DBE-8771-CE64B9CC81E0}.Release|x64.Build.0 = Release|Any CPU
		{C5CF6D06-C762-4DBE-8771-CE64B9CC81E0}.Release|x86.ActiveCfg = Release|Any CPU
		{C5CF6D06-C762-4DBE-8771-CE64B9CC81E0}.Release|x86.Build.0 = Release|Any CPU
		{6DF66A16-6F21-4A72-A366-C5E70E4C34EF}.Debug|Any CPU.ActiveCfg = Debug|Any CPU
		{6DF66A16-6F21-4A72-A366-C5E70E4C34EF}.Debug|Any CPU.Build.0 = Debug|Any CPU
		{6DF66A16-6F21-4A72-A366-C5E70E4C34EF}.Debug|x64.ActiveCfg = Debug|Any CPU
		{6DF66A16-6F21-4A72-A366-C5E70E4C34EF}.Debug|x64.Build.0 = Debug|Any CPU
		{6DF66A16-6F21-4A72-A366-C5E70E4C34EF}.Debug|x86.ActiveCfg = Debug|Any CPU
		{6DF66A16-6F21-4A72-A366-C5E70E4C34EF}.Debug|x86.Build.0 = Debug|Any CPU
		{6DF66A16-6F21-4A72-A366-C5E70E4C34EF}.Release|Any CPU.ActiveCfg = Release|Any CPU
		{6DF66A16-6F21-4A72-A366-C5E70E4C34EF}.Release|Any CPU.Build.0 = Release|Any CPU
		{6DF66A16-6F21-4A72-A366-C5E70E4C34EF}.Release|x64.ActiveCfg = Release|Any CPU
		{6DF66A16-6F21-4A72-A366-C5E70E4C34EF}.Release|x64.Build.0 = Release|Any CPU
		{6DF66A16-6F21-4A72-A366-C5E70E4C34EF}.Release|x86.ActiveCfg = Release|Any CPU
		{6DF66A16-6F21-4A72-A366-C5E70E4C34EF}.Release|x86.Build.0 = Release|Any CPU
		{77BE3256-5CA0-490C-BB30-B187285E0EE6}.Debug|Any CPU.ActiveCfg = Debug|Any CPU
		{77BE3256-5CA0-490C-BB30-B187285E0EE6}.Debug|Any CPU.Build.0 = Debug|Any CPU
		{77BE3256-5CA0-490C-BB30-B187285E0EE6}.Debug|x64.ActiveCfg = Debug|Any CPU
		{77BE3256-5CA0-490C-BB30-B187285E0EE6}.Debug|x64.Build.0 = Debug|Any CPU
		{77BE3256-5CA0-490C-BB30-B187285E0EE6}.Debug|x86.ActiveCfg = Debug|Any CPU
		{77BE3256-5CA0-490C-BB30-B187285E0EE6}.Debug|x86.Build.0 = Debug|Any CPU
		{77BE3256-5CA0-490C-BB30-B187285E0EE6}.Release|Any CPU.ActiveCfg = Release|Any CPU
		{77BE3256-5CA0-490C-BB30-B187285E0EE6}.Release|Any CPU.Build.0 = Release|Any CPU
		{77BE3256-5CA0-490C-BB30-B187285E0EE6}.Release|x64.ActiveCfg = Release|Any CPU
		{77BE3256-5CA0-490C-BB30-B187285E0EE6}.Release|x64.Build.0 = Release|Any CPU
		{77BE3256-5CA0-490C-BB30-B187285E0EE6}.Release|x86.ActiveCfg = Release|Any CPU
		{77BE3256-5CA0-490C-BB30-B187285E0EE6}.Release|x86.Build.0 = Release|Any CPU
		{753A3B06-C763-4869-8ECF-74274049624D}.Debug|Any CPU.ActiveCfg = Debug|Any CPU
		{753A3B06-C763-4869-8ECF-74274049624D}.Debug|Any CPU.Build.0 = Debug|Any CPU
		{753A3B06-C763-4869-8ECF-74274049624D}.Debug|x64.ActiveCfg = Debug|Any CPU
		{753A3B06-C763-4869-8ECF-74274049624D}.Debug|x64.Build.0 = Debug|Any CPU
		{753A3B06-C763-4869-8ECF-74274049624D}.Debug|x86.ActiveCfg = Debug|Any CPU
		{753A3B06-C763-4869-8ECF-74274049624D}.Debug|x86.Build.0 = Debug|Any CPU
		{753A3B06-C763-4869-8ECF-74274049624D}.Release|Any CPU.ActiveCfg = Release|Any CPU
		{753A3B06-C763-4869-8ECF-74274049624D}.Release|Any CPU.Build.0 = Release|Any CPU
		{753A3B06-C763-4869-8ECF-74274049624D}.Release|x64.ActiveCfg = Release|Any CPU
		{753A3B06-C763-4869-8ECF-74274049624D}.Release|x64.Build.0 = Release|Any CPU
		{753A3B06-C763-4869-8ECF-74274049624D}.Release|x86.ActiveCfg = Release|Any CPU
		{753A3B06-C763-4869-8ECF-74274049624D}.Release|x86.Build.0 = Release|Any CPU
		{C8931979-88CB-4C80-93CF-740680A5206E}.Debug|Any CPU.ActiveCfg = Debug|Any CPU
		{C8931979-88CB-4C80-93CF-740680A5206E}.Debug|Any CPU.Build.0 = Debug|Any CPU
		{C8931979-88CB-4C80-93CF-740680A5206E}.Debug|x64.ActiveCfg = Debug|Any CPU
		{C8931979-88CB-4C80-93CF-740680A5206E}.Debug|x64.Build.0 = Debug|Any CPU
		{C8931979-88CB-4C80-93CF-740680A5206E}.Debug|x86.ActiveCfg = Debug|Any CPU
		{C8931979-88CB-4C80-93CF-740680A5206E}.Debug|x86.Build.0 = Debug|Any CPU
		{C8931979-88CB-4C80-93CF-740680A5206E}.Release|Any CPU.ActiveCfg = Release|Any CPU
		{C8931979-88CB-4C80-93CF-740680A5206E}.Release|Any CPU.Build.0 = Release|Any CPU
		{C8931979-88CB-4C80-93CF-740680A5206E}.Release|x64.ActiveCfg = Release|Any CPU
		{C8931979-88CB-4C80-93CF-740680A5206E}.Release|x64.Build.0 = Release|Any CPU
		{C8931979-88CB-4C80-93CF-740680A5206E}.Release|x86.ActiveCfg = Release|Any CPU
		{C8931979-88CB-4C80-93CF-740680A5206E}.Release|x86.Build.0 = Release|Any CPU
		{E6ACC4BC-2A7D-4AB5-87BD-A28C7CD6A388}.Debug|Any CPU.ActiveCfg = Debug|Any CPU
		{E6ACC4BC-2A7D-4AB5-87BD-A28C7CD6A388}.Debug|Any CPU.Build.0 = Debug|Any CPU
		{E6ACC4BC-2A7D-4AB5-87BD-A28C7CD6A388}.Debug|x64.ActiveCfg = Debug|Any CPU
		{E6ACC4BC-2A7D-4AB5-87BD-A28C7CD6A388}.Debug|x64.Build.0 = Debug|Any CPU
		{E6ACC4BC-2A7D-4AB5-87BD-A28C7CD6A388}.Debug|x86.ActiveCfg = Debug|Any CPU
		{E6ACC4BC-2A7D-4AB5-87BD-A28C7CD6A388}.Debug|x86.Build.0 = Debug|Any CPU
		{E6ACC4BC-2A7D-4AB5-87BD-A28C7CD6A388}.Release|Any CPU.ActiveCfg = Release|Any CPU
		{E6ACC4BC-2A7D-4AB5-87BD-A28C7CD6A388}.Release|Any CPU.Build.0 = Release|Any CPU
		{E6ACC4BC-2A7D-4AB5-87BD-A28C7CD6A388}.Release|x64.ActiveCfg = Release|Any CPU
		{E6ACC4BC-2A7D-4AB5-87BD-A28C7CD6A388}.Release|x64.Build.0 = Release|Any CPU
		{E6ACC4BC-2A7D-4AB5-87BD-A28C7CD6A388}.Release|x86.ActiveCfg = Release|Any CPU
		{E6ACC4BC-2A7D-4AB5-87BD-A28C7CD6A388}.Release|x86.Build.0 = Release|Any CPU
		{313EBBB8-C029-4A12-B898-EB6E18D025EA}.Debug|Any CPU.ActiveCfg = Debug|Any CPU
		{313EBBB8-C029-4A12-B898-EB6E18D025EA}.Debug|Any CPU.Build.0 = Debug|Any CPU
		{313EBBB8-C029-4A12-B898-EB6E18D025EA}.Debug|x64.ActiveCfg = Debug|Any CPU
		{313EBBB8-C029-4A12-B898-EB6E18D025EA}.Debug|x64.Build.0 = Debug|Any CPU
		{313EBBB8-C029-4A12-B898-EB6E18D025EA}.Debug|x86.ActiveCfg = Debug|Any CPU
		{313EBBB8-C029-4A12-B898-EB6E18D025EA}.Debug|x86.Build.0 = Debug|Any CPU
		{313EBBB8-C029-4A12-B898-EB6E18D025EA}.Release|Any CPU.ActiveCfg = Release|Any CPU
		{313EBBB8-C029-4A12-B898-EB6E18D025EA}.Release|Any CPU.Build.0 = Release|Any CPU
		{313EBBB8-C029-4A12-B898-EB6E18D025EA}.Release|x64.ActiveCfg = Release|Any CPU
		{313EBBB8-C029-4A12-B898-EB6E18D025EA}.Release|x64.Build.0 = Release|Any CPU
		{313EBBB8-C029-4A12-B898-EB6E18D025EA}.Release|x86.ActiveCfg = Release|Any CPU
		{313EBBB8-C029-4A12-B898-EB6E18D025EA}.Release|x86.Build.0 = Release|Any CPU
		{3522105D-D4CD-4707-8613-271998B582DA}.Debug|Any CPU.ActiveCfg = Debug|Any CPU
		{3522105D-D4CD-4707-8613-271998B582DA}.Debug|Any CPU.Build.0 = Debug|Any CPU
		{3522105D-D4CD-4707-8613-271998B582DA}.Debug|x64.ActiveCfg = Debug|Any CPU
		{3522105D-D4CD-4707-8613-271998B582DA}.Debug|x64.Build.0 = Debug|Any CPU
		{3522105D-D4CD-4707-8613-271998B582DA}.Debug|x86.ActiveCfg = Debug|Any CPU
		{3522105D-D4CD-4707-8613-271998B582DA}.Debug|x86.Build.0 = Debug|Any CPU
		{3522105D-D4CD-4707-8613-271998B582DA}.Release|Any CPU.ActiveCfg = Release|Any CPU
		{3522105D-D4CD-4707-8613-271998B582DA}.Release|Any CPU.Build.0 = Release|Any CPU
		{3522105D-D4CD-4707-8613-271998B582DA}.Release|x64.ActiveCfg = Release|Any CPU
		{3522105D-D4CD-4707-8613-271998B582DA}.Release|x64.Build.0 = Release|Any CPU
		{3522105D-D4CD-4707-8613-271998B582DA}.Release|x86.ActiveCfg = Release|Any CPU
		{3522105D-D4CD-4707-8613-271998B582DA}.Release|x86.Build.0 = Release|Any CPU
		{433F53CA-E2E3-4CE1-A342-4A358D1999FC}.Debug|Any CPU.ActiveCfg = Debug|Any CPU
		{433F53CA-E2E3-4CE1-A342-4A358D1999FC}.Debug|Any CPU.Build.0 = Debug|Any CPU
		{433F53CA-E2E3-4CE1-A342-4A358D1999FC}.Debug|x64.ActiveCfg = Debug|Any CPU
		{433F53CA-E2E3-4CE1-A342-4A358D1999FC}.Debug|x64.Build.0 = Debug|Any CPU
		{433F53CA-E2E3-4CE1-A342-4A358D1999FC}.Debug|x86.ActiveCfg = Debug|Any CPU
		{433F53CA-E2E3-4CE1-A342-4A358D1999FC}.Debug|x86.Build.0 = Debug|Any CPU
		{433F53CA-E2E3-4CE1-A342-4A358D1999FC}.Release|Any CPU.ActiveCfg = Release|Any CPU
		{433F53CA-E2E3-4CE1-A342-4A358D1999FC}.Release|Any CPU.Build.0 = Release|Any CPU
		{433F53CA-E2E3-4CE1-A342-4A358D1999FC}.Release|x64.ActiveCfg = Release|Any CPU
		{433F53CA-E2E3-4CE1-A342-4A358D1999FC}.Release|x64.Build.0 = Release|Any CPU
		{433F53CA-E2E3-4CE1-A342-4A358D1999FC}.Release|x86.ActiveCfg = Release|Any CPU
		{433F53CA-E2E3-4CE1-A342-4A358D1999FC}.Release|x86.Build.0 = Release|Any CPU
		{C8B78B43-EFEE-41CF-8BE9-1EA84AA18BF9}.Debug|Any CPU.ActiveCfg = Debug|Any CPU
		{C8B78B43-EFEE-41CF-8BE9-1EA84AA18BF9}.Debug|Any CPU.Build.0 = Debug|Any CPU
		{C8B78B43-EFEE-41CF-8BE9-1EA84AA18BF9}.Debug|x64.ActiveCfg = Debug|Any CPU
		{C8B78B43-EFEE-41CF-8BE9-1EA84AA18BF9}.Debug|x64.Build.0 = Debug|Any CPU
		{C8B78B43-EFEE-41CF-8BE9-1EA84AA18BF9}.Debug|x86.ActiveCfg = Debug|Any CPU
		{C8B78B43-EFEE-41CF-8BE9-1EA84AA18BF9}.Debug|x86.Build.0 = Debug|Any CPU
		{C8B78B43-EFEE-41CF-8BE9-1EA84AA18BF9}.Release|Any CPU.ActiveCfg = Release|Any CPU
		{C8B78B43-EFEE-41CF-8BE9-1EA84AA18BF9}.Release|Any CPU.Build.0 = Release|Any CPU
		{C8B78B43-EFEE-41CF-8BE9-1EA84AA18BF9}.Release|x64.ActiveCfg = Release|Any CPU
		{C8B78B43-EFEE-41CF-8BE9-1EA84AA18BF9}.Release|x64.Build.0 = Release|Any CPU
		{C8B78B43-EFEE-41CF-8BE9-1EA84AA18BF9}.Release|x86.ActiveCfg = Release|Any CPU
		{C8B78B43-EFEE-41CF-8BE9-1EA84AA18BF9}.Release|x86.Build.0 = Release|Any CPU
		{669BF256-765D-4BF1-9278-68EF33F86FFB}.Debug|Any CPU.ActiveCfg = Debug|Any CPU
		{669BF256-765D-4BF1-9278-68EF33F86FFB}.Debug|Any CPU.Build.0 = Debug|Any CPU
		{669BF256-765D-4BF1-9278-68EF33F86FFB}.Debug|x64.ActiveCfg = Debug|Any CPU
		{669BF256-765D-4BF1-9278-68EF33F86FFB}.Debug|x64.Build.0 = Debug|Any CPU
		{669BF256-765D-4BF1-9278-68EF33F86FFB}.Debug|x86.ActiveCfg = Debug|Any CPU
		{669BF256-765D-4BF1-9278-68EF33F86FFB}.Debug|x86.Build.0 = Debug|Any CPU
		{669BF256-765D-4BF1-9278-68EF33F86FFB}.Release|Any CPU.ActiveCfg = Release|Any CPU
		{669BF256-765D-4BF1-9278-68EF33F86FFB}.Release|Any CPU.Build.0 = Release|Any CPU
		{669BF256-765D-4BF1-9278-68EF33F86FFB}.Release|x64.ActiveCfg = Release|Any CPU
		{669BF256-765D-4BF1-9278-68EF33F86FFB}.Release|x64.Build.0 = Release|Any CPU
		{669BF256-765D-4BF1-9278-68EF33F86FFB}.Release|x86.ActiveCfg = Release|Any CPU
		{669BF256-765D-4BF1-9278-68EF33F86FFB}.Release|x86.Build.0 = Release|Any CPU
		{CEE9045E-0299-4488-80FF-0162D099C544}.Debug|Any CPU.ActiveCfg = Debug|Any CPU
		{CEE9045E-0299-4488-80FF-0162D099C544}.Debug|Any CPU.Build.0 = Debug|Any CPU
		{CEE9045E-0299-4488-80FF-0162D099C544}.Debug|x64.ActiveCfg = Debug|Any CPU
		{CEE9045E-0299-4488-80FF-0162D099C544}.Debug|x64.Build.0 = Debug|Any CPU
		{CEE9045E-0299-4488-80FF-0162D099C544}.Debug|x86.ActiveCfg = Debug|Any CPU
		{CEE9045E-0299-4488-80FF-0162D099C544}.Debug|x86.Build.0 = Debug|Any CPU
		{CEE9045E-0299-4488-80FF-0162D099C544}.Release|Any CPU.ActiveCfg = Release|Any CPU
		{CEE9045E-0299-4488-80FF-0162D099C544}.Release|Any CPU.Build.0 = Release|Any CPU
		{CEE9045E-0299-4488-80FF-0162D099C544}.Release|x64.ActiveCfg = Release|Any CPU
		{CEE9045E-0299-4488-80FF-0162D099C544}.Release|x64.Build.0 = Release|Any CPU
		{CEE9045E-0299-4488-80FF-0162D099C544}.Release|x86.ActiveCfg = Release|Any CPU
		{CEE9045E-0299-4488-80FF-0162D099C544}.Release|x86.Build.0 = Release|Any CPU
	EndGlobalSection
	GlobalSection(SolutionProperties) = preSolution
		HideSolutionNode = FALSE
	EndGlobalSection
	GlobalSection(NestedProjects) = preSolution
		{FA0D86B4-2B86-4DFE-B7E6-7C809DB74A13} = {A592E157-F76B-49CE-A5A4-EF130CDD757F}
		{7F48FD5C-A4C6-496A-B68E-265237C22330} = {A592E157-F76B-49CE-A5A4-EF130CDD757F}
		{90FDF2B3-25C9-428D-B264-5A5FAEB2D988} = {7B4E6671-D28C-4159-BB16-40CEAC76EE73}
		{7D658974-C38C-421F-8186-B735F06CFC58} = {A592E157-F76B-49CE-A5A4-EF130CDD757F}
		{5F2931B6-9A77-4F94-80CD-BC9B9A0C64BF} = {A592E157-F76B-49CE-A5A4-EF130CDD757F}
		{24E940FF-C9F3-4D5C-8FCF-CA527F055318} = {A592E157-F76B-49CE-A5A4-EF130CDD757F}
		{4290C007-2142-4AD1-8EB6-F80EF2F45AA4} = {A592E157-F76B-49CE-A5A4-EF130CDD757F}
		{A16637C2-2D91-4953-AE04-D91EC188DD7B} = {A592E157-F76B-49CE-A5A4-EF130CDD757F}
		{A0DA4200-6643-4F2C-8450-65B8CE8A5576} = {A592E157-F76B-49CE-A5A4-EF130CDD757F}
		{7D608265-3330-4747-B5B4-9673A119FE6C} = {A592E157-F76B-49CE-A5A4-EF130CDD757F}
		{3E905528-D87C-4552-A32D-66BF90D14DB0} = {DCDB1771-1943-4459-8040-F001758E6E1E}
		{9E4D6072-C8DE-475A-B9A7-4B6BF6EEEAEB} = {DCDB1771-1943-4459-8040-F001758E6E1E}
		{686E902E-0C23-4396-8887-6D9219EF8D27} = {DCDB1771-1943-4459-8040-F001758E6E1E}
		{8EE4A9C6-AA93-4A84-8EAB-4EC955DD6851} = {95E8A2C3-A9CF-4911-83AB-74498B7D1528}
		{80A71107-9C8E-47B2-B743-58D5976B38FB} = {95E8A2C3-A9CF-4911-83AB-74498B7D1528}
		{C0D6E7EC-29AF-4FC2-B8E0-1E5D083B55DD} = {95E8A2C3-A9CF-4911-83AB-74498B7D1528}
		{168C5EC3-FF08-402F-8D70-F216CB04DE81} = {DCDB1771-1943-4459-8040-F001758E6E1E}
		{7318548D-B8F2-4ED3-8B3E-F61DD8B552D1} = {95E8A2C3-A9CF-4911-83AB-74498B7D1528}
		{A2B4BEC3-7430-489E-BE6B-F1E8205A7C62} = {A592E157-F76B-49CE-A5A4-EF130CDD757F}
		{8C4C72C3-DCC4-43B1-A2B3-DF77B435FA75} = {7D999E1B-C00B-4BA8-AEC3-94BA92010E38}
		{455DA1FB-5097-47D2-8603-B0E1F9D90294} = {7D999E1B-C00B-4BA8-AEC3-94BA92010E38}
		{E52E34FD-40AE-425B-9C1A-2CAB3EE2704F} = {7D999E1B-C00B-4BA8-AEC3-94BA92010E38}
		{F6B47679-3362-4A0C-BB4D-BD3C9B0550AF} = {7D999E1B-C00B-4BA8-AEC3-94BA92010E38}
		{45927301-6CF5-4770-888C-7B0B51ECEBEE} = {56EA9268-0B36-46CB-B8F0-871DBEED5D4F}
		{153BD6AB-6B34-4E97-A96D-4ED5826DC037} = {56EA9268-0B36-46CB-B8F0-871DBEED5D4F}
		{2088B3AF-F9AF-45B8-B824-16749D5DAF9E} = {56EA9268-0B36-46CB-B8F0-871DBEED5D4F}
		{89E58A49-12C4-4C22-B646-348B6BFCCB4D} = {56EA9268-0B36-46CB-B8F0-871DBEED5D4F}
		{8CEF18CA-9009-47F5-ADF4-63E73E6B663B} = {7DB123DC-28AF-4C6E-B8F9-8A88399A5D3F}
		{E2404BB9-0B08-4DDB-AA8A-D55DAD042E62} = {7DB123DC-28AF-4C6E-B8F9-8A88399A5D3F}
		{AF9F8787-E233-4DBF-B973-916EBCD88D96} = {7DB123DC-28AF-4C6E-B8F9-8A88399A5D3F}
		{A4955C19-C422-45E6-9F01-5AE2E9A76B2F} = {7DB123DC-28AF-4C6E-B8F9-8A88399A5D3F}
		{321C6410-B154-45BD-B44A-7CD451BBA9F0} = {AF9F8787-E233-4DBF-B973-916EBCD88D96}
		{076A3785-83CD-4AE3-BE45-1AE183587731} = {AF9F8787-E233-4DBF-B973-916EBCD88D96}
		{0997005B-E6FF-4D3F-AACE-C29338C7977F} = {AF9F8787-E233-4DBF-B973-916EBCD88D96}
		{15F67655-8025-4389-8FF7-3F3CA7F543DA} = {A4955C19-C422-45E6-9F01-5AE2E9A76B2F}
		{1BCFC9AF-6570-4996-949D-3C45F3411712} = {A4955C19-C422-45E6-9F01-5AE2E9A76B2F}
		{219FADE8-5473-4099-8291-7C29AA6F4808} = {A4955C19-C422-45E6-9F01-5AE2E9A76B2F}
		{BCEADFB1-3446-4E82-91C1-E7A5D4E731C2} = {E85D3982-0792-430A-9E58-8B7C1A329F88}
		{A3EB6441-4729-4FC9-B0E8-E0A075D4DF4F} = {E85D3982-0792-430A-9E58-8B7C1A329F88}
		{D5596914-F824-45DD-9496-3D8A7FAD5796} = {E85D3982-0792-430A-9E58-8B7C1A329F88}
		{32817833-F567-4A92-BB57-8579A1D81DBA} = {7DB123DC-28AF-4C6E-B8F9-8A88399A5D3F}
		{354CB379-4F37-4C57-B71C-916257B7B328} = {7DB123DC-28AF-4C6E-B8F9-8A88399A5D3F}
		{E635ECAF-7338-4B82-A606-CAFEDCC11D6E} = {7DB123DC-28AF-4C6E-B8F9-8A88399A5D3F}
		{9FAB310D-BB12-42A9-9E09-6762DF98DA0F} = {E85D3982-0792-430A-9E58-8B7C1A329F88}
		{99B7AEAE-EFC1-4343-ACAA-AA621E3E1026} = {7DB123DC-28AF-4C6E-B8F9-8A88399A5D3F}
		{688CEDDE-8105-49ED-937C-567B0F28B7AF} = {7B4E6671-D28C-4159-BB16-40CEAC76EE73}
		{C5CF6D06-C762-4DBE-8771-CE64B9CC81E0} = {7B4E6671-D28C-4159-BB16-40CEAC76EE73}
		{6DF66A16-6F21-4A72-A366-C5E70E4C34EF} = {D2A5F6DB-29AA-47C2-9AF9-96E294328139}
		{77BE3256-5CA0-490C-BB30-B187285E0EE6} = {D2A5F6DB-29AA-47C2-9AF9-96E294328139}
		{753A3B06-C763-4869-8ECF-74274049624D} = {D2A5F6DB-29AA-47C2-9AF9-96E294328139}
		{C8931979-88CB-4C80-93CF-740680A5206E} = {56FAE5B5-F1F8-41AF-85E8-54B2CEC2B89E}
		{E6ACC4BC-2A7D-4AB5-87BD-A28C7CD6A388} = {2A968101-45CA-421C-A546-00D681BF3C76}
		{313EBBB8-C029-4A12-B898-EB6E18D025EA} = {2A968101-45CA-421C-A546-00D681BF3C76}
		{3522105D-D4CD-4707-8613-271998B582DA} = {2A968101-45CA-421C-A546-00D681BF3C76}
		{433F53CA-E2E3-4CE1-A342-4A358D1999FC} = {2A968101-45CA-421C-A546-00D681BF3C76}
		{C8B78B43-EFEE-41CF-8BE9-1EA84AA18BF9} = {4B1EF657-A679-43B5-83DD-612D602C6333}
		{669BF256-765D-4BF1-9278-68EF33F86FFB} = {4B1EF657-A679-43B5-83DD-612D602C6333}
		{CEE9045E-0299-4488-80FF-0162D099C544} = {4B1EF657-A679-43B5-83DD-612D602C6333}
	EndGlobalSection
	GlobalSection(ExtensibilityGlobals) = postSolution
		SolutionGuid = {5CFD3EA5-ADCA-48F0-9E3F-BBC76CCBF1C2}
	EndGlobalSection
EndGlobal
