
Microsoft Visual Studio Solution File, Format Version 12.00
# Visual Studio Version 17
VisualStudioVersion = 17.0.31423.177
MinimumVisualStudioVersion = 10.0.40219.1
Project("{FAE04EC0-301F-11D3-BF4B-00C04F79EFBC}") = "ProtonVPN.Service", "src\ProtonVPN.Service\ProtonVPN.Service.csproj", "{25781B52-5858-4387-80A5-C9C38C32B3CC}"
	ProjectSection(ProjectDependencies) = postProject
		{75126704-A03B-4AA2-B182-189263397E8F} = {75126704-A03B-4AA2-B182-189263397E8F}
		{CA44B51D-7645-413A-818F-2C5B57DB67DD} = {CA44B51D-7645-413A-818F-2C5B57DB67DD}
		{22381B63-9BA0-4DF8-BDB1-EC4AE1B7470D} = {22381B63-9BA0-4DF8-BDB1-EC4AE1B7470D}
		{96C5D688-C0F1-4A63-9E26-E485FD0E1365} = {96C5D688-C0F1-4A63-9E26-E485FD0E1365}
	EndProjectSection
EndProject
Project("{FAE04EC0-301F-11D3-BF4B-00C04F79EFBC}") = "ProtonVPN.App", "src\ProtonVPN.App\ProtonVPN.App.csproj", "{0CDCA012-BB2D-49B3-944E-CE80D75D651A}"
	ProjectSection(ProjectDependencies) = postProject
		{96C5D688-C0F1-4A63-9E26-E485FD0E1365} = {96C5D688-C0F1-4A63-9E26-E485FD0E1365}
	EndProjectSection
EndProject
Project("{FAE04EC0-301F-11D3-BF4B-00C04F79EFBC}") = "ProtonVPN.Service.Contract", "src\ProtonVPN.Service.Contract\ProtonVPN.Service.Contract.csproj", "{96C5D688-C0F1-4A63-9E26-E485FD0E1365}"
	ProjectSection(ProjectDependencies) = postProject
		{03B8E43C-5680-4803-A745-0A104FE6620C} = {03B8E43C-5680-4803-A745-0A104FE6620C}
	EndProjectSection
EndProject
Project("{FAE04EC0-301F-11D3-BF4B-00C04F79EFBC}") = "ProtonVPN.Core", "src\ProtonVPN.Core\ProtonVPN.Core.csproj", "{CA44B51D-7645-413A-818F-2C5B57DB67DD}"
EndProject
Project("{2150E333-8FDC-42A3-9474-1A3956D46DE8}") = "Test", "Test", "{A592E157-F76B-49CE-A5A4-EF130CDD757F}"
EndProject
Project("{FAE04EC0-301F-11D3-BF4B-00C04F79EFBC}") = "ProtonVPN.Core.Test", "test\ProtonVPN.Core.Test\ProtonVPN.Core.Test.csproj", "{FA0D86B4-2B86-4DFE-B7E6-7C809DB74A13}"
EndProject
Project("{FAE04EC0-301F-11D3-BF4B-00C04F79EFBC}") = "ProtonVPN.App.Test", "test\ProtonVPN.App.Test\ProtonVPN.App.Test.csproj", "{7F48FD5C-A4C6-496A-B68E-265237C22330}"
EndProject
Project("{FAE04EC0-301F-11D3-BF4B-00C04F79EFBC}") = "ProtonVPN.TapInstaller", "src\ProtonVPN.TapInstaller\ProtonVPN.TapInstaller.csproj", "{5F6696BC-A37D-4726-82AE-95EF42C307FC}"
EndProject
Project("{FAE04EC0-301F-11D3-BF4B-00C04F79EFBC}") = "ProtonVPN.Vpn", "src\ProtonVPN.Vpn\ProtonVPN.Vpn.csproj", "{4AA7CE6F-7154-49C1-B598-46055D590CAD}"
EndProject
Project("{FAE04EC0-301F-11D3-BF4B-00C04F79EFBC}") = "ProtonVPN.Update", "src\ProtonVPN.Update\ProtonVPN.Update.csproj", "{90FDF2B3-25C9-428D-B264-5A5FAEB2D988}"
EndProject
Project("{FAE04EC0-301F-11D3-BF4B-00C04F79EFBC}") = "ProtonVPN.Update.Test", "test\ProtonVPN.Update.Test\ProtonVPN.Update.Test.csproj", "{7D658974-C38C-421F-8186-B735F06CFC58}"
EndProject
Project("{FAE04EC0-301F-11D3-BF4B-00C04F79EFBC}") = "ProtonVPN.Common", "src\ProtonVPN.Common\ProtonVPN.Common.csproj", "{03B8E43C-5680-4803-A745-0A104FE6620C}"
EndProject
Project("{FAE04EC0-301F-11D3-BF4B-00C04F79EFBC}") = "ProtonVPN.Resource", "src\ProtonVPN.Resources\ProtonVPN.Resource.csproj", "{45A0EA81-D37E-4D7F-8CE1-CE6B6A95A9ED}"
EndProject
Project("{FAE04EC0-301F-11D3-BF4B-00C04F79EFBC}") = "ProtonVPN.Common.Test", "test\ProtonVPN.Common.Test\ProtonVPN.Common.Test.csproj", "{5F2931B6-9A77-4F94-80CD-BC9B9A0C64BF}"
EndProject
Project("{2150E333-8FDC-42A3-9474-1A3956D46DE8}") = "Solution Items", "Solution Items", "{DAD0837D-1F65-47C7-8FA6-D6D34D979418}"
	ProjectSection(SolutionItems) = preProject
		.editorconfig = .editorconfig
		BUILD.md = BUILD.md
		CONTRIBUTING.md = CONTRIBUTING.md
		COPYING.md = COPYING.md
		LICENSE = LICENSE
		README.md = README.md
	EndProjectSection
EndProject
Project("{FAE04EC0-301F-11D3-BF4B-00C04F79EFBC}") = "ProtonVPN.UI.Test", "test\ProtonVPN.UI.Test\ProtonVPN.UI.Test.csproj", "{24E940FF-C9F3-4D5C-8FCF-CA527F055318}"
EndProject
Project("{FAE04EC0-301F-11D3-BF4B-00C04F79EFBC}") = "ProtonVPN.Service.Test", "test\ProtonVPN.Service.Test\ProtonVPN.Service.Test.csproj", "{4290C007-2142-4AD1-8EB6-F80EF2F45AA4}"
EndProject
Project("{FAE04EC0-301F-11D3-BF4B-00C04F79EFBC}") = "ProtonVPN.Vpn.Test", "test\ProtonVPN.Vpn.Test\ProtonVPN.Vpn.Test.csproj", "{A16637C2-2D91-4953-AE04-D91EC188DD7B}"
EndProject
Project("{FAE04EC0-301F-11D3-BF4B-00C04F79EFBC}") = "ProtonVPN.Test.Common", "test\ProtonVPN.Test.Common\ProtonVPN.Test.Common.csproj", "{A0DA4200-6643-4F2C-8450-65B8CE8A5576}"
EndProject
Project("{FAE04EC0-301F-11D3-BF4B-00C04F79EFBC}") = "ProtonVPN.Service.Contract.Test", "test\ProtonVPN.Service.Contract.Test\ProtonVPN.Service.Contract.Test.csproj", "{C4E97B08-345A-423B-BD4C-76593D1401B6}"
EndProject
Project("{8BC9CEB8-8B4A-11D0-8D11-00A0C91BC942}") = "ProtonVPN.NetworkUtil", "src\ProtonVPN.NetworkUtil\ProtonVPN.NetworkUtil.vcxproj", "{912374C4-7A74-4313-8956-1B32383918C8}"
EndProject
Project("{FAE04EC0-301F-11D3-BF4B-00C04F79EFBC}") = "ProtonVPN.Native", "src\ProtonVPN.Native\ProtonVPN.Native.csproj", "{CB301B4C-D518-41F5-873B-9B1F145DB4AF}"
EndProject
Project("{8BC9CEB8-8B4A-11D0-8D11-00A0C91BC942}") = "ProtonVPN.InstallActions", "src\ProtonVPN.InstallActions\ProtonVPN.InstallActions.vcxproj", "{BBCBB464-BDCB-49CD-830F-965D07CE1446}"
	ProjectSection(ProjectDependencies) = postProject
		{25781B52-5858-4387-80A5-C9C38C32B3CC} = {25781B52-5858-4387-80A5-C9C38C32B3CC}
	EndProjectSection
EndProject
Project("{8BC9CEB8-8B4A-11D0-8D11-00A0C91BC942}") = "ProtonVPN.CalloutDriver", "src\ProtonVPN.CalloutDriver\ProtonVPN.CalloutDriver.vcxproj", "{85E3F2D0-84AA-4DD2-B23A-B41D779A5FA9}"
EndProject
Project("{FAE04EC0-301F-11D3-BF4B-00C04F79EFBC}") = "ProtonVPN.NetworkFilter", "src\ProtonVPN.NetworkFilter\ProtonVPN.NetworkFilter.csproj", "{1CF1B8BF-57EB-4E49-B644-0A8F2DFEEB58}"
EndProject
Project("{FAE04EC0-301F-11D3-BF4B-00C04F79EFBC}") = "ProtonVPN.MarkupValidator", "src\ProtonVPN.MarkupValidator\ProtonVPN.MarkupValidator.csproj", "{BA03F069-6A26-45D1-8B05-6E61E3D9D1E1}"
EndProject
Project("{FAE04EC0-301F-11D3-BF4B-00C04F79EFBC}") = "ProtonVPN.TlsVerify", "src\ProtonVPN.TlsVerify\ProtonVPN.TlsVerify.csproj", "{643CA26B-B80E-4E6A-AAE4-BCEC021D2AA0}"
EndProject
Project("{FAE04EC0-301F-11D3-BF4B-00C04F79EFBC}") = "TestTools.ProfileCleaner", "test\TestTools.ProfileCleaner\TestTools.ProfileCleaner.csproj", "{4237AD33-596A-4B35-826A-B4E71461820F}"
EndProject
Project("{FAE04EC0-301F-11D3-BF4B-00C04F79EFBC}") = "TestTools.ApiClient", "test\TestTools.ApiClient\TestTools.ApiClient.csproj", "{F059E362-20A2-472B-82CA-E727D31AC0C7}"
EndProject
Project("{FAE04EC0-301F-11D3-BF4B-00C04F79EFBC}") = "ProtonVPN.Translations", "src\ProtonVPN.Translations\ProtonVPN.Translations.csproj", "{2A00C747-8BC0-4EF1-A53E-37A7E156D910}"
EndProject
Project("{8BC9CEB8-8B4A-11D0-8D11-00A0C91BC942}") = "ProtonVPN.IpFilterLib", "src\ProtonVPN.IpFilterLib\ProtonVPN.IpFilterLib.vcxproj", "{22381B63-9BA0-4DF8-BDB1-EC4AE1B7470D}"
EndProject
Project("{8BC9CEB8-8B4A-11D0-8D11-00A0C91BC942}") = "ProtonVPN.IPFilter", "src\ProtonVPN.IPFilter\ProtonVPN.IPFilter.vcxproj", "{75126704-A03B-4AA2-B182-189263397E8F}"
EndProject
Project("{FAE04EC0-301F-11D3-BF4B-00C04F79EFBC}") = "ProtonVPN.RestoreInternet", "ProtonVPN.RestoreInternet\ProtonVPN.RestoreInternet.csproj", "{8D07769D-0AAE-4224-AECB-DF68567F6B00}"
	ProjectSection(ProjectDependencies) = postProject
		{BBCBB464-BDCB-49CD-830F-965D07CE1446} = {BBCBB464-BDCB-49CD-830F-965D07CE1446}
	EndProjectSection
EndProject
Project("{FAE04EC0-301F-11D3-BF4B-00C04F79EFBC}") = "ProtonVPN.Crypto", "src\ProtonVPN.Crypto\ProtonVPN.Crypto.csproj", "{BA2D505E-CED3-4FCB-A463-DAF6B77C18DE}"
EndProject
Project("{FAE04EC0-301F-11D3-BF4B-00C04F79EFBC}") = "ProtonVPN.Crypto.Test", "test\ProtonVPN.Crypto.Test\ProtonVPN.Crypto.Test.csproj", "{7D608265-3330-4747-B5B4-9673A119FE6C}"
EndProject
Project("{FAE04EC0-301F-11D3-BF4B-00C04F79EFBC}") = "ProtonVPN.WireGuardService", "src\ProtonVPN.WireguardService\ProtonVPN.WireGuardService.csproj", "{A0A9C7B9-4A33-492E-BA54-8E8E600D3D66}"
EndProject
Project("{FAE04EC0-301F-11D3-BF4B-00C04F79EFBC}") = "ProtonVPN.WireGuardDriver", "src\ProtonVPN.WireGuardDriver\ProtonVPN.WireGuardDriver.csproj", "{7882140D-32E1-4AB5-853D-F8DED5256DC2}"
EndProject
Project("{FAE04EC0-301F-11D3-BF4B-00C04F79EFBC}") = "ProtonVPN.Api", "src\Api\ProtonVPN.Api\ProtonVPN.Api.csproj", "{3E905528-D87C-4552-A32D-66BF90D14DB0}"
EndProject
Project("{FAE04EC0-301F-11D3-BF4B-00C04F79EFBC}") = "ProtonVPN.Api.Contracts", "src\Api\ProtonVPN.Api.Contracts\ProtonVPN.Api.Contracts.csproj", "{9E4D6072-C8DE-475A-B9A7-4B6BF6EEEAEB}"
EndProject
Project("{2150E333-8FDC-42A3-9474-1A3956D46DE8}") = "Api", "Api", "{DCDB1771-1943-4459-8040-F001758E6E1E}"
EndProject
Project("{FAE04EC0-301F-11D3-BF4B-00C04F79EFBC}") = "ProtonVPN.Api.Installers", "src\Api\ProtonVPN.Api.Installers\ProtonVPN.Api.Installers.csproj", "{686E902E-0C23-4396-8887-6D9219EF8D27}"
EndProject
Project("{FAE04EC0-301F-11D3-BF4B-00C04F79EFBC}") = "ProtonVPN.HumanVerification", "src\HumanVerification\ProtonVPN.HumanVerification\ProtonVPN.HumanVerification.csproj", "{8EE4A9C6-AA93-4A84-8EAB-4EC955DD6851}"
EndProject
Project("{2150E333-8FDC-42A3-9474-1A3956D46DE8}") = "HumanVerification", "HumanVerification", "{95E8A2C3-A9CF-4911-83AB-74498B7D1528}"
EndProject
Project("{FAE04EC0-301F-11D3-BF4B-00C04F79EFBC}") = "ProtonVPN.HumanVerification.Installers", "src\HumanVerification\ProtonVPN.HumanVerification.Installers\ProtonVPN.HumanVerification.Installers.csproj", "{80A71107-9C8E-47B2-B743-58D5976B38FB}"
EndProject
Project("{FAE04EC0-301F-11D3-BF4B-00C04F79EFBC}") = "ProtonVPN.HumanVerification.Contracts", "src\HumanVerification\ProtonVPN.HumanVerification.Contracts\ProtonVPN.HumanVerification.Contracts.csproj", "{C0D6E7EC-29AF-4FC2-B8E0-1E5D083B55DD}"
EndProject
Project("{FAE04EC0-301F-11D3-BF4B-00C04F79EFBC}") = "ProtonVPN.Api.Tests", "src\Api\ProtonVPN.Api.Tests\ProtonVPN.Api.Tests.csproj", "{168C5EC3-FF08-402F-8D70-F216CB04DE81}"
EndProject
Project("{FAE04EC0-301F-11D3-BF4B-00C04F79EFBC}") = "ProtonVPN.HumanVerification.Gui", "src\HumanVerification\ProtonVPN.HumanVerification.Gui\ProtonVPN.HumanVerification.Gui.csproj", "{7318548D-B8F2-4ED3-8B3E-F61DD8B552D1}"
EndProject
Project("{FAE04EC0-301F-11D3-BF4B-00C04F79EFBC}") = "ProtonVPN.IntegrationTests", "test\ProtonVPN.IntegrationTests\ProtonVPN.IntegrationTests.csproj", "{A2B4BEC3-7430-489E-BE6B-F1E8205A7C62}"
EndProject
Project("{9A19103F-16F7-4668-BE54-9A1E7A4F7556}") = "ProtonVPN.SourceGenerators", "src\ProtonVPN.SourceGenerators\ProtonVPN.SourceGenerators.csproj", "{B7B19A7B-5A20-4690-81F4-83002CA064FB}"
EndProject
Global
	GlobalSection(SolutionConfigurationPlatforms) = preSolution
		Debug|Any CPU = Debug|Any CPU
		Debug|x64 = Debug|x64
		Debug|x86 = Debug|x86
		Release|Any CPU = Release|Any CPU
		Release|x64 = Release|x64
		Release|x86 = Release|x86
	EndGlobalSection
	GlobalSection(ProjectConfigurationPlatforms) = postSolution
		{25781B52-5858-4387-80A5-C9C38C32B3CC}.Debug|Any CPU.ActiveCfg = Debug|Any CPU
		{25781B52-5858-4387-80A5-C9C38C32B3CC}.Debug|Any CPU.Build.0 = Debug|Any CPU
		{25781B52-5858-4387-80A5-C9C38C32B3CC}.Debug|x64.ActiveCfg = Debug|Any CPU
		{25781B52-5858-4387-80A5-C9C38C32B3CC}.Debug|x64.Build.0 = Debug|Any CPU
		{25781B52-5858-4387-80A5-C9C38C32B3CC}.Debug|x86.ActiveCfg = Debug|Any CPU
		{25781B52-5858-4387-80A5-C9C38C32B3CC}.Debug|x86.Build.0 = Debug|Any CPU
		{25781B52-5858-4387-80A5-C9C38C32B3CC}.Release|Any CPU.ActiveCfg = Release|Any CPU
		{25781B52-5858-4387-80A5-C9C38C32B3CC}.Release|Any CPU.Build.0 = Release|Any CPU
		{25781B52-5858-4387-80A5-C9C38C32B3CC}.Release|x64.ActiveCfg = Release|Any CPU
		{25781B52-5858-4387-80A5-C9C38C32B3CC}.Release|x64.Build.0 = Release|Any CPU
		{25781B52-5858-4387-80A5-C9C38C32B3CC}.Release|x86.ActiveCfg = Release|Any CPU
		{25781B52-5858-4387-80A5-C9C38C32B3CC}.Release|x86.Build.0 = Release|Any CPU
		{0CDCA012-BB2D-49B3-944E-CE80D75D651A}.Debug|Any CPU.ActiveCfg = Debug|Any CPU
		{0CDCA012-BB2D-49B3-944E-CE80D75D651A}.Debug|Any CPU.Build.0 = Debug|Any CPU
		{0CDCA012-BB2D-49B3-944E-CE80D75D651A}.Debug|x64.ActiveCfg = Debug|Any CPU
		{0CDCA012-BB2D-49B3-944E-CE80D75D651A}.Debug|x64.Build.0 = Debug|Any CPU
		{0CDCA012-BB2D-49B3-944E-CE80D75D651A}.Debug|x86.ActiveCfg = Debug|Any CPU
		{0CDCA012-BB2D-49B3-944E-CE80D75D651A}.Debug|x86.Build.0 = Debug|Any CPU
		{0CDCA012-BB2D-49B3-944E-CE80D75D651A}.Release|Any CPU.ActiveCfg = Release|Any CPU
		{0CDCA012-BB2D-49B3-944E-CE80D75D651A}.Release|Any CPU.Build.0 = Release|Any CPU
		{0CDCA012-BB2D-49B3-944E-CE80D75D651A}.Release|x64.ActiveCfg = Release|Any CPU
		{0CDCA012-BB2D-49B3-944E-CE80D75D651A}.Release|x64.Build.0 = Release|Any CPU
		{0CDCA012-BB2D-49B3-944E-CE80D75D651A}.Release|x86.ActiveCfg = Release|Any CPU
		{0CDCA012-BB2D-49B3-944E-CE80D75D651A}.Release|x86.Build.0 = Release|Any CPU
		{96C5D688-C0F1-4A63-9E26-E485FD0E1365}.Debug|Any CPU.ActiveCfg = Debug|Any CPU
		{96C5D688-C0F1-4A63-9E26-E485FD0E1365}.Debug|Any CPU.Build.0 = Debug|Any CPU
		{96C5D688-C0F1-4A63-9E26-E485FD0E1365}.Debug|x64.ActiveCfg = Debug|Any CPU
		{96C5D688-C0F1-4A63-9E26-E485FD0E1365}.Debug|x64.Build.0 = Debug|Any CPU
		{96C5D688-C0F1-4A63-9E26-E485FD0E1365}.Debug|x86.ActiveCfg = Debug|Any CPU
		{96C5D688-C0F1-4A63-9E26-E485FD0E1365}.Debug|x86.Build.0 = Debug|Any CPU
		{96C5D688-C0F1-4A63-9E26-E485FD0E1365}.Release|Any CPU.ActiveCfg = Release|Any CPU
		{96C5D688-C0F1-4A63-9E26-E485FD0E1365}.Release|Any CPU.Build.0 = Release|Any CPU
		{96C5D688-C0F1-4A63-9E26-E485FD0E1365}.Release|x64.ActiveCfg = Release|Any CPU
		{96C5D688-C0F1-4A63-9E26-E485FD0E1365}.Release|x64.Build.0 = Release|Any CPU
		{96C5D688-C0F1-4A63-9E26-E485FD0E1365}.Release|x86.ActiveCfg = Release|Any CPU
		{96C5D688-C0F1-4A63-9E26-E485FD0E1365}.Release|x86.Build.0 = Release|Any CPU
		{CA44B51D-7645-413A-818F-2C5B57DB67DD}.Debug|Any CPU.ActiveCfg = Debug|Any CPU
		{CA44B51D-7645-413A-818F-2C5B57DB67DD}.Debug|Any CPU.Build.0 = Debug|Any CPU
		{CA44B51D-7645-413A-818F-2C5B57DB67DD}.Debug|x64.ActiveCfg = Debug|Any CPU
		{CA44B51D-7645-413A-818F-2C5B57DB67DD}.Debug|x64.Build.0 = Debug|Any CPU
		{CA44B51D-7645-413A-818F-2C5B57DB67DD}.Debug|x86.ActiveCfg = Debug|Any CPU
		{CA44B51D-7645-413A-818F-2C5B57DB67DD}.Debug|x86.Build.0 = Debug|Any CPU
		{CA44B51D-7645-413A-818F-2C5B57DB67DD}.Release|Any CPU.ActiveCfg = Release|Any CPU
		{CA44B51D-7645-413A-818F-2C5B57DB67DD}.Release|Any CPU.Build.0 = Release|Any CPU
		{CA44B51D-7645-413A-818F-2C5B57DB67DD}.Release|x64.ActiveCfg = Release|Any CPU
		{CA44B51D-7645-413A-818F-2C5B57DB67DD}.Release|x64.Build.0 = Release|Any CPU
		{CA44B51D-7645-413A-818F-2C5B57DB67DD}.Release|x86.ActiveCfg = Release|Any CPU
		{CA44B51D-7645-413A-818F-2C5B57DB67DD}.Release|x86.Build.0 = Release|Any CPU
		{FA0D86B4-2B86-4DFE-B7E6-7C809DB74A13}.Debug|Any CPU.ActiveCfg = Debug|Any CPU
		{FA0D86B4-2B86-4DFE-B7E6-7C809DB74A13}.Debug|Any CPU.Build.0 = Debug|Any CPU
		{FA0D86B4-2B86-4DFE-B7E6-7C809DB74A13}.Debug|x64.ActiveCfg = Debug|Any CPU
		{FA0D86B4-2B86-4DFE-B7E6-7C809DB74A13}.Debug|x64.Build.0 = Debug|Any CPU
		{FA0D86B4-2B86-4DFE-B7E6-7C809DB74A13}.Debug|x86.ActiveCfg = Debug|Any CPU
		{FA0D86B4-2B86-4DFE-B7E6-7C809DB74A13}.Debug|x86.Build.0 = Debug|Any CPU
		{FA0D86B4-2B86-4DFE-B7E6-7C809DB74A13}.Release|Any CPU.ActiveCfg = Release|Any CPU
		{FA0D86B4-2B86-4DFE-B7E6-7C809DB74A13}.Release|Any CPU.Build.0 = Release|Any CPU
		{FA0D86B4-2B86-4DFE-B7E6-7C809DB74A13}.Release|x64.ActiveCfg = Release|Any CPU
		{FA0D86B4-2B86-4DFE-B7E6-7C809DB74A13}.Release|x64.Build.0 = Release|Any CPU
		{FA0D86B4-2B86-4DFE-B7E6-7C809DB74A13}.Release|x86.ActiveCfg = Release|Any CPU
		{FA0D86B4-2B86-4DFE-B7E6-7C809DB74A13}.Release|x86.Build.0 = Release|Any CPU
		{7F48FD5C-A4C6-496A-B68E-265237C22330}.Debug|Any CPU.ActiveCfg = Debug|Any CPU
		{7F48FD5C-A4C6-496A-B68E-265237C22330}.Debug|Any CPU.Build.0 = Debug|Any CPU
		{7F48FD5C-A4C6-496A-B68E-265237C22330}.Debug|x64.ActiveCfg = Debug|Any CPU
		{7F48FD5C-A4C6-496A-B68E-265237C22330}.Debug|x64.Build.0 = Debug|Any CPU
		{7F48FD5C-A4C6-496A-B68E-265237C22330}.Debug|x86.ActiveCfg = Debug|Any CPU
		{7F48FD5C-A4C6-496A-B68E-265237C22330}.Debug|x86.Build.0 = Debug|Any CPU
		{7F48FD5C-A4C6-496A-B68E-265237C22330}.Release|Any CPU.ActiveCfg = Release|Any CPU
		{7F48FD5C-A4C6-496A-B68E-265237C22330}.Release|Any CPU.Build.0 = Release|Any CPU
		{7F48FD5C-A4C6-496A-B68E-265237C22330}.Release|x64.ActiveCfg = Release|Any CPU
		{7F48FD5C-A4C6-496A-B68E-265237C22330}.Release|x64.Build.0 = Release|Any CPU
		{7F48FD5C-A4C6-496A-B68E-265237C22330}.Release|x86.ActiveCfg = Release|Any CPU
		{7F48FD5C-A4C6-496A-B68E-265237C22330}.Release|x86.Build.0 = Release|Any CPU
		{5F6696BC-A37D-4726-82AE-95EF42C307FC}.Debug|Any CPU.ActiveCfg = Debug|x86
		{5F6696BC-A37D-4726-82AE-95EF42C307FC}.Debug|Any CPU.Build.0 = Debug|x86
		{5F6696BC-A37D-4726-82AE-95EF42C307FC}.Debug|x64.ActiveCfg = Debug|x86
		{5F6696BC-A37D-4726-82AE-95EF42C307FC}.Debug|x86.ActiveCfg = Debug|x86
		{5F6696BC-A37D-4726-82AE-95EF42C307FC}.Release|Any CPU.ActiveCfg = Release|x86
		{5F6696BC-A37D-4726-82AE-95EF42C307FC}.Release|Any CPU.Build.0 = Release|x86
		{5F6696BC-A37D-4726-82AE-95EF42C307FC}.Release|x64.ActiveCfg = Release|x86
		{5F6696BC-A37D-4726-82AE-95EF42C307FC}.Release|x64.Build.0 = Release|x86
		{5F6696BC-A37D-4726-82AE-95EF42C307FC}.Release|x86.ActiveCfg = Release|x86
		{5F6696BC-A37D-4726-82AE-95EF42C307FC}.Release|x86.Build.0 = Release|x86
		{4AA7CE6F-7154-49C1-B598-46055D590CAD}.Debug|Any CPU.ActiveCfg = Debug|Any CPU
		{4AA7CE6F-7154-49C1-B598-46055D590CAD}.Debug|Any CPU.Build.0 = Debug|Any CPU
		{4AA7CE6F-7154-49C1-B598-46055D590CAD}.Debug|x64.ActiveCfg = Debug|Any CPU
		{4AA7CE6F-7154-49C1-B598-46055D590CAD}.Debug|x64.Build.0 = Debug|Any CPU
		{4AA7CE6F-7154-49C1-B598-46055D590CAD}.Debug|x86.ActiveCfg = Debug|Any CPU
		{4AA7CE6F-7154-49C1-B598-46055D590CAD}.Debug|x86.Build.0 = Debug|Any CPU
		{4AA7CE6F-7154-49C1-B598-46055D590CAD}.Release|Any CPU.ActiveCfg = Release|Any CPU
		{4AA7CE6F-7154-49C1-B598-46055D590CAD}.Release|Any CPU.Build.0 = Release|Any CPU
		{4AA7CE6F-7154-49C1-B598-46055D590CAD}.Release|x64.ActiveCfg = Release|Any CPU
		{4AA7CE6F-7154-49C1-B598-46055D590CAD}.Release|x64.Build.0 = Release|Any CPU
		{4AA7CE6F-7154-49C1-B598-46055D590CAD}.Release|x86.ActiveCfg = Release|Any CPU
		{4AA7CE6F-7154-49C1-B598-46055D590CAD}.Release|x86.Build.0 = Release|Any CPU
		{90FDF2B3-25C9-428D-B264-5A5FAEB2D988}.Debug|Any CPU.ActiveCfg = Debug|Any CPU
		{90FDF2B3-25C9-428D-B264-5A5FAEB2D988}.Debug|Any CPU.Build.0 = Debug|Any CPU
		{90FDF2B3-25C9-428D-B264-5A5FAEB2D988}.Debug|x64.ActiveCfg = Debug|Any CPU
		{90FDF2B3-25C9-428D-B264-5A5FAEB2D988}.Debug|x64.Build.0 = Debug|Any CPU
		{90FDF2B3-25C9-428D-B264-5A5FAEB2D988}.Debug|x86.ActiveCfg = Debug|Any CPU
		{90FDF2B3-25C9-428D-B264-5A5FAEB2D988}.Debug|x86.Build.0 = Debug|Any CPU
		{90FDF2B3-25C9-428D-B264-5A5FAEB2D988}.Release|Any CPU.ActiveCfg = Release|Any CPU
		{90FDF2B3-25C9-428D-B264-5A5FAEB2D988}.Release|Any CPU.Build.0 = Release|Any CPU
		{90FDF2B3-25C9-428D-B264-5A5FAEB2D988}.Release|x64.ActiveCfg = Release|Any CPU
		{90FDF2B3-25C9-428D-B264-5A5FAEB2D988}.Release|x64.Build.0 = Release|Any CPU
		{90FDF2B3-25C9-428D-B264-5A5FAEB2D988}.Release|x86.ActiveCfg = Release|Any CPU
		{90FDF2B3-25C9-428D-B264-5A5FAEB2D988}.Release|x86.Build.0 = Release|Any CPU
		{7D658974-C38C-421F-8186-B735F06CFC58}.Debug|Any CPU.ActiveCfg = Debug|Any CPU
		{7D658974-C38C-421F-8186-B735F06CFC58}.Debug|Any CPU.Build.0 = Debug|Any CPU
		{7D658974-C38C-421F-8186-B735F06CFC58}.Debug|x64.ActiveCfg = Debug|Any CPU
		{7D658974-C38C-421F-8186-B735F06CFC58}.Debug|x64.Build.0 = Debug|Any CPU
		{7D658974-C38C-421F-8186-B735F06CFC58}.Debug|x86.ActiveCfg = Debug|Any CPU
		{7D658974-C38C-421F-8186-B735F06CFC58}.Debug|x86.Build.0 = Debug|Any CPU
		{7D658974-C38C-421F-8186-B735F06CFC58}.Release|Any CPU.ActiveCfg = Release|Any CPU
		{7D658974-C38C-421F-8186-B735F06CFC58}.Release|Any CPU.Build.0 = Release|Any CPU
		{7D658974-C38C-421F-8186-B735F06CFC58}.Release|x64.ActiveCfg = Release|Any CPU
		{7D658974-C38C-421F-8186-B735F06CFC58}.Release|x64.Build.0 = Release|Any CPU
		{7D658974-C38C-421F-8186-B735F06CFC58}.Release|x86.ActiveCfg = Release|Any CPU
		{7D658974-C38C-421F-8186-B735F06CFC58}.Release|x86.Build.0 = Release|Any CPU
		{03B8E43C-5680-4803-A745-0A104FE6620C}.Debug|Any CPU.ActiveCfg = Debug|Any CPU
		{03B8E43C-5680-4803-A745-0A104FE6620C}.Debug|Any CPU.Build.0 = Debug|Any CPU
		{03B8E43C-5680-4803-A745-0A104FE6620C}.Debug|x64.ActiveCfg = Debug|Any CPU
		{03B8E43C-5680-4803-A745-0A104FE6620C}.Debug|x64.Build.0 = Debug|Any CPU
		{03B8E43C-5680-4803-A745-0A104FE6620C}.Debug|x86.ActiveCfg = Debug|Any CPU
		{03B8E43C-5680-4803-A745-0A104FE6620C}.Debug|x86.Build.0 = Debug|Any CPU
		{03B8E43C-5680-4803-A745-0A104FE6620C}.Release|Any CPU.ActiveCfg = Release|Any CPU
		{03B8E43C-5680-4803-A745-0A104FE6620C}.Release|Any CPU.Build.0 = Release|Any CPU
		{03B8E43C-5680-4803-A745-0A104FE6620C}.Release|x64.ActiveCfg = Release|Any CPU
		{03B8E43C-5680-4803-A745-0A104FE6620C}.Release|x64.Build.0 = Release|Any CPU
		{03B8E43C-5680-4803-A745-0A104FE6620C}.Release|x86.ActiveCfg = Release|Any CPU
		{03B8E43C-5680-4803-A745-0A104FE6620C}.Release|x86.Build.0 = Release|Any CPU
		{45A0EA81-D37E-4D7F-8CE1-CE6B6A95A9ED}.Debug|Any CPU.ActiveCfg = Debug|Any CPU
		{45A0EA81-D37E-4D7F-8CE1-CE6B6A95A9ED}.Debug|Any CPU.Build.0 = Debug|Any CPU
		{45A0EA81-D37E-4D7F-8CE1-CE6B6A95A9ED}.Debug|x64.ActiveCfg = Debug|Any CPU
		{45A0EA81-D37E-4D7F-8CE1-CE6B6A95A9ED}.Debug|x64.Build.0 = Debug|Any CPU
		{45A0EA81-D37E-4D7F-8CE1-CE6B6A95A9ED}.Debug|x86.ActiveCfg = Debug|Any CPU
		{45A0EA81-D37E-4D7F-8CE1-CE6B6A95A9ED}.Debug|x86.Build.0 = Debug|Any CPU
		{45A0EA81-D37E-4D7F-8CE1-CE6B6A95A9ED}.Release|Any CPU.ActiveCfg = Release|Any CPU
		{45A0EA81-D37E-4D7F-8CE1-CE6B6A95A9ED}.Release|Any CPU.Build.0 = Release|Any CPU
		{45A0EA81-D37E-4D7F-8CE1-CE6B6A95A9ED}.Release|x64.ActiveCfg = Release|Any CPU
		{45A0EA81-D37E-4D7F-8CE1-CE6B6A95A9ED}.Release|x64.Build.0 = Release|Any CPU
		{45A0EA81-D37E-4D7F-8CE1-CE6B6A95A9ED}.Release|x86.ActiveCfg = Release|Any CPU
		{45A0EA81-D37E-4D7F-8CE1-CE6B6A95A9ED}.Release|x86.Build.0 = Release|Any CPU
		{5F2931B6-9A77-4F94-80CD-BC9B9A0C64BF}.Debug|Any CPU.ActiveCfg = Debug|Any CPU
		{5F2931B6-9A77-4F94-80CD-BC9B9A0C64BF}.Debug|Any CPU.Build.0 = Debug|Any CPU
		{5F2931B6-9A77-4F94-80CD-BC9B9A0C64BF}.Debug|x64.ActiveCfg = Debug|Any CPU
		{5F2931B6-9A77-4F94-80CD-BC9B9A0C64BF}.Debug|x64.Build.0 = Debug|Any CPU
		{5F2931B6-9A77-4F94-80CD-BC9B9A0C64BF}.Debug|x86.ActiveCfg = Debug|Any CPU
		{5F2931B6-9A77-4F94-80CD-BC9B9A0C64BF}.Debug|x86.Build.0 = Debug|Any CPU
		{5F2931B6-9A77-4F94-80CD-BC9B9A0C64BF}.Release|Any CPU.ActiveCfg = Release|Any CPU
		{5F2931B6-9A77-4F94-80CD-BC9B9A0C64BF}.Release|Any CPU.Build.0 = Release|Any CPU
		{5F2931B6-9A77-4F94-80CD-BC9B9A0C64BF}.Release|x64.ActiveCfg = Release|Any CPU
		{5F2931B6-9A77-4F94-80CD-BC9B9A0C64BF}.Release|x64.Build.0 = Release|Any CPU
		{5F2931B6-9A77-4F94-80CD-BC9B9A0C64BF}.Release|x86.ActiveCfg = Release|Any CPU
		{5F2931B6-9A77-4F94-80CD-BC9B9A0C64BF}.Release|x86.Build.0 = Release|Any CPU
		{24E940FF-C9F3-4D5C-8FCF-CA527F055318}.Debug|Any CPU.ActiveCfg = Debug|Any CPU
		{24E940FF-C9F3-4D5C-8FCF-CA527F055318}.Debug|Any CPU.Build.0 = Debug|Any CPU
		{24E940FF-C9F3-4D5C-8FCF-CA527F055318}.Debug|x64.ActiveCfg = Debug|Any CPU
		{24E940FF-C9F3-4D5C-8FCF-CA527F055318}.Debug|x64.Build.0 = Debug|Any CPU
		{24E940FF-C9F3-4D5C-8FCF-CA527F055318}.Debug|x86.ActiveCfg = Debug|Any CPU
		{24E940FF-C9F3-4D5C-8FCF-CA527F055318}.Debug|x86.Build.0 = Debug|Any CPU
		{24E940FF-C9F3-4D5C-8FCF-CA527F055318}.Release|Any CPU.ActiveCfg = Release|Any CPU
		{24E940FF-C9F3-4D5C-8FCF-CA527F055318}.Release|Any CPU.Build.0 = Release|Any CPU
		{24E940FF-C9F3-4D5C-8FCF-CA527F055318}.Release|x64.ActiveCfg = Release|Any CPU
		{24E940FF-C9F3-4D5C-8FCF-CA527F055318}.Release|x64.Build.0 = Release|Any CPU
		{24E940FF-C9F3-4D5C-8FCF-CA527F055318}.Release|x86.ActiveCfg = Release|Any CPU
		{24E940FF-C9F3-4D5C-8FCF-CA527F055318}.Release|x86.Build.0 = Release|Any CPU
		{4290C007-2142-4AD1-8EB6-F80EF2F45AA4}.Debug|Any CPU.ActiveCfg = Debug|Any CPU
		{4290C007-2142-4AD1-8EB6-F80EF2F45AA4}.Debug|Any CPU.Build.0 = Debug|Any CPU
		{4290C007-2142-4AD1-8EB6-F80EF2F45AA4}.Debug|x64.ActiveCfg = Debug|Any CPU
		{4290C007-2142-4AD1-8EB6-F80EF2F45AA4}.Debug|x64.Build.0 = Debug|Any CPU
		{4290C007-2142-4AD1-8EB6-F80EF2F45AA4}.Debug|x86.ActiveCfg = Debug|Any CPU
		{4290C007-2142-4AD1-8EB6-F80EF2F45AA4}.Debug|x86.Build.0 = Debug|Any CPU
		{4290C007-2142-4AD1-8EB6-F80EF2F45AA4}.Release|Any CPU.ActiveCfg = Release|Any CPU
		{4290C007-2142-4AD1-8EB6-F80EF2F45AA4}.Release|Any CPU.Build.0 = Release|Any CPU
		{4290C007-2142-4AD1-8EB6-F80EF2F45AA4}.Release|x64.ActiveCfg = Release|Any CPU
		{4290C007-2142-4AD1-8EB6-F80EF2F45AA4}.Release|x64.Build.0 = Release|Any CPU
		{4290C007-2142-4AD1-8EB6-F80EF2F45AA4}.Release|x86.ActiveCfg = Release|Any CPU
		{4290C007-2142-4AD1-8EB6-F80EF2F45AA4}.Release|x86.Build.0 = Release|Any CPU
		{A16637C2-2D91-4953-AE04-D91EC188DD7B}.Debug|Any CPU.ActiveCfg = Debug|Any CPU
		{A16637C2-2D91-4953-AE04-D91EC188DD7B}.Debug|Any CPU.Build.0 = Debug|Any CPU
		{A16637C2-2D91-4953-AE04-D91EC188DD7B}.Debug|x64.ActiveCfg = Debug|Any CPU
		{A16637C2-2D91-4953-AE04-D91EC188DD7B}.Debug|x64.Build.0 = Debug|Any CPU
		{A16637C2-2D91-4953-AE04-D91EC188DD7B}.Debug|x86.ActiveCfg = Debug|Any CPU
		{A16637C2-2D91-4953-AE04-D91EC188DD7B}.Debug|x86.Build.0 = Debug|Any CPU
		{A16637C2-2D91-4953-AE04-D91EC188DD7B}.Release|Any CPU.ActiveCfg = Release|Any CPU
		{A16637C2-2D91-4953-AE04-D91EC188DD7B}.Release|Any CPU.Build.0 = Release|Any CPU
		{A16637C2-2D91-4953-AE04-D91EC188DD7B}.Release|x64.ActiveCfg = Release|Any CPU
		{A16637C2-2D91-4953-AE04-D91EC188DD7B}.Release|x64.Build.0 = Release|Any CPU
		{A16637C2-2D91-4953-AE04-D91EC188DD7B}.Release|x86.ActiveCfg = Release|Any CPU
		{A16637C2-2D91-4953-AE04-D91EC188DD7B}.Release|x86.Build.0 = Release|Any CPU
		{A0DA4200-6643-4F2C-8450-65B8CE8A5576}.Debug|Any CPU.ActiveCfg = Debug|Any CPU
		{A0DA4200-6643-4F2C-8450-65B8CE8A5576}.Debug|Any CPU.Build.0 = Debug|Any CPU
		{A0DA4200-6643-4F2C-8450-65B8CE8A5576}.Debug|x64.ActiveCfg = Debug|Any CPU
		{A0DA4200-6643-4F2C-8450-65B8CE8A5576}.Debug|x64.Build.0 = Debug|Any CPU
		{A0DA4200-6643-4F2C-8450-65B8CE8A5576}.Debug|x86.ActiveCfg = Debug|Any CPU
		{A0DA4200-6643-4F2C-8450-65B8CE8A5576}.Debug|x86.Build.0 = Debug|Any CPU
		{A0DA4200-6643-4F2C-8450-65B8CE8A5576}.Release|Any CPU.ActiveCfg = Release|Any CPU
		{A0DA4200-6643-4F2C-8450-65B8CE8A5576}.Release|Any CPU.Build.0 = Release|Any CPU
		{A0DA4200-6643-4F2C-8450-65B8CE8A5576}.Release|x64.ActiveCfg = Release|Any CPU
		{A0DA4200-6643-4F2C-8450-65B8CE8A5576}.Release|x64.Build.0 = Release|Any CPU
		{A0DA4200-6643-4F2C-8450-65B8CE8A5576}.Release|x86.ActiveCfg = Release|Any CPU
		{A0DA4200-6643-4F2C-8450-65B8CE8A5576}.Release|x86.Build.0 = Release|Any CPU
		{C4E97B08-345A-423B-BD4C-76593D1401B6}.Debug|Any CPU.ActiveCfg = Debug|Any CPU
		{C4E97B08-345A-423B-BD4C-76593D1401B6}.Debug|Any CPU.Build.0 = Debug|Any CPU
		{C4E97B08-345A-423B-BD4C-76593D1401B6}.Debug|x64.ActiveCfg = Debug|Any CPU
		{C4E97B08-345A-423B-BD4C-76593D1401B6}.Debug|x64.Build.0 = Debug|Any CPU
		{C4E97B08-345A-423B-BD4C-76593D1401B6}.Debug|x86.ActiveCfg = Debug|Any CPU
		{C4E97B08-345A-423B-BD4C-76593D1401B6}.Debug|x86.Build.0 = Debug|Any CPU
		{C4E97B08-345A-423B-BD4C-76593D1401B6}.Release|Any CPU.ActiveCfg = Release|Any CPU
		{C4E97B08-345A-423B-BD4C-76593D1401B6}.Release|Any CPU.Build.0 = Release|Any CPU
		{C4E97B08-345A-423B-BD4C-76593D1401B6}.Release|x64.ActiveCfg = Release|Any CPU
		{C4E97B08-345A-423B-BD4C-76593D1401B6}.Release|x64.Build.0 = Release|Any CPU
		{C4E97B08-345A-423B-BD4C-76593D1401B6}.Release|x86.ActiveCfg = Release|Any CPU
		{C4E97B08-345A-423B-BD4C-76593D1401B6}.Release|x86.Build.0 = Release|Any CPU
		{912374C4-7A74-4313-8956-1B32383918C8}.Debug|Any CPU.ActiveCfg = Debug|x64
		{912374C4-7A74-4313-8956-1B32383918C8}.Debug|x64.ActiveCfg = Debug|x64
		{912374C4-7A74-4313-8956-1B32383918C8}.Debug|x86.ActiveCfg = Debug|Win32
		{912374C4-7A74-4313-8956-1B32383918C8}.Release|Any CPU.ActiveCfg = Release|x64
		{912374C4-7A74-4313-8956-1B32383918C8}.Release|x64.ActiveCfg = Release|x64
		{912374C4-7A74-4313-8956-1B32383918C8}.Release|x86.ActiveCfg = Release|Win32
		{CB301B4C-D518-41F5-873B-9B1F145DB4AF}.Debug|Any CPU.ActiveCfg = Debug|Any CPU
		{CB301B4C-D518-41F5-873B-9B1F145DB4AF}.Debug|Any CPU.Build.0 = Debug|Any CPU
		{CB301B4C-D518-41F5-873B-9B1F145DB4AF}.Debug|x64.ActiveCfg = Debug|Any CPU
		{CB301B4C-D518-41F5-873B-9B1F145DB4AF}.Debug|x64.Build.0 = Debug|Any CPU
		{CB301B4C-D518-41F5-873B-9B1F145DB4AF}.Debug|x86.ActiveCfg = Debug|Any CPU
		{CB301B4C-D518-41F5-873B-9B1F145DB4AF}.Debug|x86.Build.0 = Debug|Any CPU
		{CB301B4C-D518-41F5-873B-9B1F145DB4AF}.Release|Any CPU.ActiveCfg = Release|Any CPU
		{CB301B4C-D518-41F5-873B-9B1F145DB4AF}.Release|Any CPU.Build.0 = Release|Any CPU
		{CB301B4C-D518-41F5-873B-9B1F145DB4AF}.Release|x64.ActiveCfg = Release|Any CPU
		{CB301B4C-D518-41F5-873B-9B1F145DB4AF}.Release|x64.Build.0 = Release|Any CPU
		{CB301B4C-D518-41F5-873B-9B1F145DB4AF}.Release|x86.ActiveCfg = Release|Any CPU
		{CB301B4C-D518-41F5-873B-9B1F145DB4AF}.Release|x86.Build.0 = Release|Any CPU
		{BBCBB464-BDCB-49CD-830F-965D07CE1446}.Debug|Any CPU.ActiveCfg = Debug|Win32
		{BBCBB464-BDCB-49CD-830F-965D07CE1446}.Debug|Any CPU.Build.0 = Debug|Win32
		{BBCBB464-BDCB-49CD-830F-965D07CE1446}.Debug|x64.ActiveCfg = Debug|Win32
		{BBCBB464-BDCB-49CD-830F-965D07CE1446}.Debug|x86.ActiveCfg = Debug|Win32
		{BBCBB464-BDCB-49CD-830F-965D07CE1446}.Debug|x86.Build.0 = Debug|Win32
		{BBCBB464-BDCB-49CD-830F-965D07CE1446}.Release|Any CPU.ActiveCfg = Release|Win32
		{BBCBB464-BDCB-49CD-830F-965D07CE1446}.Release|Any CPU.Build.0 = Release|Win32
		{BBCBB464-BDCB-49CD-830F-965D07CE1446}.Release|x64.ActiveCfg = Release|Win32
		{BBCBB464-BDCB-49CD-830F-965D07CE1446}.Release|x86.ActiveCfg = Release|Win32
		{BBCBB464-BDCB-49CD-830F-965D07CE1446}.Release|x86.Build.0 = Release|Win32
		{85E3F2D0-84AA-4DD2-B23A-B41D779A5FA9}.Debug|Any CPU.ActiveCfg = Debug|x64
		{85E3F2D0-84AA-4DD2-B23A-B41D779A5FA9}.Debug|x64.ActiveCfg = Debug|x64
		{85E3F2D0-84AA-4DD2-B23A-B41D779A5FA9}.Debug|x86.ActiveCfg = Debug|Win32
		{85E3F2D0-84AA-4DD2-B23A-B41D779A5FA9}.Release|Any CPU.ActiveCfg = Release|x64
		{85E3F2D0-84AA-4DD2-B23A-B41D779A5FA9}.Release|x64.ActiveCfg = Release|x64
		{85E3F2D0-84AA-4DD2-B23A-B41D779A5FA9}.Release|x86.ActiveCfg = Release|Win32
		{1CF1B8BF-57EB-4E49-B644-0A8F2DFEEB58}.Debug|Any CPU.ActiveCfg = Debug|Any CPU
		{1CF1B8BF-57EB-4E49-B644-0A8F2DFEEB58}.Debug|Any CPU.Build.0 = Debug|Any CPU
		{1CF1B8BF-57EB-4E49-B644-0A8F2DFEEB58}.Debug|x64.ActiveCfg = Debug|Any CPU
		{1CF1B8BF-57EB-4E49-B644-0A8F2DFEEB58}.Debug|x64.Build.0 = Debug|Any CPU
		{1CF1B8BF-57EB-4E49-B644-0A8F2DFEEB58}.Debug|x86.ActiveCfg = Debug|Any CPU
		{1CF1B8BF-57EB-4E49-B644-0A8F2DFEEB58}.Debug|x86.Build.0 = Debug|Any CPU
		{1CF1B8BF-57EB-4E49-B644-0A8F2DFEEB58}.Release|Any CPU.ActiveCfg = Release|Any CPU
		{1CF1B8BF-57EB-4E49-B644-0A8F2DFEEB58}.Release|Any CPU.Build.0 = Release|Any CPU
		{1CF1B8BF-57EB-4E49-B644-0A8F2DFEEB58}.Release|x64.ActiveCfg = Release|Any CPU
		{1CF1B8BF-57EB-4E49-B644-0A8F2DFEEB58}.Release|x64.Build.0 = Release|Any CPU
		{1CF1B8BF-57EB-4E49-B644-0A8F2DFEEB58}.Release|x86.ActiveCfg = Release|Any CPU
		{1CF1B8BF-57EB-4E49-B644-0A8F2DFEEB58}.Release|x86.Build.0 = Release|Any CPU
		{BA03F069-6A26-45D1-8B05-6E61E3D9D1E1}.Debug|Any CPU.ActiveCfg = Debug|Any CPU
		{BA03F069-6A26-45D1-8B05-6E61E3D9D1E1}.Debug|Any CPU.Build.0 = Debug|Any CPU
		{BA03F069-6A26-45D1-8B05-6E61E3D9D1E1}.Debug|x64.ActiveCfg = Debug|Any CPU
		{BA03F069-6A26-45D1-8B05-6E61E3D9D1E1}.Debug|x64.Build.0 = Debug|Any CPU
		{BA03F069-6A26-45D1-8B05-6E61E3D9D1E1}.Debug|x86.ActiveCfg = Debug|Any CPU
		{BA03F069-6A26-45D1-8B05-6E61E3D9D1E1}.Debug|x86.Build.0 = Debug|Any CPU
		{BA03F069-6A26-45D1-8B05-6E61E3D9D1E1}.Release|Any CPU.ActiveCfg = Release|Any CPU
		{BA03F069-6A26-45D1-8B05-6E61E3D9D1E1}.Release|Any CPU.Build.0 = Release|Any CPU
		{BA03F069-6A26-45D1-8B05-6E61E3D9D1E1}.Release|x64.ActiveCfg = Release|Any CPU
		{BA03F069-6A26-45D1-8B05-6E61E3D9D1E1}.Release|x64.Build.0 = Release|Any CPU
		{BA03F069-6A26-45D1-8B05-6E61E3D9D1E1}.Release|x86.ActiveCfg = Release|Any CPU
		{BA03F069-6A26-45D1-8B05-6E61E3D9D1E1}.Release|x86.Build.0 = Release|Any CPU
		{643CA26B-B80E-4E6A-AAE4-BCEC021D2AA0}.Debug|Any CPU.ActiveCfg = Debug|Any CPU
		{643CA26B-B80E-4E6A-AAE4-BCEC021D2AA0}.Debug|Any CPU.Build.0 = Debug|Any CPU
		{643CA26B-B80E-4E6A-AAE4-BCEC021D2AA0}.Debug|x64.ActiveCfg = Debug|Any CPU
		{643CA26B-B80E-4E6A-AAE4-BCEC021D2AA0}.Debug|x64.Build.0 = Debug|Any CPU
		{643CA26B-B80E-4E6A-AAE4-BCEC021D2AA0}.Debug|x86.ActiveCfg = Debug|Any CPU
		{643CA26B-B80E-4E6A-AAE4-BCEC021D2AA0}.Debug|x86.Build.0 = Debug|Any CPU
		{643CA26B-B80E-4E6A-AAE4-BCEC021D2AA0}.Release|Any CPU.ActiveCfg = Release|Any CPU
		{643CA26B-B80E-4E6A-AAE4-BCEC021D2AA0}.Release|Any CPU.Build.0 = Release|Any CPU
		{643CA26B-B80E-4E6A-AAE4-BCEC021D2AA0}.Release|x64.ActiveCfg = Release|Any CPU
		{643CA26B-B80E-4E6A-AAE4-BCEC021D2AA0}.Release|x64.Build.0 = Release|Any CPU
		{643CA26B-B80E-4E6A-AAE4-BCEC021D2AA0}.Release|x86.ActiveCfg = Release|Any CPU
		{643CA26B-B80E-4E6A-AAE4-BCEC021D2AA0}.Release|x86.Build.0 = Release|Any CPU
		{4237AD33-596A-4B35-826A-B4E71461820F}.Debug|Any CPU.ActiveCfg = Debug|Any CPU
		{4237AD33-596A-4B35-826A-B4E71461820F}.Debug|Any CPU.Build.0 = Debug|Any CPU
		{4237AD33-596A-4B35-826A-B4E71461820F}.Debug|x64.ActiveCfg = Debug|Any CPU
		{4237AD33-596A-4B35-826A-B4E71461820F}.Debug|x64.Build.0 = Debug|Any CPU
		{4237AD33-596A-4B35-826A-B4E71461820F}.Debug|x86.ActiveCfg = Debug|Any CPU
		{4237AD33-596A-4B35-826A-B4E71461820F}.Debug|x86.Build.0 = Debug|Any CPU
		{4237AD33-596A-4B35-826A-B4E71461820F}.Release|Any CPU.ActiveCfg = Release|Any CPU
		{4237AD33-596A-4B35-826A-B4E71461820F}.Release|Any CPU.Build.0 = Release|Any CPU
		{4237AD33-596A-4B35-826A-B4E71461820F}.Release|x64.ActiveCfg = Release|Any CPU
		{4237AD33-596A-4B35-826A-B4E71461820F}.Release|x64.Build.0 = Release|Any CPU
		{4237AD33-596A-4B35-826A-B4E71461820F}.Release|x86.ActiveCfg = Release|Any CPU
		{4237AD33-596A-4B35-826A-B4E71461820F}.Release|x86.Build.0 = Release|Any CPU
		{F059E362-20A2-472B-82CA-E727D31AC0C7}.Debug|Any CPU.ActiveCfg = Debug|Any CPU
		{F059E362-20A2-472B-82CA-E727D31AC0C7}.Debug|Any CPU.Build.0 = Debug|Any CPU
		{F059E362-20A2-472B-82CA-E727D31AC0C7}.Debug|x64.ActiveCfg = Debug|Any CPU
		{F059E362-20A2-472B-82CA-E727D31AC0C7}.Debug|x64.Build.0 = Debug|Any CPU
		{F059E362-20A2-472B-82CA-E727D31AC0C7}.Debug|x86.ActiveCfg = Debug|Any CPU
		{F059E362-20A2-472B-82CA-E727D31AC0C7}.Debug|x86.Build.0 = Debug|Any CPU
		{F059E362-20A2-472B-82CA-E727D31AC0C7}.Release|Any CPU.ActiveCfg = Release|Any CPU
		{F059E362-20A2-472B-82CA-E727D31AC0C7}.Release|Any CPU.Build.0 = Release|Any CPU
		{F059E362-20A2-472B-82CA-E727D31AC0C7}.Release|x64.ActiveCfg = Release|Any CPU
		{F059E362-20A2-472B-82CA-E727D31AC0C7}.Release|x64.Build.0 = Release|Any CPU
		{F059E362-20A2-472B-82CA-E727D31AC0C7}.Release|x86.ActiveCfg = Release|Any CPU
		{F059E362-20A2-472B-82CA-E727D31AC0C7}.Release|x86.Build.0 = Release|Any CPU
		{2A00C747-8BC0-4EF1-A53E-37A7E156D910}.Debug|Any CPU.ActiveCfg = Debug|Any CPU
		{2A00C747-8BC0-4EF1-A53E-37A7E156D910}.Debug|Any CPU.Build.0 = Debug|Any CPU
		{2A00C747-8BC0-4EF1-A53E-37A7E156D910}.Debug|x64.ActiveCfg = Debug|Any CPU
		{2A00C747-8BC0-4EF1-A53E-37A7E156D910}.Debug|x64.Build.0 = Debug|Any CPU
		{2A00C747-8BC0-4EF1-A53E-37A7E156D910}.Debug|x86.ActiveCfg = Debug|Any CPU
		{2A00C747-8BC0-4EF1-A53E-37A7E156D910}.Debug|x86.Build.0 = Debug|Any CPU
		{2A00C747-8BC0-4EF1-A53E-37A7E156D910}.Release|Any CPU.ActiveCfg = Release|Any CPU
		{2A00C747-8BC0-4EF1-A53E-37A7E156D910}.Release|Any CPU.Build.0 = Release|Any CPU
		{2A00C747-8BC0-4EF1-A53E-37A7E156D910}.Release|x64.ActiveCfg = Release|Any CPU
		{2A00C747-8BC0-4EF1-A53E-37A7E156D910}.Release|x64.Build.0 = Release|Any CPU
		{2A00C747-8BC0-4EF1-A53E-37A7E156D910}.Release|x86.ActiveCfg = Release|Any CPU
		{2A00C747-8BC0-4EF1-A53E-37A7E156D910}.Release|x86.Build.0 = Release|Any CPU
		{22381B63-9BA0-4DF8-BDB1-EC4AE1B7470D}.Debug|Any CPU.ActiveCfg = Debug|Win32
		{22381B63-9BA0-4DF8-BDB1-EC4AE1B7470D}.Debug|x64.ActiveCfg = Debug|x64
		{22381B63-9BA0-4DF8-BDB1-EC4AE1B7470D}.Debug|x86.ActiveCfg = Debug|Win32
		{22381B63-9BA0-4DF8-BDB1-EC4AE1B7470D}.Release|Any CPU.ActiveCfg = Release|Win32
		{22381B63-9BA0-4DF8-BDB1-EC4AE1B7470D}.Release|x64.ActiveCfg = Release|x64
		{22381B63-9BA0-4DF8-BDB1-EC4AE1B7470D}.Release|x86.ActiveCfg = Release|Win32
		{75126704-A03B-4AA2-B182-189263397E8F}.Debug|Any CPU.ActiveCfg = Debug|Win32
		{75126704-A03B-4AA2-B182-189263397E8F}.Debug|x64.ActiveCfg = Debug|x64
		{75126704-A03B-4AA2-B182-189263397E8F}.Debug|x86.ActiveCfg = Debug|Win32
		{75126704-A03B-4AA2-B182-189263397E8F}.Release|Any CPU.ActiveCfg = Release|x64
		{75126704-A03B-4AA2-B182-189263397E8F}.Release|x64.ActiveCfg = Release|x64
		{75126704-A03B-4AA2-B182-189263397E8F}.Release|x86.ActiveCfg = Release|Win32
		{8D07769D-0AAE-4224-AECB-DF68567F6B00}.Debug|Any CPU.ActiveCfg = Debug|Any CPU
		{8D07769D-0AAE-4224-AECB-DF68567F6B00}.Debug|Any CPU.Build.0 = Debug|Any CPU
		{8D07769D-0AAE-4224-AECB-DF68567F6B00}.Debug|x64.ActiveCfg = Debug|Any CPU
		{8D07769D-0AAE-4224-AECB-DF68567F6B00}.Debug|x64.Build.0 = Debug|Any CPU
		{8D07769D-0AAE-4224-AECB-DF68567F6B00}.Debug|x86.ActiveCfg = Debug|Any CPU
		{8D07769D-0AAE-4224-AECB-DF68567F6B00}.Debug|x86.Build.0 = Debug|Any CPU
		{8D07769D-0AAE-4224-AECB-DF68567F6B00}.Release|Any CPU.ActiveCfg = Release|Any CPU
		{8D07769D-0AAE-4224-AECB-DF68567F6B00}.Release|Any CPU.Build.0 = Release|Any CPU
		{8D07769D-0AAE-4224-AECB-DF68567F6B00}.Release|x64.ActiveCfg = Release|Any CPU
		{8D07769D-0AAE-4224-AECB-DF68567F6B00}.Release|x64.Build.0 = Release|Any CPU
		{8D07769D-0AAE-4224-AECB-DF68567F6B00}.Release|x86.ActiveCfg = Release|Any CPU
		{8D07769D-0AAE-4224-AECB-DF68567F6B00}.Release|x86.Build.0 = Release|Any CPU
		{BA2D505E-CED3-4FCB-A463-DAF6B77C18DE}.Debug|Any CPU.ActiveCfg = Debug|Any CPU
		{BA2D505E-CED3-4FCB-A463-DAF6B77C18DE}.Debug|Any CPU.Build.0 = Debug|Any CPU
		{BA2D505E-CED3-4FCB-A463-DAF6B77C18DE}.Debug|x64.ActiveCfg = Debug|Any CPU
		{BA2D505E-CED3-4FCB-A463-DAF6B77C18DE}.Debug|x64.Build.0 = Debug|Any CPU
		{BA2D505E-CED3-4FCB-A463-DAF6B77C18DE}.Debug|x86.ActiveCfg = Debug|Any CPU
		{BA2D505E-CED3-4FCB-A463-DAF6B77C18DE}.Debug|x86.Build.0 = Debug|Any CPU
		{BA2D505E-CED3-4FCB-A463-DAF6B77C18DE}.Release|Any CPU.ActiveCfg = Release|Any CPU
		{BA2D505E-CED3-4FCB-A463-DAF6B77C18DE}.Release|Any CPU.Build.0 = Release|Any CPU
		{BA2D505E-CED3-4FCB-A463-DAF6B77C18DE}.Release|x64.ActiveCfg = Release|Any CPU
		{BA2D505E-CED3-4FCB-A463-DAF6B77C18DE}.Release|x64.Build.0 = Release|Any CPU
		{BA2D505E-CED3-4FCB-A463-DAF6B77C18DE}.Release|x86.ActiveCfg = Release|Any CPU
		{BA2D505E-CED3-4FCB-A463-DAF6B77C18DE}.Release|x86.Build.0 = Release|Any CPU
		{7D608265-3330-4747-B5B4-9673A119FE6C}.Debug|Any CPU.ActiveCfg = Debug|Any CPU
		{7D608265-3330-4747-B5B4-9673A119FE6C}.Debug|Any CPU.Build.0 = Debug|Any CPU
		{7D608265-3330-4747-B5B4-9673A119FE6C}.Debug|x64.ActiveCfg = Debug|Any CPU
		{7D608265-3330-4747-B5B4-9673A119FE6C}.Debug|x64.Build.0 = Debug|Any CPU
		{7D608265-3330-4747-B5B4-9673A119FE6C}.Debug|x86.ActiveCfg = Debug|Any CPU
		{7D608265-3330-4747-B5B4-9673A119FE6C}.Debug|x86.Build.0 = Debug|Any CPU
		{7D608265-3330-4747-B5B4-9673A119FE6C}.Release|Any CPU.ActiveCfg = Release|Any CPU
		{7D608265-3330-4747-B5B4-9673A119FE6C}.Release|Any CPU.Build.0 = Release|Any CPU
		{7D608265-3330-4747-B5B4-9673A119FE6C}.Release|x64.ActiveCfg = Release|Any CPU
		{7D608265-3330-4747-B5B4-9673A119FE6C}.Release|x64.Build.0 = Release|Any CPU
		{7D608265-3330-4747-B5B4-9673A119FE6C}.Release|x86.ActiveCfg = Release|Any CPU
		{7D608265-3330-4747-B5B4-9673A119FE6C}.Release|x86.Build.0 = Release|Any CPU
		{A0A9C7B9-4A33-492E-BA54-8E8E600D3D66}.Debug|Any CPU.ActiveCfg = Debug|Any CPU
		{A0A9C7B9-4A33-492E-BA54-8E8E600D3D66}.Debug|Any CPU.Build.0 = Debug|Any CPU
		{A0A9C7B9-4A33-492E-BA54-8E8E600D3D66}.Debug|x64.ActiveCfg = Debug|Any CPU
		{A0A9C7B9-4A33-492E-BA54-8E8E600D3D66}.Debug|x64.Build.0 = Debug|Any CPU
		{A0A9C7B9-4A33-492E-BA54-8E8E600D3D66}.Debug|x86.ActiveCfg = Debug|Any CPU
		{A0A9C7B9-4A33-492E-BA54-8E8E600D3D66}.Debug|x86.Build.0 = Debug|Any CPU
		{A0A9C7B9-4A33-492E-BA54-8E8E600D3D66}.Release|Any CPU.ActiveCfg = Release|Any CPU
		{A0A9C7B9-4A33-492E-BA54-8E8E600D3D66}.Release|Any CPU.Build.0 = Release|Any CPU
		{A0A9C7B9-4A33-492E-BA54-8E8E600D3D66}.Release|x64.ActiveCfg = Release|Any CPU
		{A0A9C7B9-4A33-492E-BA54-8E8E600D3D66}.Release|x64.Build.0 = Release|Any CPU
		{A0A9C7B9-4A33-492E-BA54-8E8E600D3D66}.Release|x86.ActiveCfg = Release|Any CPU
		{A0A9C7B9-4A33-492E-BA54-8E8E600D3D66}.Release|x86.Build.0 = Release|Any CPU
		{7882140D-32E1-4AB5-853D-F8DED5256DC2}.Debug|Any CPU.ActiveCfg = Debug|Any CPU
		{7882140D-32E1-4AB5-853D-F8DED5256DC2}.Debug|Any CPU.Build.0 = Debug|Any CPU
		{7882140D-32E1-4AB5-853D-F8DED5256DC2}.Debug|x64.ActiveCfg = Debug|Any CPU
		{7882140D-32E1-4AB5-853D-F8DED5256DC2}.Debug|x64.Build.0 = Debug|Any CPU
		{7882140D-32E1-4AB5-853D-F8DED5256DC2}.Debug|x86.ActiveCfg = Debug|Any CPU
		{7882140D-32E1-4AB5-853D-F8DED5256DC2}.Debug|x86.Build.0 = Debug|Any CPU
		{7882140D-32E1-4AB5-853D-F8DED5256DC2}.Release|Any CPU.ActiveCfg = Release|Any CPU
		{7882140D-32E1-4AB5-853D-F8DED5256DC2}.Release|Any CPU.Build.0 = Release|Any CPU
		{7882140D-32E1-4AB5-853D-F8DED5256DC2}.Release|x64.ActiveCfg = Release|Any CPU
		{7882140D-32E1-4AB5-853D-F8DED5256DC2}.Release|x64.Build.0 = Release|Any CPU
		{7882140D-32E1-4AB5-853D-F8DED5256DC2}.Release|x86.ActiveCfg = Release|Any CPU
		{7882140D-32E1-4AB5-853D-F8DED5256DC2}.Release|x86.Build.0 = Release|Any CPU
		{3E905528-D87C-4552-A32D-66BF90D14DB0}.Debug|Any CPU.ActiveCfg = Debug|Any CPU
		{3E905528-D87C-4552-A32D-66BF90D14DB0}.Debug|Any CPU.Build.0 = Debug|Any CPU
		{3E905528-D87C-4552-A32D-66BF90D14DB0}.Debug|x64.ActiveCfg = Debug|Any CPU
		{3E905528-D87C-4552-A32D-66BF90D14DB0}.Debug|x64.Build.0 = Debug|Any CPU
		{3E905528-D87C-4552-A32D-66BF90D14DB0}.Debug|x86.ActiveCfg = Debug|Any CPU
		{3E905528-D87C-4552-A32D-66BF90D14DB0}.Debug|x86.Build.0 = Debug|Any CPU
		{3E905528-D87C-4552-A32D-66BF90D14DB0}.Release|Any CPU.ActiveCfg = Release|Any CPU
		{3E905528-D87C-4552-A32D-66BF90D14DB0}.Release|Any CPU.Build.0 = Release|Any CPU
		{3E905528-D87C-4552-A32D-66BF90D14DB0}.Release|x64.ActiveCfg = Release|Any CPU
		{3E905528-D87C-4552-A32D-66BF90D14DB0}.Release|x64.Build.0 = Release|Any CPU
		{3E905528-D87C-4552-A32D-66BF90D14DB0}.Release|x86.ActiveCfg = Release|Any CPU
		{3E905528-D87C-4552-A32D-66BF90D14DB0}.Release|x86.Build.0 = Release|Any CPU
		{9E4D6072-C8DE-475A-B9A7-4B6BF6EEEAEB}.Debug|Any CPU.ActiveCfg = Debug|Any CPU
		{9E4D6072-C8DE-475A-B9A7-4B6BF6EEEAEB}.Debug|Any CPU.Build.0 = Debug|Any CPU
		{9E4D6072-C8DE-475A-B9A7-4B6BF6EEEAEB}.Debug|x64.ActiveCfg = Debug|Any CPU
		{9E4D6072-C8DE-475A-B9A7-4B6BF6EEEAEB}.Debug|x64.Build.0 = Debug|Any CPU
		{9E4D6072-C8DE-475A-B9A7-4B6BF6EEEAEB}.Debug|x86.ActiveCfg = Debug|Any CPU
		{9E4D6072-C8DE-475A-B9A7-4B6BF6EEEAEB}.Debug|x86.Build.0 = Debug|Any CPU
		{9E4D6072-C8DE-475A-B9A7-4B6BF6EEEAEB}.Release|Any CPU.ActiveCfg = Release|Any CPU
		{9E4D6072-C8DE-475A-B9A7-4B6BF6EEEAEB}.Release|Any CPU.Build.0 = Release|Any CPU
		{9E4D6072-C8DE-475A-B9A7-4B6BF6EEEAEB}.Release|x64.ActiveCfg = Release|Any CPU
		{9E4D6072-C8DE-475A-B9A7-4B6BF6EEEAEB}.Release|x64.Build.0 = Release|Any CPU
		{9E4D6072-C8DE-475A-B9A7-4B6BF6EEEAEB}.Release|x86.ActiveCfg = Release|Any CPU
		{9E4D6072-C8DE-475A-B9A7-4B6BF6EEEAEB}.Release|x86.Build.0 = Release|Any CPU
		{686E902E-0C23-4396-8887-6D9219EF8D27}.Debug|Any CPU.ActiveCfg = Debug|Any CPU
		{686E902E-0C23-4396-8887-6D9219EF8D27}.Debug|Any CPU.Build.0 = Debug|Any CPU
		{686E902E-0C23-4396-8887-6D9219EF8D27}.Debug|x64.ActiveCfg = Debug|Any CPU
		{686E902E-0C23-4396-8887-6D9219EF8D27}.Debug|x64.Build.0 = Debug|Any CPU
		{686E902E-0C23-4396-8887-6D9219EF8D27}.Debug|x86.ActiveCfg = Debug|Any CPU
		{686E902E-0C23-4396-8887-6D9219EF8D27}.Debug|x86.Build.0 = Debug|Any CPU
		{686E902E-0C23-4396-8887-6D9219EF8D27}.Release|Any CPU.ActiveCfg = Release|Any CPU
		{686E902E-0C23-4396-8887-6D9219EF8D27}.Release|Any CPU.Build.0 = Release|Any CPU
		{686E902E-0C23-4396-8887-6D9219EF8D27}.Release|x64.ActiveCfg = Release|Any CPU
		{686E902E-0C23-4396-8887-6D9219EF8D27}.Release|x64.Build.0 = Release|Any CPU
		{686E902E-0C23-4396-8887-6D9219EF8D27}.Release|x86.ActiveCfg = Release|Any CPU
		{686E902E-0C23-4396-8887-6D9219EF8D27}.Release|x86.Build.0 = Release|Any CPU
		{8EE4A9C6-AA93-4A84-8EAB-4EC955DD6851}.Debug|Any CPU.ActiveCfg = Debug|Any CPU
		{8EE4A9C6-AA93-4A84-8EAB-4EC955DD6851}.Debug|Any CPU.Build.0 = Debug|Any CPU
		{8EE4A9C6-AA93-4A84-8EAB-4EC955DD6851}.Debug|x64.ActiveCfg = Debug|Any CPU
		{8EE4A9C6-AA93-4A84-8EAB-4EC955DD6851}.Debug|x64.Build.0 = Debug|Any CPU
		{8EE4A9C6-AA93-4A84-8EAB-4EC955DD6851}.Debug|x86.ActiveCfg = Debug|Any CPU
		{8EE4A9C6-AA93-4A84-8EAB-4EC955DD6851}.Debug|x86.Build.0 = Debug|Any CPU
		{8EE4A9C6-AA93-4A84-8EAB-4EC955DD6851}.Release|Any CPU.ActiveCfg = Release|Any CPU
		{8EE4A9C6-AA93-4A84-8EAB-4EC955DD6851}.Release|Any CPU.Build.0 = Release|Any CPU
		{8EE4A9C6-AA93-4A84-8EAB-4EC955DD6851}.Release|x64.ActiveCfg = Release|Any CPU
		{8EE4A9C6-AA93-4A84-8EAB-4EC955DD6851}.Release|x64.Build.0 = Release|Any CPU
		{8EE4A9C6-AA93-4A84-8EAB-4EC955DD6851}.Release|x86.ActiveCfg = Release|Any CPU
		{8EE4A9C6-AA93-4A84-8EAB-4EC955DD6851}.Release|x86.Build.0 = Release|Any CPU
		{80A71107-9C8E-47B2-B743-58D5976B38FB}.Debug|Any CPU.ActiveCfg = Debug|Any CPU
		{80A71107-9C8E-47B2-B743-58D5976B38FB}.Debug|Any CPU.Build.0 = Debug|Any CPU
		{80A71107-9C8E-47B2-B743-58D5976B38FB}.Debug|x64.ActiveCfg = Debug|Any CPU
		{80A71107-9C8E-47B2-B743-58D5976B38FB}.Debug|x64.Build.0 = Debug|Any CPU
		{80A71107-9C8E-47B2-B743-58D5976B38FB}.Debug|x86.ActiveCfg = Debug|Any CPU
		{80A71107-9C8E-47B2-B743-58D5976B38FB}.Debug|x86.Build.0 = Debug|Any CPU
		{80A71107-9C8E-47B2-B743-58D5976B38FB}.Release|Any CPU.ActiveCfg = Release|Any CPU
		{80A71107-9C8E-47B2-B743-58D5976B38FB}.Release|Any CPU.Build.0 = Release|Any CPU
		{80A71107-9C8E-47B2-B743-58D5976B38FB}.Release|x64.ActiveCfg = Release|Any CPU
		{80A71107-9C8E-47B2-B743-58D5976B38FB}.Release|x64.Build.0 = Release|Any CPU
		{80A71107-9C8E-47B2-B743-58D5976B38FB}.Release|x86.ActiveCfg = Release|Any CPU
		{80A71107-9C8E-47B2-B743-58D5976B38FB}.Release|x86.Build.0 = Release|Any CPU
		{C0D6E7EC-29AF-4FC2-B8E0-1E5D083B55DD}.Debug|Any CPU.ActiveCfg = Debug|Any CPU
		{C0D6E7EC-29AF-4FC2-B8E0-1E5D083B55DD}.Debug|Any CPU.Build.0 = Debug|Any CPU
		{C0D6E7EC-29AF-4FC2-B8E0-1E5D083B55DD}.Debug|x64.ActiveCfg = Debug|Any CPU
		{C0D6E7EC-29AF-4FC2-B8E0-1E5D083B55DD}.Debug|x64.Build.0 = Debug|Any CPU
		{C0D6E7EC-29AF-4FC2-B8E0-1E5D083B55DD}.Debug|x86.ActiveCfg = Debug|Any CPU
		{C0D6E7EC-29AF-4FC2-B8E0-1E5D083B55DD}.Debug|x86.Build.0 = Debug|Any CPU
		{C0D6E7EC-29AF-4FC2-B8E0-1E5D083B55DD}.Release|Any CPU.ActiveCfg = Release|Any CPU
		{C0D6E7EC-29AF-4FC2-B8E0-1E5D083B55DD}.Release|Any CPU.Build.0 = Release|Any CPU
		{C0D6E7EC-29AF-4FC2-B8E0-1E5D083B55DD}.Release|x64.ActiveCfg = Release|Any CPU
		{C0D6E7EC-29AF-4FC2-B8E0-1E5D083B55DD}.Release|x64.Build.0 = Release|Any CPU
		{C0D6E7EC-29AF-4FC2-B8E0-1E5D083B55DD}.Release|x86.ActiveCfg = Release|Any CPU
		{C0D6E7EC-29AF-4FC2-B8E0-1E5D083B55DD}.Release|x86.Build.0 = Release|Any CPU
		{168C5EC3-FF08-402F-8D70-F216CB04DE81}.Debug|Any CPU.ActiveCfg = Debug|Any CPU
		{168C5EC3-FF08-402F-8D70-F216CB04DE81}.Debug|Any CPU.Build.0 = Debug|Any CPU
		{168C5EC3-FF08-402F-8D70-F216CB04DE81}.Debug|x64.ActiveCfg = Debug|Any CPU
		{168C5EC3-FF08-402F-8D70-F216CB04DE81}.Debug|x64.Build.0 = Debug|Any CPU
		{168C5EC3-FF08-402F-8D70-F216CB04DE81}.Debug|x86.ActiveCfg = Debug|Any CPU
		{168C5EC3-FF08-402F-8D70-F216CB04DE81}.Debug|x86.Build.0 = Debug|Any CPU
		{168C5EC3-FF08-402F-8D70-F216CB04DE81}.Release|Any CPU.ActiveCfg = Release|Any CPU
		{168C5EC3-FF08-402F-8D70-F216CB04DE81}.Release|Any CPU.Build.0 = Release|Any CPU
		{168C5EC3-FF08-402F-8D70-F216CB04DE81}.Release|x64.ActiveCfg = Release|Any CPU
		{168C5EC3-FF08-402F-8D70-F216CB04DE81}.Release|x64.Build.0 = Release|Any CPU
		{168C5EC3-FF08-402F-8D70-F216CB04DE81}.Release|x86.ActiveCfg = Release|Any CPU
		{168C5EC3-FF08-402F-8D70-F216CB04DE81}.Release|x86.Build.0 = Release|Any CPU
		{7318548D-B8F2-4ED3-8B3E-F61DD8B552D1}.Debug|Any CPU.ActiveCfg = Debug|Any CPU
		{7318548D-B8F2-4ED3-8B3E-F61DD8B552D1}.Debug|Any CPU.Build.0 = Debug|Any CPU
		{7318548D-B8F2-4ED3-8B3E-F61DD8B552D1}.Debug|x64.ActiveCfg = Debug|Any CPU
		{7318548D-B8F2-4ED3-8B3E-F61DD8B552D1}.Debug|x64.Build.0 = Debug|Any CPU
		{7318548D-B8F2-4ED3-8B3E-F61DD8B552D1}.Debug|x86.ActiveCfg = Debug|Any CPU
		{7318548D-B8F2-4ED3-8B3E-F61DD8B552D1}.Debug|x86.Build.0 = Debug|Any CPU
		{7318548D-B8F2-4ED3-8B3E-F61DD8B552D1}.Release|Any CPU.ActiveCfg = Release|Any CPU
		{7318548D-B8F2-4ED3-8B3E-F61DD8B552D1}.Release|Any CPU.Build.0 = Release|Any CPU
		{7318548D-B8F2-4ED3-8B3E-F61DD8B552D1}.Release|x64.ActiveCfg = Release|Any CPU
		{7318548D-B8F2-4ED3-8B3E-F61DD8B552D1}.Release|x64.Build.0 = Release|Any CPU
		{7318548D-B8F2-4ED3-8B3E-F61DD8B552D1}.Release|x86.ActiveCfg = Release|Any CPU
		{7318548D-B8F2-4ED3-8B3E-F61DD8B552D1}.Release|x86.Build.0 = Release|Any CPU
		{A2B4BEC3-7430-489E-BE6B-F1E8205A7C62}.Debug|Any CPU.ActiveCfg = Debug|Any CPU
		{A2B4BEC3-7430-489E-BE6B-F1E8205A7C62}.Debug|x64.ActiveCfg = Debug|Any CPU
		{A2B4BEC3-7430-489E-BE6B-F1E8205A7C62}.Debug|x64.Build.0 = Debug|Any CPU
		{A2B4BEC3-7430-489E-BE6B-F1E8205A7C62}.Debug|x86.ActiveCfg = Debug|Any CPU
		{A2B4BEC3-7430-489E-BE6B-F1E8205A7C62}.Debug|x86.Build.0 = Debug|Any CPU
		{A2B4BEC3-7430-489E-BE6B-F1E8205A7C62}.Release|Any CPU.ActiveCfg = Release|Any CPU
		{A2B4BEC3-7430-489E-BE6B-F1E8205A7C62}.Release|x64.ActiveCfg = Release|Any CPU
		{A2B4BEC3-7430-489E-BE6B-F1E8205A7C62}.Release|x64.Build.0 = Release|Any CPU
		{A2B4BEC3-7430-489E-BE6B-F1E8205A7C62}.Release|x86.ActiveCfg = Release|Any CPU
		{A2B4BEC3-7430-489E-BE6B-F1E8205A7C62}.Release|x86.Build.0 = Release|Any CPU
		{B7B19A7B-5A20-4690-81F4-83002CA064FB}.Debug|Any CPU.ActiveCfg = Debug|Any CPU
		{B7B19A7B-5A20-4690-81F4-83002CA064FB}.Debug|Any CPU.Build.0 = Debug|Any CPU
		{B7B19A7B-5A20-4690-81F4-83002CA064FB}.Debug|x64.ActiveCfg = Debug|Any CPU
		{B7B19A7B-5A20-4690-81F4-83002CA064FB}.Debug|x64.Build.0 = Debug|Any CPU
		{B7B19A7B-5A20-4690-81F4-83002CA064FB}.Debug|x86.ActiveCfg = Debug|Any CPU
		{B7B19A7B-5A20-4690-81F4-83002CA064FB}.Debug|x86.Build.0 = Debug|Any CPU
		{B7B19A7B-5A20-4690-81F4-83002CA064FB}.Release|Any CPU.ActiveCfg = Release|Any CPU
		{B7B19A7B-5A20-4690-81F4-83002CA064FB}.Release|Any CPU.Build.0 = Release|Any CPU
		{B7B19A7B-5A20-4690-81F4-83002CA064FB}.Release|x64.ActiveCfg = Release|Any CPU
		{B7B19A7B-5A20-4690-81F4-83002CA064FB}.Release|x64.Build.0 = Release|Any CPU
		{B7B19A7B-5A20-4690-81F4-83002CA064FB}.Release|x86.ActiveCfg = Release|Any CPU
		{B7B19A7B-5A20-4690-81F4-83002CA064FB}.Release|x86.Build.0 = Release|Any CPU
	EndGlobalSection
	GlobalSection(SolutionProperties) = preSolution
		HideSolutionNode = FALSE
	EndGlobalSection
	GlobalSection(NestedProjects) = preSolution
		{FA0D86B4-2B86-4DFE-B7E6-7C809DB74A13} = {A592E157-F76B-49CE-A5A4-EF130CDD757F}
		{7F48FD5C-A4C6-496A-B68E-265237C22330} = {A592E157-F76B-49CE-A5A4-EF130CDD757F}
		{7D658974-C38C-421F-8186-B735F06CFC58} = {A592E157-F76B-49CE-A5A4-EF130CDD757F}
		{5F2931B6-9A77-4F94-80CD-BC9B9A0C64BF} = {A592E157-F76B-49CE-A5A4-EF130CDD757F}
		{24E940FF-C9F3-4D5C-8FCF-CA527F055318} = {A592E157-F76B-49CE-A5A4-EF130CDD757F}
		{4290C007-2142-4AD1-8EB6-F80EF2F45AA4} = {A592E157-F76B-49CE-A5A4-EF130CDD757F}
		{A16637C2-2D91-4953-AE04-D91EC188DD7B} = {A592E157-F76B-49CE-A5A4-EF130CDD757F}
		{A0DA4200-6643-4F2C-8450-65B8CE8A5576} = {A592E157-F76B-49CE-A5A4-EF130CDD757F}
		{C4E97B08-345A-423B-BD4C-76593D1401B6} = {A592E157-F76B-49CE-A5A4-EF130CDD757F}
		{4237AD33-596A-4B35-826A-B4E71461820F} = {A592E157-F76B-49CE-A5A4-EF130CDD757F}
		{F059E362-20A2-472B-82CA-E727D31AC0C7} = {A592E157-F76B-49CE-A5A4-EF130CDD757F}
		{7D608265-3330-4747-B5B4-9673A119FE6C} = {A592E157-F76B-49CE-A5A4-EF130CDD757F}
		{3E905528-D87C-4552-A32D-66BF90D14DB0} = {DCDB1771-1943-4459-8040-F001758E6E1E}
		{9E4D6072-C8DE-475A-B9A7-4B6BF6EEEAEB} = {DCDB1771-1943-4459-8040-F001758E6E1E}
		{686E902E-0C23-4396-8887-6D9219EF8D27} = {DCDB1771-1943-4459-8040-F001758E6E1E}
		{8EE4A9C6-AA93-4A84-8EAB-4EC955DD6851} = {95E8A2C3-A9CF-4911-83AB-74498B7D1528}
		{80A71107-9C8E-47B2-B743-58D5976B38FB} = {95E8A2C3-A9CF-4911-83AB-74498B7D1528}
		{C0D6E7EC-29AF-4FC2-B8E0-1E5D083B55DD} = {95E8A2C3-A9CF-4911-83AB-74498B7D1528}
		{168C5EC3-FF08-402F-8D70-F216CB04DE81} = {DCDB1771-1943-4459-8040-F001758E6E1E}
		{7318548D-B8F2-4ED3-8B3E-F61DD8B552D1} = {95E8A2C3-A9CF-4911-83AB-74498B7D1528}
		{A2B4BEC3-7430-489E-BE6B-F1E8205A7C62} = {A592E157-F76B-49CE-A5A4-EF130CDD757F}
	EndGlobalSection
	GlobalSection(ExtensibilityGlobals) = postSolution
		SolutionGuid = {5CFD3EA5-ADCA-48F0-9E3F-BBC76CCBF1C2}
	EndGlobalSection
EndGlobal
